
Microsoft Visual Studio Solution File, Format Version 12.00
# Visual Studio Version 17
VisualStudioVersion = 17.1.32414.318
MinimumVisualStudioVersion = 10.0.40219.1
Project("{2150E333-8FDC-42A3-9474-1A3956D46DE8}") = "Cartography", "Cartography", "{6643A3E0-7CD4-4BCE-84BD-0B24B1720DC2}"
EndProject
Project("{2150E333-8FDC-42A3-9474-1A3956D46DE8}") = "Samples", "Samples", "{057F7FC6-3201-4671-A9CF-87CFF6EC233E}"
EndProject
Project("{FAE04EC0-301F-11D3-BF4B-00C04F79EFBC}") = "Samples.Droid", "Samples\Samples\Samples.Droid\Samples.Droid.csproj", "{5D877D72-CD00-48D4-8D31-543BB08C04EA}"
EndProject
Project("{FAE04EC0-301F-11D3-BF4B-00C04F79EFBC}") = "Samples.iOS", "Samples\Samples\Samples.iOS\Samples.iOS.csproj", "{409F6E1D-0878-43DD-B984-92DF1B13D58E}"
EndProject
Project("{D954291E-2A0B-460D-934E-DC6B0785DB48}") = "Samples.Shared", "Samples\Samples\Samples.Shared\Samples.Shared.shproj", "{6279C845-92F8-4333-AB99-3D213163593C}"
EndProject
Project("{FAE04EC0-301F-11D3-BF4B-00C04F79EFBC}") = "Samples.UWP", "Samples\Samples\Samples.UWP\Samples.UWP.csproj", "{09933A00-6DD0-4027-8310-29D9ACF07537}"
EndProject
Project("{9A19103F-16F7-4668-BE54-9A1E7A4F7556}") = "Cartography.MapService.WinUI", "src\Cartography\Cartography.MapService.WinUI\Cartography.MapService.WinUI.csproj", "{59385958-20F7-4478-9E3A-BB7935A83F5B}"
EndProject
Project("{9A19103F-16F7-4668-BE54-9A1E7A4F7556}") = "Cartography.DynamicMap.WinUI", "src\Cartography\Cartography.DynamicMap.WinUI\Cartography.DynamicMap.WinUI.csproj", "{EE71AB45-399C-417C-8D54-BE12566014C7}"
EndProject
Project("{D954291E-2A0B-460D-934E-DC6B0785DB48}") = "Cartography.DynamicMap.Shared", "src\Cartography\Cartography.DynamicMap.Shared\Cartography.DynamicMap.Shared.shproj", "{6121615B-AA46-4035-BD88-967F2662137D}"
EndProject
Project("{D954291E-2A0B-460D-934E-DC6B0785DB48}") = "Cartography.MapService.Shared", "src\Cartography\Cartography.MapService.Shared\Cartography.MapService.Shared.shproj", "{76013D8E-0C47-4056-9D53-CDB9ACB322BE}"
EndProject
Project("{D954291E-2A0B-460D-934E-DC6B0785DB48}") = "Cartography.StaticMap.Shared", "src\Cartography\Cartography.StaticMap.Shared\Cartography.StaticMap.Shared.shproj", "{3D7B5A9E-5B8F-4E83-9564-8CCD331B7400}"
EndProject
Project("{9A19103F-16F7-4668-BE54-9A1E7A4F7556}") = "Cartography.StaticMap.WinUI", "src\Cartography\Cartography.StaticMap.WinUI\Cartography.StaticMap.WinUI.csproj", "{A75D9F8D-881B-4AC0-8756-57893E791C8B}"
EndProject
Global
	GlobalSection(SolutionConfigurationPlatforms) = preSolution
		Ad-Hoc|Any CPU = Ad-Hoc|Any CPU
		Ad-Hoc|ARM = Ad-Hoc|ARM
		Ad-Hoc|ARM64 = Ad-Hoc|ARM64
		Ad-Hoc|iPhone = Ad-Hoc|iPhone
		Ad-Hoc|iPhoneSimulator = Ad-Hoc|iPhoneSimulator
		Ad-Hoc|NuGet = Ad-Hoc|NuGet
		Ad-Hoc|x64 = Ad-Hoc|x64
		Ad-Hoc|x86 = Ad-Hoc|x86
		AppStore|Any CPU = AppStore|Any CPU
		AppStore|ARM = AppStore|ARM
		AppStore|ARM64 = AppStore|ARM64
		AppStore|iPhone = AppStore|iPhone
		AppStore|iPhoneSimulator = AppStore|iPhoneSimulator
		AppStore|NuGet = AppStore|NuGet
		AppStore|x64 = AppStore|x64
		AppStore|x86 = AppStore|x86
		Debug|Any CPU = Debug|Any CPU
		Debug|ARM = Debug|ARM
		Debug|ARM64 = Debug|ARM64
		Debug|iPhone = Debug|iPhone
		Debug|iPhoneSimulator = Debug|iPhoneSimulator
		Debug|NuGet = Debug|NuGet
		Debug|x64 = Debug|x64
		Debug|x86 = Debug|x86
		Release|Any CPU = Release|Any CPU
		Release|ARM = Release|ARM
		Release|ARM64 = Release|ARM64
		Release|iPhone = Release|iPhone
		Release|iPhoneSimulator = Release|iPhoneSimulator
		Release|NuGet = Release|NuGet
		Release|x64 = Release|x64
		Release|x86 = Release|x86
	EndGlobalSection
	GlobalSection(ProjectConfigurationPlatforms) = postSolution
		{5D877D72-CD00-48D4-8D31-543BB08C04EA}.Ad-Hoc|Any CPU.ActiveCfg = Debug|Any CPU
		{5D877D72-CD00-48D4-8D31-543BB08C04EA}.Ad-Hoc|Any CPU.Build.0 = Debug|Any CPU
		{5D877D72-CD00-48D4-8D31-543BB08C04EA}.Ad-Hoc|Any CPU.Deploy.0 = Debug|Any CPU
		{5D877D72-CD00-48D4-8D31-543BB08C04EA}.Ad-Hoc|ARM.ActiveCfg = Debug|Any CPU
		{5D877D72-CD00-48D4-8D31-543BB08C04EA}.Ad-Hoc|ARM.Build.0 = Debug|Any CPU
		{5D877D72-CD00-48D4-8D31-543BB08C04EA}.Ad-Hoc|ARM.Deploy.0 = Debug|Any CPU
		{5D877D72-CD00-48D4-8D31-543BB08C04EA}.Ad-Hoc|ARM64.ActiveCfg = Debug|Any CPU
		{5D877D72-CD00-48D4-8D31-543BB08C04EA}.Ad-Hoc|ARM64.Build.0 = Debug|Any CPU
		{5D877D72-CD00-48D4-8D31-543BB08C04EA}.Ad-Hoc|ARM64.Deploy.0 = Debug|Any CPU
		{5D877D72-CD00-48D4-8D31-543BB08C04EA}.Ad-Hoc|iPhone.ActiveCfg = Debug|Any CPU
		{5D877D72-CD00-48D4-8D31-543BB08C04EA}.Ad-Hoc|iPhone.Build.0 = Debug|Any CPU
		{5D877D72-CD00-48D4-8D31-543BB08C04EA}.Ad-Hoc|iPhone.Deploy.0 = Debug|Any CPU
		{5D877D72-CD00-48D4-8D31-543BB08C04EA}.Ad-Hoc|iPhoneSimulator.ActiveCfg = Debug|Any CPU
		{5D877D72-CD00-48D4-8D31-543BB08C04EA}.Ad-Hoc|iPhoneSimulator.Build.0 = Debug|Any CPU
		{5D877D72-CD00-48D4-8D31-543BB08C04EA}.Ad-Hoc|iPhoneSimulator.Deploy.0 = Debug|Any CPU
		{5D877D72-CD00-48D4-8D31-543BB08C04EA}.Ad-Hoc|NuGet.ActiveCfg = Release|Any CPU
		{5D877D72-CD00-48D4-8D31-543BB08C04EA}.Ad-Hoc|x64.ActiveCfg = Debug|Any CPU
		{5D877D72-CD00-48D4-8D31-543BB08C04EA}.Ad-Hoc|x64.Build.0 = Debug|Any CPU
		{5D877D72-CD00-48D4-8D31-543BB08C04EA}.Ad-Hoc|x64.Deploy.0 = Debug|Any CPU
		{5D877D72-CD00-48D4-8D31-543BB08C04EA}.Ad-Hoc|x86.ActiveCfg = Debug|Any CPU
		{5D877D72-CD00-48D4-8D31-543BB08C04EA}.Ad-Hoc|x86.Build.0 = Debug|Any CPU
		{5D877D72-CD00-48D4-8D31-543BB08C04EA}.Ad-Hoc|x86.Deploy.0 = Debug|Any CPU
		{5D877D72-CD00-48D4-8D31-543BB08C04EA}.AppStore|Any CPU.ActiveCfg = Debug|Any CPU
		{5D877D72-CD00-48D4-8D31-543BB08C04EA}.AppStore|Any CPU.Build.0 = Debug|Any CPU
		{5D877D72-CD00-48D4-8D31-543BB08C04EA}.AppStore|Any CPU.Deploy.0 = Debug|Any CPU
		{5D877D72-CD00-48D4-8D31-543BB08C04EA}.AppStore|ARM.ActiveCfg = Debug|Any CPU
		{5D877D72-CD00-48D4-8D31-543BB08C04EA}.AppStore|ARM.Build.0 = Debug|Any CPU
		{5D877D72-CD00-48D4-8D31-543BB08C04EA}.AppStore|ARM.Deploy.0 = Debug|Any CPU
		{5D877D72-CD00-48D4-8D31-543BB08C04EA}.AppStore|ARM64.ActiveCfg = Debug|Any CPU
		{5D877D72-CD00-48D4-8D31-543BB08C04EA}.AppStore|ARM64.Build.0 = Debug|Any CPU
		{5D877D72-CD00-48D4-8D31-543BB08C04EA}.AppStore|ARM64.Deploy.0 = Debug|Any CPU
		{5D877D72-CD00-48D4-8D31-543BB08C04EA}.AppStore|iPhone.ActiveCfg = Debug|Any CPU
		{5D877D72-CD00-48D4-8D31-543BB08C04EA}.AppStore|iPhone.Build.0 = Debug|Any CPU
		{5D877D72-CD00-48D4-8D31-543BB08C04EA}.AppStore|iPhone.Deploy.0 = Debug|Any CPU
		{5D877D72-CD00-48D4-8D31-543BB08C04EA}.AppStore|iPhoneSimulator.ActiveCfg = Debug|Any CPU
		{5D877D72-CD00-48D4-8D31-543BB08C04EA}.AppStore|iPhoneSimulator.Build.0 = Debug|Any CPU
		{5D877D72-CD00-48D4-8D31-543BB08C04EA}.AppStore|iPhoneSimulator.Deploy.0 = Debug|Any CPU
		{5D877D72-CD00-48D4-8D31-543BB08C04EA}.AppStore|NuGet.ActiveCfg = Release|Any CPU
		{5D877D72-CD00-48D4-8D31-543BB08C04EA}.AppStore|x64.ActiveCfg = Debug|Any CPU
		{5D877D72-CD00-48D4-8D31-543BB08C04EA}.AppStore|x64.Build.0 = Debug|Any CPU
		{5D877D72-CD00-48D4-8D31-543BB08C04EA}.AppStore|x64.Deploy.0 = Debug|Any CPU
		{5D877D72-CD00-48D4-8D31-543BB08C04EA}.AppStore|x86.ActiveCfg = Debug|Any CPU
		{5D877D72-CD00-48D4-8D31-543BB08C04EA}.AppStore|x86.Build.0 = Debug|Any CPU
		{5D877D72-CD00-48D4-8D31-543BB08C04EA}.AppStore|x86.Deploy.0 = Debug|Any CPU
		{5D877D72-CD00-48D4-8D31-543BB08C04EA}.Debug|Any CPU.ActiveCfg = Debug|Any CPU
		{5D877D72-CD00-48D4-8D31-543BB08C04EA}.Debug|Any CPU.Build.0 = Debug|Any CPU
		{5D877D72-CD00-48D4-8D31-543BB08C04EA}.Debug|Any CPU.Deploy.0 = Debug|Any CPU
		{5D877D72-CD00-48D4-8D31-543BB08C04EA}.Debug|ARM.ActiveCfg = Debug|Any CPU
		{5D877D72-CD00-48D4-8D31-543BB08C04EA}.Debug|ARM.Build.0 = Debug|Any CPU
		{5D877D72-CD00-48D4-8D31-543BB08C04EA}.Debug|ARM.Deploy.0 = Debug|Any CPU
		{5D877D72-CD00-48D4-8D31-543BB08C04EA}.Debug|ARM64.ActiveCfg = Debug|Any CPU
		{5D877D72-CD00-48D4-8D31-543BB08C04EA}.Debug|ARM64.Build.0 = Debug|Any CPU
		{5D877D72-CD00-48D4-8D31-543BB08C04EA}.Debug|ARM64.Deploy.0 = Debug|Any CPU
		{5D877D72-CD00-48D4-8D31-543BB08C04EA}.Debug|iPhone.ActiveCfg = Debug|Any CPU
		{5D877D72-CD00-48D4-8D31-543BB08C04EA}.Debug|iPhone.Build.0 = Debug|Any CPU
		{5D877D72-CD00-48D4-8D31-543BB08C04EA}.Debug|iPhone.Deploy.0 = Debug|Any CPU
		{5D877D72-CD00-48D4-8D31-543BB08C04EA}.Debug|iPhoneSimulator.ActiveCfg = Debug|Any CPU
		{5D877D72-CD00-48D4-8D31-543BB08C04EA}.Debug|iPhoneSimulator.Build.0 = Debug|Any CPU
		{5D877D72-CD00-48D4-8D31-543BB08C04EA}.Debug|iPhoneSimulator.Deploy.0 = Debug|Any CPU
		{5D877D72-CD00-48D4-8D31-543BB08C04EA}.Debug|NuGet.ActiveCfg = Debug|Any CPU
		{5D877D72-CD00-48D4-8D31-543BB08C04EA}.Debug|x64.ActiveCfg = Debug|Any CPU
		{5D877D72-CD00-48D4-8D31-543BB08C04EA}.Debug|x64.Build.0 = Debug|Any CPU
		{5D877D72-CD00-48D4-8D31-543BB08C04EA}.Debug|x64.Deploy.0 = Debug|Any CPU
		{5D877D72-CD00-48D4-8D31-543BB08C04EA}.Debug|x86.ActiveCfg = Debug|Any CPU
		{5D877D72-CD00-48D4-8D31-543BB08C04EA}.Debug|x86.Build.0 = Debug|Any CPU
		{5D877D72-CD00-48D4-8D31-543BB08C04EA}.Debug|x86.Deploy.0 = Debug|Any CPU
		{5D877D72-CD00-48D4-8D31-543BB08C04EA}.Release|Any CPU.ActiveCfg = Release|Any CPU
		{5D877D72-CD00-48D4-8D31-543BB08C04EA}.Release|Any CPU.Build.0 = Release|Any CPU
		{5D877D72-CD00-48D4-8D31-543BB08C04EA}.Release|Any CPU.Deploy.0 = Release|Any CPU
		{5D877D72-CD00-48D4-8D31-543BB08C04EA}.Release|ARM.ActiveCfg = Release|Any CPU
		{5D877D72-CD00-48D4-8D31-543BB08C04EA}.Release|ARM.Build.0 = Release|Any CPU
		{5D877D72-CD00-48D4-8D31-543BB08C04EA}.Release|ARM.Deploy.0 = Release|Any CPU
		{5D877D72-CD00-48D4-8D31-543BB08C04EA}.Release|ARM64.ActiveCfg = Release|Any CPU
		{5D877D72-CD00-48D4-8D31-543BB08C04EA}.Release|ARM64.Build.0 = Release|Any CPU
		{5D877D72-CD00-48D4-8D31-543BB08C04EA}.Release|ARM64.Deploy.0 = Release|Any CPU
		{5D877D72-CD00-48D4-8D31-543BB08C04EA}.Release|iPhone.ActiveCfg = Release|Any CPU
		{5D877D72-CD00-48D4-8D31-543BB08C04EA}.Release|iPhone.Build.0 = Release|Any CPU
		{5D877D72-CD00-48D4-8D31-543BB08C04EA}.Release|iPhone.Deploy.0 = Release|Any CPU
		{5D877D72-CD00-48D4-8D31-543BB08C04EA}.Release|iPhoneSimulator.ActiveCfg = Release|Any CPU
		{5D877D72-CD00-48D4-8D31-543BB08C04EA}.Release|iPhoneSimulator.Build.0 = Release|Any CPU
		{5D877D72-CD00-48D4-8D31-543BB08C04EA}.Release|iPhoneSimulator.Deploy.0 = Release|Any CPU
		{5D877D72-CD00-48D4-8D31-543BB08C04EA}.Release|NuGet.ActiveCfg = Release|Any CPU
		{5D877D72-CD00-48D4-8D31-543BB08C04EA}.Release|x64.ActiveCfg = Release|Any CPU
		{5D877D72-CD00-48D4-8D31-543BB08C04EA}.Release|x64.Build.0 = Release|Any CPU
		{5D877D72-CD00-48D4-8D31-543BB08C04EA}.Release|x64.Deploy.0 = Release|Any CPU
		{5D877D72-CD00-48D4-8D31-543BB08C04EA}.Release|x86.ActiveCfg = Release|Any CPU
		{5D877D72-CD00-48D4-8D31-543BB08C04EA}.Release|x86.Build.0 = Release|Any CPU
		{5D877D72-CD00-48D4-8D31-543BB08C04EA}.Release|x86.Deploy.0 = Release|Any CPU
		{409F6E1D-0878-43DD-B984-92DF1B13D58E}.Ad-Hoc|Any CPU.ActiveCfg = Ad-Hoc|iPhoneSimulator
		{409F6E1D-0878-43DD-B984-92DF1B13D58E}.Ad-Hoc|Any CPU.Build.0 = Ad-Hoc|iPhoneSimulator
		{409F6E1D-0878-43DD-B984-92DF1B13D58E}.Ad-Hoc|ARM.ActiveCfg = Ad-Hoc|iPhoneSimulator
		{409F6E1D-0878-43DD-B984-92DF1B13D58E}.Ad-Hoc|ARM.Build.0 = Ad-Hoc|iPhoneSimulator
		{409F6E1D-0878-43DD-B984-92DF1B13D58E}.Ad-Hoc|ARM64.ActiveCfg = Ad-Hoc|iPhoneSimulator
		{409F6E1D-0878-43DD-B984-92DF1B13D58E}.Ad-Hoc|ARM64.Build.0 = Ad-Hoc|iPhoneSimulator
		{409F6E1D-0878-43DD-B984-92DF1B13D58E}.Ad-Hoc|iPhone.ActiveCfg = Ad-Hoc|iPhone
		{409F6E1D-0878-43DD-B984-92DF1B13D58E}.Ad-Hoc|iPhone.Build.0 = Ad-Hoc|iPhone
		{409F6E1D-0878-43DD-B984-92DF1B13D58E}.Ad-Hoc|iPhoneSimulator.ActiveCfg = Ad-Hoc|iPhoneSimulator
		{409F6E1D-0878-43DD-B984-92DF1B13D58E}.Ad-Hoc|iPhoneSimulator.Build.0 = Ad-Hoc|iPhoneSimulator
		{409F6E1D-0878-43DD-B984-92DF1B13D58E}.Ad-Hoc|NuGet.ActiveCfg = Ad-Hoc|iPhone
		{409F6E1D-0878-43DD-B984-92DF1B13D58E}.Ad-Hoc|x64.ActiveCfg = Ad-Hoc|iPhoneSimulator
		{409F6E1D-0878-43DD-B984-92DF1B13D58E}.Ad-Hoc|x64.Build.0 = Ad-Hoc|iPhoneSimulator
		{409F6E1D-0878-43DD-B984-92DF1B13D58E}.Ad-Hoc|x86.ActiveCfg = Ad-Hoc|iPhoneSimulator
		{409F6E1D-0878-43DD-B984-92DF1B13D58E}.Ad-Hoc|x86.Build.0 = Ad-Hoc|iPhoneSimulator
		{409F6E1D-0878-43DD-B984-92DF1B13D58E}.AppStore|Any CPU.ActiveCfg = AppStore|iPhoneSimulator
		{409F6E1D-0878-43DD-B984-92DF1B13D58E}.AppStore|Any CPU.Build.0 = AppStore|iPhoneSimulator
		{409F6E1D-0878-43DD-B984-92DF1B13D58E}.AppStore|ARM.ActiveCfg = AppStore|iPhoneSimulator
		{409F6E1D-0878-43DD-B984-92DF1B13D58E}.AppStore|ARM.Build.0 = AppStore|iPhoneSimulator
		{409F6E1D-0878-43DD-B984-92DF1B13D58E}.AppStore|ARM64.ActiveCfg = AppStore|iPhoneSimulator
		{409F6E1D-0878-43DD-B984-92DF1B13D58E}.AppStore|ARM64.Build.0 = AppStore|iPhoneSimulator
		{409F6E1D-0878-43DD-B984-92DF1B13D58E}.AppStore|iPhone.ActiveCfg = AppStore|iPhone
		{409F6E1D-0878-43DD-B984-92DF1B13D58E}.AppStore|iPhone.Build.0 = AppStore|iPhone
		{409F6E1D-0878-43DD-B984-92DF1B13D58E}.AppStore|iPhoneSimulator.ActiveCfg = AppStore|iPhoneSimulator
		{409F6E1D-0878-43DD-B984-92DF1B13D58E}.AppStore|iPhoneSimulator.Build.0 = AppStore|iPhoneSimulator
		{409F6E1D-0878-43DD-B984-92DF1B13D58E}.AppStore|NuGet.ActiveCfg = AppStore|iPhone
		{409F6E1D-0878-43DD-B984-92DF1B13D58E}.AppStore|x64.ActiveCfg = AppStore|iPhoneSimulator
		{409F6E1D-0878-43DD-B984-92DF1B13D58E}.AppStore|x64.Build.0 = AppStore|iPhoneSimulator
		{409F6E1D-0878-43DD-B984-92DF1B13D58E}.AppStore|x86.ActiveCfg = AppStore|iPhoneSimulator
		{409F6E1D-0878-43DD-B984-92DF1B13D58E}.AppStore|x86.Build.0 = AppStore|iPhoneSimulator
		{409F6E1D-0878-43DD-B984-92DF1B13D58E}.Debug|Any CPU.ActiveCfg = Debug|iPhoneSimulator
		{409F6E1D-0878-43DD-B984-92DF1B13D58E}.Debug|Any CPU.Build.0 = Debug|iPhoneSimulator
		{409F6E1D-0878-43DD-B984-92DF1B13D58E}.Debug|ARM.ActiveCfg = Debug|iPhoneSimulator
		{409F6E1D-0878-43DD-B984-92DF1B13D58E}.Debug|ARM.Build.0 = Debug|iPhoneSimulator
		{409F6E1D-0878-43DD-B984-92DF1B13D58E}.Debug|ARM64.ActiveCfg = Debug|iPhoneSimulator
		{409F6E1D-0878-43DD-B984-92DF1B13D58E}.Debug|ARM64.Build.0 = Debug|iPhoneSimulator
		{409F6E1D-0878-43DD-B984-92DF1B13D58E}.Debug|iPhone.ActiveCfg = Debug|iPhone
		{409F6E1D-0878-43DD-B984-92DF1B13D58E}.Debug|iPhone.Build.0 = Debug|iPhone
		{409F6E1D-0878-43DD-B984-92DF1B13D58E}.Debug|iPhone.Deploy.0 = Debug|iPhone
		{409F6E1D-0878-43DD-B984-92DF1B13D58E}.Debug|iPhoneSimulator.ActiveCfg = Debug|iPhoneSimulator
		{409F6E1D-0878-43DD-B984-92DF1B13D58E}.Debug|iPhoneSimulator.Build.0 = Debug|iPhoneSimulator
		{409F6E1D-0878-43DD-B984-92DF1B13D58E}.Debug|NuGet.ActiveCfg = Debug|iPhone
		{409F6E1D-0878-43DD-B984-92DF1B13D58E}.Debug|x64.ActiveCfg = Debug|iPhoneSimulator
		{409F6E1D-0878-43DD-B984-92DF1B13D58E}.Debug|x64.Build.0 = Debug|iPhoneSimulator
		{409F6E1D-0878-43DD-B984-92DF1B13D58E}.Debug|x86.ActiveCfg = Debug|iPhoneSimulator
		{409F6E1D-0878-43DD-B984-92DF1B13D58E}.Debug|x86.Build.0 = Debug|iPhoneSimulator
		{409F6E1D-0878-43DD-B984-92DF1B13D58E}.Release|Any CPU.ActiveCfg = Release|iPhoneSimulator
		{409F6E1D-0878-43DD-B984-92DF1B13D58E}.Release|Any CPU.Build.0 = Release|iPhoneSimulator
		{409F6E1D-0878-43DD-B984-92DF1B13D58E}.Release|ARM.ActiveCfg = Release|iPhoneSimulator
		{409F6E1D-0878-43DD-B984-92DF1B13D58E}.Release|ARM.Build.0 = Release|iPhoneSimulator
		{409F6E1D-0878-43DD-B984-92DF1B13D58E}.Release|ARM64.ActiveCfg = Release|iPhoneSimulator
		{409F6E1D-0878-43DD-B984-92DF1B13D58E}.Release|ARM64.Build.0 = Release|iPhoneSimulator
		{409F6E1D-0878-43DD-B984-92DF1B13D58E}.Release|iPhone.ActiveCfg = Release|iPhone
		{409F6E1D-0878-43DD-B984-92DF1B13D58E}.Release|iPhone.Build.0 = Release|iPhone
		{409F6E1D-0878-43DD-B984-92DF1B13D58E}.Release|iPhoneSimulator.ActiveCfg = Release|iPhoneSimulator
		{409F6E1D-0878-43DD-B984-92DF1B13D58E}.Release|iPhoneSimulator.Build.0 = Release|iPhoneSimulator
		{409F6E1D-0878-43DD-B984-92DF1B13D58E}.Release|NuGet.ActiveCfg = Release|iPhone
		{409F6E1D-0878-43DD-B984-92DF1B13D58E}.Release|x64.ActiveCfg = Release|iPhoneSimulator
		{409F6E1D-0878-43DD-B984-92DF1B13D58E}.Release|x64.Build.0 = Release|iPhoneSimulator
		{409F6E1D-0878-43DD-B984-92DF1B13D58E}.Release|x86.ActiveCfg = Release|iPhoneSimulator
		{409F6E1D-0878-43DD-B984-92DF1B13D58E}.Release|x86.Build.0 = Release|iPhoneSimulator
		{09933A00-6DD0-4027-8310-29D9ACF07537}.Ad-Hoc|Any CPU.ActiveCfg = Debug|x86
		{09933A00-6DD0-4027-8310-29D9ACF07537}.Ad-Hoc|Any CPU.Build.0 = Debug|x86
		{09933A00-6DD0-4027-8310-29D9ACF07537}.Ad-Hoc|Any CPU.Deploy.0 = Debug|x86
		{09933A00-6DD0-4027-8310-29D9ACF07537}.Ad-Hoc|ARM.ActiveCfg = Debug|ARM
		{09933A00-6DD0-4027-8310-29D9ACF07537}.Ad-Hoc|ARM.Build.0 = Debug|ARM
		{09933A00-6DD0-4027-8310-29D9ACF07537}.Ad-Hoc|ARM.Deploy.0 = Debug|ARM
		{09933A00-6DD0-4027-8310-29D9ACF07537}.Ad-Hoc|ARM64.ActiveCfg = Debug|ARM64
		{09933A00-6DD0-4027-8310-29D9ACF07537}.Ad-Hoc|ARM64.Build.0 = Debug|ARM64
		{09933A00-6DD0-4027-8310-29D9ACF07537}.Ad-Hoc|ARM64.Deploy.0 = Debug|ARM64
		{09933A00-6DD0-4027-8310-29D9ACF07537}.Ad-Hoc|iPhone.ActiveCfg = Debug|x86
		{09933A00-6DD0-4027-8310-29D9ACF07537}.Ad-Hoc|iPhone.Build.0 = Debug|x86
		{09933A00-6DD0-4027-8310-29D9ACF07537}.Ad-Hoc|iPhone.Deploy.0 = Debug|x86
		{09933A00-6DD0-4027-8310-29D9ACF07537}.Ad-Hoc|iPhoneSimulator.ActiveCfg = Debug|x86
		{09933A00-6DD0-4027-8310-29D9ACF07537}.Ad-Hoc|iPhoneSimulator.Build.0 = Debug|x86
		{09933A00-6DD0-4027-8310-29D9ACF07537}.Ad-Hoc|iPhoneSimulator.Deploy.0 = Debug|x86
		{09933A00-6DD0-4027-8310-29D9ACF07537}.Ad-Hoc|NuGet.ActiveCfg = Release|x64
		{09933A00-6DD0-4027-8310-29D9ACF07537}.Ad-Hoc|x64.ActiveCfg = Debug|x64
		{09933A00-6DD0-4027-8310-29D9ACF07537}.Ad-Hoc|x64.Build.0 = Debug|x64
		{09933A00-6DD0-4027-8310-29D9ACF07537}.Ad-Hoc|x64.Deploy.0 = Debug|x64
		{09933A00-6DD0-4027-8310-29D9ACF07537}.Ad-Hoc|x86.ActiveCfg = Debug|x86
		{09933A00-6DD0-4027-8310-29D9ACF07537}.Ad-Hoc|x86.Build.0 = Debug|x86
		{09933A00-6DD0-4027-8310-29D9ACF07537}.Ad-Hoc|x86.Deploy.0 = Debug|x86
		{09933A00-6DD0-4027-8310-29D9ACF07537}.AppStore|Any CPU.ActiveCfg = Debug|x86
		{09933A00-6DD0-4027-8310-29D9ACF07537}.AppStore|Any CPU.Build.0 = Debug|x86
		{09933A00-6DD0-4027-8310-29D9ACF07537}.AppStore|Any CPU.Deploy.0 = Debug|x86
		{09933A00-6DD0-4027-8310-29D9ACF07537}.AppStore|ARM.ActiveCfg = Debug|ARM
		{09933A00-6DD0-4027-8310-29D9ACF07537}.AppStore|ARM.Build.0 = Debug|ARM
		{09933A00-6DD0-4027-8310-29D9ACF07537}.AppStore|ARM.Deploy.0 = Debug|ARM
		{09933A00-6DD0-4027-8310-29D9ACF07537}.AppStore|ARM64.ActiveCfg = Debug|ARM64
		{09933A00-6DD0-4027-8310-29D9ACF07537}.AppStore|ARM64.Build.0 = Debug|ARM64
		{09933A00-6DD0-4027-8310-29D9ACF07537}.AppStore|ARM64.Deploy.0 = Debug|ARM64
		{09933A00-6DD0-4027-8310-29D9ACF07537}.AppStore|iPhone.ActiveCfg = Debug|x86
		{09933A00-6DD0-4027-8310-29D9ACF07537}.AppStore|iPhone.Build.0 = Debug|x86
		{09933A00-6DD0-4027-8310-29D9ACF07537}.AppStore|iPhone.Deploy.0 = Debug|x86
		{09933A00-6DD0-4027-8310-29D9ACF07537}.AppStore|iPhoneSimulator.ActiveCfg = Debug|x86
		{09933A00-6DD0-4027-8310-29D9ACF07537}.AppStore|iPhoneSimulator.Build.0 = Debug|x86
		{09933A00-6DD0-4027-8310-29D9ACF07537}.AppStore|iPhoneSimulator.Deploy.0 = Debug|x86
		{09933A00-6DD0-4027-8310-29D9ACF07537}.AppStore|NuGet.ActiveCfg = Release|x64
		{09933A00-6DD0-4027-8310-29D9ACF07537}.AppStore|x64.ActiveCfg = Debug|x64
		{09933A00-6DD0-4027-8310-29D9ACF07537}.AppStore|x64.Build.0 = Debug|x64
		{09933A00-6DD0-4027-8310-29D9ACF07537}.AppStore|x64.Deploy.0 = Debug|x64
		{09933A00-6DD0-4027-8310-29D9ACF07537}.AppStore|x86.ActiveCfg = Debug|x86
		{09933A00-6DD0-4027-8310-29D9ACF07537}.AppStore|x86.Build.0 = Debug|x86
		{09933A00-6DD0-4027-8310-29D9ACF07537}.AppStore|x86.Deploy.0 = Debug|x86
		{09933A00-6DD0-4027-8310-29D9ACF07537}.Debug|Any CPU.ActiveCfg = Debug|x64
		{09933A00-6DD0-4027-8310-29D9ACF07537}.Debug|Any CPU.Build.0 = Debug|x64
		{09933A00-6DD0-4027-8310-29D9ACF07537}.Debug|Any CPU.Deploy.0 = Debug|x64
		{09933A00-6DD0-4027-8310-29D9ACF07537}.Debug|ARM.ActiveCfg = Debug|ARM
		{09933A00-6DD0-4027-8310-29D9ACF07537}.Debug|ARM.Build.0 = Debug|ARM
		{09933A00-6DD0-4027-8310-29D9ACF07537}.Debug|ARM.Deploy.0 = Debug|ARM
		{09933A00-6DD0-4027-8310-29D9ACF07537}.Debug|ARM64.ActiveCfg = Debug|ARM64
		{09933A00-6DD0-4027-8310-29D9ACF07537}.Debug|ARM64.Build.0 = Debug|ARM64
		{09933A00-6DD0-4027-8310-29D9ACF07537}.Debug|ARM64.Deploy.0 = Debug|ARM64
		{09933A00-6DD0-4027-8310-29D9ACF07537}.Debug|iPhone.ActiveCfg = Debug|x64
		{09933A00-6DD0-4027-8310-29D9ACF07537}.Debug|iPhone.Build.0 = Debug|x64
		{09933A00-6DD0-4027-8310-29D9ACF07537}.Debug|iPhone.Deploy.0 = Debug|x64
		{09933A00-6DD0-4027-8310-29D9ACF07537}.Debug|iPhoneSimulator.ActiveCfg = Debug|x64
		{09933A00-6DD0-4027-8310-29D9ACF07537}.Debug|iPhoneSimulator.Build.0 = Debug|x64
		{09933A00-6DD0-4027-8310-29D9ACF07537}.Debug|iPhoneSimulator.Deploy.0 = Debug|x64
		{09933A00-6DD0-4027-8310-29D9ACF07537}.Debug|NuGet.ActiveCfg = Debug|x64
		{09933A00-6DD0-4027-8310-29D9ACF07537}.Debug|x64.ActiveCfg = Debug|x64
		{09933A00-6DD0-4027-8310-29D9ACF07537}.Debug|x64.Build.0 = Debug|x64
		{09933A00-6DD0-4027-8310-29D9ACF07537}.Debug|x64.Deploy.0 = Debug|x64
		{09933A00-6DD0-4027-8310-29D9ACF07537}.Debug|x86.ActiveCfg = Debug|x86
		{09933A00-6DD0-4027-8310-29D9ACF07537}.Debug|x86.Build.0 = Debug|x86
		{09933A00-6DD0-4027-8310-29D9ACF07537}.Debug|x86.Deploy.0 = Debug|x86
		{09933A00-6DD0-4027-8310-29D9ACF07537}.Release|Any CPU.ActiveCfg = Release|x64
		{09933A00-6DD0-4027-8310-29D9ACF07537}.Release|Any CPU.Build.0 = Release|x64
		{09933A00-6DD0-4027-8310-29D9ACF07537}.Release|Any CPU.Deploy.0 = Release|x64
		{09933A00-6DD0-4027-8310-29D9ACF07537}.Release|ARM.ActiveCfg = Release|ARM
		{09933A00-6DD0-4027-8310-29D9ACF07537}.Release|ARM.Build.0 = Release|ARM
		{09933A00-6DD0-4027-8310-29D9ACF07537}.Release|ARM.Deploy.0 = Release|ARM
		{09933A00-6DD0-4027-8310-29D9ACF07537}.Release|ARM64.ActiveCfg = Release|ARM64
		{09933A00-6DD0-4027-8310-29D9ACF07537}.Release|ARM64.Build.0 = Release|ARM64
		{09933A00-6DD0-4027-8310-29D9ACF07537}.Release|ARM64.Deploy.0 = Release|ARM64
		{09933A00-6DD0-4027-8310-29D9ACF07537}.Release|iPhone.ActiveCfg = Release|x64
		{09933A00-6DD0-4027-8310-29D9ACF07537}.Release|iPhone.Build.0 = Release|x64
		{09933A00-6DD0-4027-8310-29D9ACF07537}.Release|iPhone.Deploy.0 = Release|x64
		{09933A00-6DD0-4027-8310-29D9ACF07537}.Release|iPhoneSimulator.ActiveCfg = Release|x64
		{09933A00-6DD0-4027-8310-29D9ACF07537}.Release|iPhoneSimulator.Build.0 = Release|x64
		{09933A00-6DD0-4027-8310-29D9ACF07537}.Release|iPhoneSimulator.Deploy.0 = Release|x64
		{09933A00-6DD0-4027-8310-29D9ACF07537}.Release|NuGet.ActiveCfg = Release|x64
		{09933A00-6DD0-4027-8310-29D9ACF07537}.Release|x64.ActiveCfg = Release|x64
		{09933A00-6DD0-4027-8310-29D9ACF07537}.Release|x64.Build.0 = Release|x64
		{09933A00-6DD0-4027-8310-29D9ACF07537}.Release|x64.Deploy.0 = Release|x64
		{09933A00-6DD0-4027-8310-29D9ACF07537}.Release|x86.ActiveCfg = Release|x86
		{09933A00-6DD0-4027-8310-29D9ACF07537}.Release|x86.Build.0 = Release|x86
		{09933A00-6DD0-4027-8310-29D9ACF07537}.Release|x86.Deploy.0 = Release|x86
		{59385958-20F7-4478-9E3A-BB7935A83F5B}.Ad-Hoc|Any CPU.ActiveCfg = Debug|Any CPU
		{59385958-20F7-4478-9E3A-BB7935A83F5B}.Ad-Hoc|Any CPU.Build.0 = Debug|Any CPU
		{59385958-20F7-4478-9E3A-BB7935A83F5B}.Ad-Hoc|ARM.ActiveCfg = Debug|Any CPU
		{59385958-20F7-4478-9E3A-BB7935A83F5B}.Ad-Hoc|ARM.Build.0 = Debug|Any CPU
		{59385958-20F7-4478-9E3A-BB7935A83F5B}.Ad-Hoc|ARM64.ActiveCfg = Debug|Any CPU
		{59385958-20F7-4478-9E3A-BB7935A83F5B}.Ad-Hoc|ARM64.Build.0 = Debug|Any CPU
		{59385958-20F7-4478-9E3A-BB7935A83F5B}.Ad-Hoc|iPhone.ActiveCfg = Debug|Any CPU
		{59385958-20F7-4478-9E3A-BB7935A83F5B}.Ad-Hoc|iPhone.Build.0 = Debug|Any CPU
		{59385958-20F7-4478-9E3A-BB7935A83F5B}.Ad-Hoc|iPhoneSimulator.ActiveCfg = Debug|Any CPU
		{59385958-20F7-4478-9E3A-BB7935A83F5B}.Ad-Hoc|iPhoneSimulator.Build.0 = Debug|Any CPU
		{59385958-20F7-4478-9E3A-BB7935A83F5B}.Ad-Hoc|NuGet.ActiveCfg = Debug|Any CPU
		{59385958-20F7-4478-9E3A-BB7935A83F5B}.Ad-Hoc|NuGet.Build.0 = Debug|Any CPU
		{59385958-20F7-4478-9E3A-BB7935A83F5B}.Ad-Hoc|x64.ActiveCfg = Debug|Any CPU
		{59385958-20F7-4478-9E3A-BB7935A83F5B}.Ad-Hoc|x64.Build.0 = Debug|Any CPU
		{59385958-20F7-4478-9E3A-BB7935A83F5B}.Ad-Hoc|x86.ActiveCfg = Debug|Any CPU
		{59385958-20F7-4478-9E3A-BB7935A83F5B}.Ad-Hoc|x86.Build.0 = Debug|Any CPU
		{59385958-20F7-4478-9E3A-BB7935A83F5B}.AppStore|Any CPU.ActiveCfg = Debug|Any CPU
		{59385958-20F7-4478-9E3A-BB7935A83F5B}.AppStore|Any CPU.Build.0 = Debug|Any CPU
		{59385958-20F7-4478-9E3A-BB7935A83F5B}.AppStore|ARM.ActiveCfg = Debug|Any CPU
		{59385958-20F7-4478-9E3A-BB7935A83F5B}.AppStore|ARM.Build.0 = Debug|Any CPU
		{59385958-20F7-4478-9E3A-BB7935A83F5B}.AppStore|ARM64.ActiveCfg = Debug|Any CPU
		{59385958-20F7-4478-9E3A-BB7935A83F5B}.AppStore|ARM64.Build.0 = Debug|Any CPU
		{59385958-20F7-4478-9E3A-BB7935A83F5B}.AppStore|iPhone.ActiveCfg = Debug|Any CPU
		{59385958-20F7-4478-9E3A-BB7935A83F5B}.AppStore|iPhone.Build.0 = Debug|Any CPU
		{59385958-20F7-4478-9E3A-BB7935A83F5B}.AppStore|iPhoneSimulator.ActiveCfg = Debug|Any CPU
		{59385958-20F7-4478-9E3A-BB7935A83F5B}.AppStore|iPhoneSimulator.Build.0 = Debug|Any CPU
		{59385958-20F7-4478-9E3A-BB7935A83F5B}.AppStore|NuGet.ActiveCfg = Debug|Any CPU
		{59385958-20F7-4478-9E3A-BB7935A83F5B}.AppStore|NuGet.Build.0 = Debug|Any CPU
		{59385958-20F7-4478-9E3A-BB7935A83F5B}.AppStore|x64.ActiveCfg = Debug|Any CPU
		{59385958-20F7-4478-9E3A-BB7935A83F5B}.AppStore|x64.Build.0 = Debug|Any CPU
		{59385958-20F7-4478-9E3A-BB7935A83F5B}.AppStore|x86.ActiveCfg = Debug|Any CPU
		{59385958-20F7-4478-9E3A-BB7935A83F5B}.AppStore|x86.Build.0 = Debug|Any CPU
		{59385958-20F7-4478-9E3A-BB7935A83F5B}.Debug|Any CPU.ActiveCfg = Debug|Any CPU
		{59385958-20F7-4478-9E3A-BB7935A83F5B}.Debug|Any CPU.Build.0 = Debug|Any CPU
		{59385958-20F7-4478-9E3A-BB7935A83F5B}.Debug|ARM.ActiveCfg = Debug|Any CPU
		{59385958-20F7-4478-9E3A-BB7935A83F5B}.Debug|ARM.Build.0 = Debug|Any CPU
		{59385958-20F7-4478-9E3A-BB7935A83F5B}.Debug|ARM64.ActiveCfg = Debug|Any CPU
		{59385958-20F7-4478-9E3A-BB7935A83F5B}.Debug|ARM64.Build.0 = Debug|Any CPU
		{59385958-20F7-4478-9E3A-BB7935A83F5B}.Debug|iPhone.ActiveCfg = Debug|Any CPU
		{59385958-20F7-4478-9E3A-BB7935A83F5B}.Debug|iPhone.Build.0 = Debug|Any CPU
		{59385958-20F7-4478-9E3A-BB7935A83F5B}.Debug|iPhoneSimulator.ActiveCfg = Debug|Any CPU
		{59385958-20F7-4478-9E3A-BB7935A83F5B}.Debug|iPhoneSimulator.Build.0 = Debug|Any CPU
		{59385958-20F7-4478-9E3A-BB7935A83F5B}.Debug|NuGet.ActiveCfg = Debug|Any CPU
		{59385958-20F7-4478-9E3A-BB7935A83F5B}.Debug|NuGet.Build.0 = Debug|Any CPU
		{59385958-20F7-4478-9E3A-BB7935A83F5B}.Debug|x64.ActiveCfg = Debug|Any CPU
		{59385958-20F7-4478-9E3A-BB7935A83F5B}.Debug|x64.Build.0 = Debug|Any CPU
		{59385958-20F7-4478-9E3A-BB7935A83F5B}.Debug|x86.ActiveCfg = Debug|Any CPU
		{59385958-20F7-4478-9E3A-BB7935A83F5B}.Debug|x86.Build.0 = Debug|Any CPU
		{59385958-20F7-4478-9E3A-BB7935A83F5B}.Release|Any CPU.ActiveCfg = Release|Any CPU
		{59385958-20F7-4478-9E3A-BB7935A83F5B}.Release|Any CPU.Build.0 = Release|Any CPU
		{59385958-20F7-4478-9E3A-BB7935A83F5B}.Release|ARM.ActiveCfg = Release|Any CPU
		{59385958-20F7-4478-9E3A-BB7935A83F5B}.Release|ARM.Build.0 = Release|Any CPU
		{59385958-20F7-4478-9E3A-BB7935A83F5B}.Release|ARM64.ActiveCfg = Release|Any CPU
		{59385958-20F7-4478-9E3A-BB7935A83F5B}.Release|ARM64.Build.0 = Release|Any CPU
		{59385958-20F7-4478-9E3A-BB7935A83F5B}.Release|iPhone.ActiveCfg = Release|Any CPU
		{59385958-20F7-4478-9E3A-BB7935A83F5B}.Release|iPhone.Build.0 = Release|Any CPU
		{59385958-20F7-4478-9E3A-BB7935A83F5B}.Release|iPhoneSimulator.ActiveCfg = Release|Any CPU
		{59385958-20F7-4478-9E3A-BB7935A83F5B}.Release|iPhoneSimulator.Build.0 = Release|Any CPU
		{59385958-20F7-4478-9E3A-BB7935A83F5B}.Release|NuGet.ActiveCfg = Release|Any CPU
		{59385958-20F7-4478-9E3A-BB7935A83F5B}.Release|NuGet.Build.0 = Release|Any CPU
		{59385958-20F7-4478-9E3A-BB7935A83F5B}.Release|x64.ActiveCfg = Release|Any CPU
		{59385958-20F7-4478-9E3A-BB7935A83F5B}.Release|x64.Build.0 = Release|Any CPU
		{59385958-20F7-4478-9E3A-BB7935A83F5B}.Release|x86.ActiveCfg = Release|Any CPU
		{59385958-20F7-4478-9E3A-BB7935A83F5B}.Release|x86.Build.0 = Release|Any CPU
		{EE71AB45-399C-417C-8D54-BE12566014C7}.Ad-Hoc|Any CPU.ActiveCfg = Debug|Any CPU
		{EE71AB45-399C-417C-8D54-BE12566014C7}.Ad-Hoc|Any CPU.Build.0 = Debug|Any CPU
		{EE71AB45-399C-417C-8D54-BE12566014C7}.Ad-Hoc|ARM.ActiveCfg = Debug|Any CPU
		{EE71AB45-399C-417C-8D54-BE12566014C7}.Ad-Hoc|ARM.Build.0 = Debug|Any CPU
		{EE71AB45-399C-417C-8D54-BE12566014C7}.Ad-Hoc|ARM64.ActiveCfg = Debug|Any CPU
		{EE71AB45-399C-417C-8D54-BE12566014C7}.Ad-Hoc|ARM64.Build.0 = Debug|Any CPU
		{EE71AB45-399C-417C-8D54-BE12566014C7}.Ad-Hoc|iPhone.ActiveCfg = Debug|Any CPU
		{EE71AB45-399C-417C-8D54-BE12566014C7}.Ad-Hoc|iPhone.Build.0 = Debug|Any CPU
		{EE71AB45-399C-417C-8D54-BE12566014C7}.Ad-Hoc|iPhoneSimulator.ActiveCfg = Debug|Any CPU
		{EE71AB45-399C-417C-8D54-BE12566014C7}.Ad-Hoc|iPhoneSimulator.Build.0 = Debug|Any CPU
		{EE71AB45-399C-417C-8D54-BE12566014C7}.Ad-Hoc|NuGet.ActiveCfg = Debug|Any CPU
		{EE71AB45-399C-417C-8D54-BE12566014C7}.Ad-Hoc|NuGet.Build.0 = Debug|Any CPU
		{EE71AB45-399C-417C-8D54-BE12566014C7}.Ad-Hoc|x64.ActiveCfg = Debug|Any CPU
		{EE71AB45-399C-417C-8D54-BE12566014C7}.Ad-Hoc|x64.Build.0 = Debug|Any CPU
		{EE71AB45-399C-417C-8D54-BE12566014C7}.Ad-Hoc|x86.ActiveCfg = Debug|Any CPU
		{EE71AB45-399C-417C-8D54-BE12566014C7}.Ad-Hoc|x86.Build.0 = Debug|Any CPU
		{EE71AB45-399C-417C-8D54-BE12566014C7}.AppStore|Any CPU.ActiveCfg = Debug|Any CPU
		{EE71AB45-399C-417C-8D54-BE12566014C7}.AppStore|Any CPU.Build.0 = Debug|Any CPU
		{EE71AB45-399C-417C-8D54-BE12566014C7}.AppStore|ARM.ActiveCfg = Debug|Any CPU
		{EE71AB45-399C-417C-8D54-BE12566014C7}.AppStore|ARM.Build.0 = Debug|Any CPU
		{EE71AB45-399C-417C-8D54-BE12566014C7}.AppStore|ARM64.ActiveCfg = Debug|Any CPU
		{EE71AB45-399C-417C-8D54-BE12566014C7}.AppStore|ARM64.Build.0 = Debug|Any CPU
		{EE71AB45-399C-417C-8D54-BE12566014C7}.AppStore|iPhone.ActiveCfg = Debug|Any CPU
		{EE71AB45-399C-417C-8D54-BE12566014C7}.AppStore|iPhone.Build.0 = Debug|Any CPU
		{EE71AB45-399C-417C-8D54-BE12566014C7}.AppStore|iPhoneSimulator.ActiveCfg = Debug|Any CPU
		{EE71AB45-399C-417C-8D54-BE12566014C7}.AppStore|iPhoneSimulator.Build.0 = Debug|Any CPU
		{EE71AB45-399C-417C-8D54-BE12566014C7}.AppStore|NuGet.ActiveCfg = Debug|Any CPU
		{EE71AB45-399C-417C-8D54-BE12566014C7}.AppStore|NuGet.Build.0 = Debug|Any CPU
		{EE71AB45-399C-417C-8D54-BE12566014C7}.AppStore|x64.ActiveCfg = Debug|Any CPU
		{EE71AB45-399C-417C-8D54-BE12566014C7}.AppStore|x64.Build.0 = Debug|Any CPU
		{EE71AB45-399C-417C-8D54-BE12566014C7}.AppStore|x86.ActiveCfg = Debug|Any CPU
		{EE71AB45-399C-417C-8D54-BE12566014C7}.AppStore|x86.Build.0 = Debug|Any CPU
		{EE71AB45-399C-417C-8D54-BE12566014C7}.Debug|Any CPU.ActiveCfg = Debug|Any CPU
		{EE71AB45-399C-417C-8D54-BE12566014C7}.Debug|Any CPU.Build.0 = Debug|Any CPU
		{EE71AB45-399C-417C-8D54-BE12566014C7}.Debug|ARM.ActiveCfg = Debug|Any CPU
		{EE71AB45-399C-417C-8D54-BE12566014C7}.Debug|ARM.Build.0 = Debug|Any CPU
		{EE71AB45-399C-417C-8D54-BE12566014C7}.Debug|ARM64.ActiveCfg = Debug|Any CPU
		{EE71AB45-399C-417C-8D54-BE12566014C7}.Debug|ARM64.Build.0 = Debug|Any CPU
		{EE71AB45-399C-417C-8D54-BE12566014C7}.Debug|iPhone.ActiveCfg = Debug|Any CPU
		{EE71AB45-399C-417C-8D54-BE12566014C7}.Debug|iPhone.Build.0 = Debug|Any CPU
		{EE71AB45-399C-417C-8D54-BE12566014C7}.Debug|iPhoneSimulator.ActiveCfg = Debug|Any CPU
		{EE71AB45-399C-417C-8D54-BE12566014C7}.Debug|iPhoneSimulator.Build.0 = Debug|Any CPU
		{EE71AB45-399C-417C-8D54-BE12566014C7}.Debug|NuGet.ActiveCfg = Debug|Any CPU
		{EE71AB45-399C-417C-8D54-BE12566014C7}.Debug|NuGet.Build.0 = Debug|Any CPU
		{EE71AB45-399C-417C-8D54-BE12566014C7}.Debug|x64.ActiveCfg = Debug|Any CPU
		{EE71AB45-399C-417C-8D54-BE12566014C7}.Debug|x64.Build.0 = Debug|Any CPU
		{EE71AB45-399C-417C-8D54-BE12566014C7}.Debug|x86.ActiveCfg = Debug|Any CPU
		{EE71AB45-399C-417C-8D54-BE12566014C7}.Debug|x86.Build.0 = Debug|Any CPU
		{EE71AB45-399C-417C-8D54-BE12566014C7}.Release|Any CPU.ActiveCfg = Release|Any CPU
		{EE71AB45-399C-417C-8D54-BE12566014C7}.Release|Any CPU.Build.0 = Release|Any CPU
		{EE71AB45-399C-417C-8D54-BE12566014C7}.Release|ARM.ActiveCfg = Release|Any CPU
		{EE71AB45-399C-417C-8D54-BE12566014C7}.Release|ARM.Build.0 = Release|Any CPU
		{EE71AB45-399C-417C-8D54-BE12566014C7}.Release|ARM64.ActiveCfg = Release|Any CPU
		{EE71AB45-399C-417C-8D54-BE12566014C7}.Release|ARM64.Build.0 = Release|Any CPU
		{EE71AB45-399C-417C-8D54-BE12566014C7}.Release|iPhone.ActiveCfg = Release|Any CPU
		{EE71AB45-399C-417C-8D54-BE12566014C7}.Release|iPhone.Build.0 = Release|Any CPU
		{EE71AB45-399C-417C-8D54-BE12566014C7}.Release|iPhoneSimulator.ActiveCfg = Release|Any CPU
		{EE71AB45-399C-417C-8D54-BE12566014C7}.Release|iPhoneSimulator.Build.0 = Release|Any CPU
		{EE71AB45-399C-417C-8D54-BE12566014C7}.Release|NuGet.ActiveCfg = Release|Any CPU
		{EE71AB45-399C-417C-8D54-BE12566014C7}.Release|NuGet.Build.0 = Release|Any CPU
		{EE71AB45-399C-417C-8D54-BE12566014C7}.Release|x64.ActiveCfg = Release|Any CPU
		{EE71AB45-399C-417C-8D54-BE12566014C7}.Release|x64.Build.0 = Release|Any CPU
		{EE71AB45-399C-417C-8D54-BE12566014C7}.Release|x86.ActiveCfg = Release|Any CPU
		{EE71AB45-399C-417C-8D54-BE12566014C7}.Release|x86.Build.0 = Release|Any CPU
		{A75D9F8D-881B-4AC0-8756-57893E791C8B}.Ad-Hoc|Any CPU.ActiveCfg = Debug|Any CPU
		{A75D9F8D-881B-4AC0-8756-57893E791C8B}.Ad-Hoc|Any CPU.Build.0 = Debug|Any CPU
		{A75D9F8D-881B-4AC0-8756-57893E791C8B}.Ad-Hoc|ARM.ActiveCfg = Debug|Any CPU
		{A75D9F8D-881B-4AC0-8756-57893E791C8B}.Ad-Hoc|ARM.Build.0 = Debug|Any CPU
		{A75D9F8D-881B-4AC0-8756-57893E791C8B}.Ad-Hoc|ARM64.ActiveCfg = Debug|Any CPU
		{A75D9F8D-881B-4AC0-8756-57893E791C8B}.Ad-Hoc|ARM64.Build.0 = Debug|Any CPU
		{A75D9F8D-881B-4AC0-8756-57893E791C8B}.Ad-Hoc|iPhone.ActiveCfg = Debug|Any CPU
		{A75D9F8D-881B-4AC0-8756-57893E791C8B}.Ad-Hoc|iPhone.Build.0 = Debug|Any CPU
		{A75D9F8D-881B-4AC0-8756-57893E791C8B}.Ad-Hoc|iPhoneSimulator.ActiveCfg = Debug|Any CPU
		{A75D9F8D-881B-4AC0-8756-57893E791C8B}.Ad-Hoc|iPhoneSimulator.Build.0 = Debug|Any CPU
		{A75D9F8D-881B-4AC0-8756-57893E791C8B}.Ad-Hoc|NuGet.ActiveCfg = Debug|Any CPU
		{A75D9F8D-881B-4AC0-8756-57893E791C8B}.Ad-Hoc|NuGet.Build.0 = Debug|Any CPU
		{A75D9F8D-881B-4AC0-8756-57893E791C8B}.Ad-Hoc|x64.ActiveCfg = Debug|Any CPU
		{A75D9F8D-881B-4AC0-8756-57893E791C8B}.Ad-Hoc|x64.Build.0 = Debug|Any CPU
		{A75D9F8D-881B-4AC0-8756-57893E791C8B}.Ad-Hoc|x86.ActiveCfg = Debug|Any CPU
		{A75D9F8D-881B-4AC0-8756-57893E791C8B}.Ad-Hoc|x86.Build.0 = Debug|Any CPU
		{A75D9F8D-881B-4AC0-8756-57893E791C8B}.AppStore|Any CPU.ActiveCfg = Debug|Any CPU
		{A75D9F8D-881B-4AC0-8756-57893E791C8B}.AppStore|Any CPU.Build.0 = Debug|Any CPU
		{A75D9F8D-881B-4AC0-8756-57893E791C8B}.AppStore|ARM.ActiveCfg = Debug|Any CPU
		{A75D9F8D-881B-4AC0-8756-57893E791C8B}.AppStore|ARM.Build.0 = Debug|Any CPU
		{A75D9F8D-881B-4AC0-8756-57893E791C8B}.AppStore|ARM64.ActiveCfg = Debug|Any CPU
		{A75D9F8D-881B-4AC0-8756-57893E791C8B}.AppStore|ARM64.Build.0 = Debug|Any CPU
		{A75D9F8D-881B-4AC0-8756-57893E791C8B}.AppStore|iPhone.ActiveCfg = Debug|Any CPU
		{A75D9F8D-881B-4AC0-8756-57893E791C8B}.AppStore|iPhone.Build.0 = Debug|Any CPU
		{A75D9F8D-881B-4AC0-8756-57893E791C8B}.AppStore|iPhoneSimulator.ActiveCfg = Debug|Any CPU
		{A75D9F8D-881B-4AC0-8756-57893E791C8B}.AppStore|iPhoneSimulator.Build.0 = Debug|Any CPU
		{A75D9F8D-881B-4AC0-8756-57893E791C8B}.AppStore|NuGet.ActiveCfg = Debug|Any CPU
		{A75D9F8D-881B-4AC0-8756-57893E791C8B}.AppStore|NuGet.Build.0 = Debug|Any CPU
		{A75D9F8D-881B-4AC0-8756-57893E791C8B}.AppStore|x64.ActiveCfg = Debug|Any CPU
		{A75D9F8D-881B-4AC0-8756-57893E791C8B}.AppStore|x64.Build.0 = Debug|Any CPU
		{A75D9F8D-881B-4AC0-8756-57893E791C8B}.AppStore|x86.ActiveCfg = Debug|Any CPU
		{A75D9F8D-881B-4AC0-8756-57893E791C8B}.AppStore|x86.Build.0 = Debug|Any CPU
		{A75D9F8D-881B-4AC0-8756-57893E791C8B}.Debug|Any CPU.ActiveCfg = Debug|Any CPU
		{A75D9F8D-881B-4AC0-8756-57893E791C8B}.Debug|Any CPU.Build.0 = Debug|Any CPU
		{A75D9F8D-881B-4AC0-8756-57893E791C8B}.Debug|ARM.ActiveCfg = Debug|Any CPU
		{A75D9F8D-881B-4AC0-8756-57893E791C8B}.Debug|ARM.Build.0 = Debug|Any CPU
		{A75D9F8D-881B-4AC0-8756-57893E791C8B}.Debug|ARM64.ActiveCfg = Debug|Any CPU
		{A75D9F8D-881B-4AC0-8756-57893E791C8B}.Debug|ARM64.Build.0 = Debug|Any CPU
		{A75D9F8D-881B-4AC0-8756-57893E791C8B}.Debug|iPhone.ActiveCfg = Debug|Any CPU
		{A75D9F8D-881B-4AC0-8756-57893E791C8B}.Debug|iPhone.Build.0 = Debug|Any CPU
		{A75D9F8D-881B-4AC0-8756-57893E791C8B}.Debug|iPhoneSimulator.ActiveCfg = Debug|Any CPU
		{A75D9F8D-881B-4AC0-8756-57893E791C8B}.Debug|iPhoneSimulator.Build.0 = Debug|Any CPU
		{A75D9F8D-881B-4AC0-8756-57893E791C8B}.Debug|NuGet.ActiveCfg = Debug|Any CPU
		{A75D9F8D-881B-4AC0-8756-57893E791C8B}.Debug|NuGet.Build.0 = Debug|Any CPU
		{A75D9F8D-881B-4AC0-8756-57893E791C8B}.Debug|x64.ActiveCfg = Debug|Any CPU
		{A75D9F8D-881B-4AC0-8756-57893E791C8B}.Debug|x64.Build.0 = Debug|Any CPU
		{A75D9F8D-881B-4AC0-8756-57893E791C8B}.Debug|x86.ActiveCfg = Debug|Any CPU
		{A75D9F8D-881B-4AC0-8756-57893E791C8B}.Debug|x86.Build.0 = Debug|Any CPU
		{A75D9F8D-881B-4AC0-8756-57893E791C8B}.Release|Any CPU.ActiveCfg = Release|Any CPU
		{A75D9F8D-881B-4AC0-8756-57893E791C8B}.Release|Any CPU.Build.0 = Release|Any CPU
		{A75D9F8D-881B-4AC0-8756-57893E791C8B}.Release|ARM.ActiveCfg = Release|Any CPU
		{A75D9F8D-881B-4AC0-8756-57893E791C8B}.Release|ARM.Build.0 = Release|Any CPU
		{A75D9F8D-881B-4AC0-8756-57893E791C8B}.Release|ARM64.ActiveCfg = Release|Any CPU
		{A75D9F8D-881B-4AC0-8756-57893E791C8B}.Release|ARM64.Build.0 = Release|Any CPU
		{A75D9F8D-881B-4AC0-8756-57893E791C8B}.Release|iPhone.ActiveCfg = Release|Any CPU
		{A75D9F8D-881B-4AC0-8756-57893E791C8B}.Release|iPhone.Build.0 = Release|Any CPU
		{A75D9F8D-881B-4AC0-8756-57893E791C8B}.Release|iPhoneSimulator.ActiveCfg = Release|Any CPU
		{A75D9F8D-881B-4AC0-8756-57893E791C8B}.Release|iPhoneSimulator.Build.0 = Release|Any CPU
		{A75D9F8D-881B-4AC0-8756-57893E791C8B}.Release|NuGet.ActiveCfg = Release|Any CPU
		{A75D9F8D-881B-4AC0-8756-57893E791C8B}.Release|NuGet.Build.0 = Release|Any CPU
		{A75D9F8D-881B-4AC0-8756-57893E791C8B}.Release|x64.ActiveCfg = Release|Any CPU
		{A75D9F8D-881B-4AC0-8756-57893E791C8B}.Release|x64.Build.0 = Release|Any CPU
		{A75D9F8D-881B-4AC0-8756-57893E791C8B}.Release|x86.ActiveCfg = Release|Any CPU
		{A75D9F8D-881B-4AC0-8756-57893E791C8B}.Release|x86.Build.0 = Release|Any CPU
	EndGlobalSection
	GlobalSection(SolutionProperties) = preSolution
		HideSolutionNode = FALSE
	EndGlobalSection
	GlobalSection(NestedProjects) = preSolution
		{5D877D72-CD00-48D4-8D31-543BB08C04EA} = {057F7FC6-3201-4671-A9CF-87CFF6EC233E}
		{409F6E1D-0878-43DD-B984-92DF1B13D58E} = {057F7FC6-3201-4671-A9CF-87CFF6EC233E}
		{6279C845-92F8-4333-AB99-3D213163593C} = {057F7FC6-3201-4671-A9CF-87CFF6EC233E}
		{09933A00-6DD0-4027-8310-29D9ACF07537} = {057F7FC6-3201-4671-A9CF-87CFF6EC233E}
		{59385958-20F7-4478-9E3A-BB7935A83F5B} = {6643A3E0-7CD4-4BCE-84BD-0B24B1720DC2}
		{EE71AB45-399C-417C-8D54-BE12566014C7} = {6643A3E0-7CD4-4BCE-84BD-0B24B1720DC2}
		{6121615B-AA46-4035-BD88-967F2662137D} = {6643A3E0-7CD4-4BCE-84BD-0B24B1720DC2}
		{76013D8E-0C47-4056-9D53-CDB9ACB322BE} = {6643A3E0-7CD4-4BCE-84BD-0B24B1720DC2}
		{3D7B5A9E-5B8F-4E83-9564-8CCD331B7400} = {6643A3E0-7CD4-4BCE-84BD-0B24B1720DC2}
		{A75D9F8D-881B-4AC0-8756-57893E791C8B} = {6643A3E0-7CD4-4BCE-84BD-0B24B1720DC2}
	EndGlobalSection
	GlobalSection(ExtensibilityGlobals) = postSolution
		SolutionGuid = {A7CE3663-C71E-406C-B397-2EC8038C9771}
	EndGlobalSection
	GlobalSection(SharedMSBuildProjectFiles) = preSolution
		Samples\Samples\Samples.Shared\Samples.Shared.projitems*{09933a00-6dd0-4027-8310-29d9acf07537}*SharedItemsImports = 4
		src\Cartography\Cartography.StaticMap.Shared\Cartography.StaticMap.Shared.projitems*{3d7b5a9e-5b8f-4e83-9564-8ccd331b7400}*SharedItemsImports = 13
		Samples\Samples\Samples.Shared\Samples.Shared.projitems*{409f6e1d-0878-43dd-b984-92df1b13d58e}*SharedItemsImports = 4
		src\Cartography\Cartography.MapService.Shared\Cartography.MapService.Shared.projitems*{59385958-20f7-4478-9e3a-bb7935a83f5b}*SharedItemsImports = 5
		Samples\Samples\Samples.Shared\Samples.Shared.projitems*{5d877d72-cd00-48d4-8d31-543bb08c04ea}*SharedItemsImports = 4
		src\Cartography\Cartography.DynamicMap.Shared\Cartography.DynamicMap.Shared.projitems*{6121615b-aa46-4035-bd88-967f2662137d}*SharedItemsImports = 13
		Samples\Samples\Samples.Shared\Samples.Shared.projitems*{6279c845-92f8-4333-ab99-3d213163593c}*SharedItemsImports = 13
		src\Cartography\Cartography.MapService.Shared\Cartography.MapService.Shared.projitems*{76013d8e-0c47-4056-9d53-cdb9acb322be}*SharedItemsImports = 13
		src\Cartography\Cartography.StaticMap.Shared\Cartography.StaticMap.Shared.projitems*{a75d9f8d-881b-4ac0-8756-57893e791c8b}*SharedItemsImports = 5
		src\Cartography\Cartography.DynamicMap.Shared\Cartography.DynamicMap.Shared.projitems*{ee71ab45-399c-417c-8d54-be12566014c7}*SharedItemsImports = 5
	EndGlobalSection
EndGlobal
