
Microsoft Visual Studio Solution File, Format Version 12.00
# Visual Studio Version 17
VisualStudioVersion = 17.1.32414.318
MinimumVisualStudioVersion = 10.0.40219.1
Project("{2150E333-8FDC-42A3-9474-1A3956D46DE8}") = "Cartography", "Cartography", "{6643A3E0-7CD4-4BCE-84BD-0B24B1720DC2}"
EndProject
Project("{9A19103F-16F7-4668-BE54-9A1E7A4F7556}") = "Cartography.DynamicMap", "src\Cartography.DynamicMap\Cartography.DynamicMap.csproj", "{6ABE0223-31DE-46A3-9351-00E34FC9B8FF}"
EndProject
Project("{9A19103F-16F7-4668-BE54-9A1E7A4F7556}") = "Cartography.MapService", "src\Cartography.MapService\Cartography.MapService.csproj", "{90BD779B-BF4F-4949-B0B1-C31DA35B94F7}"
EndProject
Project("{9A19103F-16F7-4668-BE54-9A1E7A4F7556}") = "Cartography.StaticMap", "src\Cartography.StaticMap\Cartography.StaticMap.csproj", "{0B1DA980-496D-47C9-ACD5-592C91B20828}"
EndProject
Project("{FAE04EC0-301F-11D3-BF4B-00C04F79EFBC}") = "Cartography.DynamicMap.Abstractions", "src\Cartography.DynamicMap.Abstractions\Cartography.DynamicMap.Abstractions.csproj", "{B31B34BB-8B2E-49F5-91C2-1DB23C552A70}"
EndProject
Project("{FAE04EC0-301F-11D3-BF4B-00C04F79EFBC}") = "Cartography.StaticMap.Abstractions", "src\Cartography.StaticMap.Abstractions\Cartography.StaticMap.Abstractions.csproj", "{5B421BF3-04E6-4A9F-A744-F8743DC89805}"
EndProject
Project("{FAE04EC0-301F-11D3-BF4B-00C04F79EFBC}") = "Cartography.MapService.Abstractions", "src\Cartography.MapService.Abstractions\Cartography.MapService.Abstractions.csproj", "{758CECC0-87BD-4AB6-966B-649FBC5760AD}"
EndProject
Project("{2150E333-8FDC-42A3-9474-1A3956D46DE8}") = "Samples", "Samples", "{4A78F0CD-9F8B-4FEE-9A3F-E1C384AC75D8}"
EndProject
Project("{FAE04EC0-301F-11D3-BF4B-00C04F79EFBC}") = "Samples.Windows", "src\Samples.Windows\Samples.Windows.csproj", "{085EC7D1-8ABD-4C82-9065-5FECD1F1ED95}"
EndProject
Project("{FAE04EC0-301F-11D3-BF4B-00C04F79EFBC}") = "Samples.Mobile", "src\Samples.Mobile\Samples.Mobile.csproj", "{A70F685A-C27E-491E-B725-59EA565CED78}"
EndProject
Project("{D954291E-2A0B-460D-934E-DC6B0785DB48}") = "Samples.Views", "src\Samples.Shared.Views\Samples.Views.shproj", "{746587E0-B8E4-4A78-A7EA-DBC356367712}"
EndProject
Global
	GlobalSection(SolutionConfigurationPlatforms) = preSolution
		Ad-Hoc|Any CPU = Ad-Hoc|Any CPU
		Ad-Hoc|ARM = Ad-Hoc|ARM
		Ad-Hoc|ARM64 = Ad-Hoc|ARM64
		Ad-Hoc|iPhone = Ad-Hoc|iPhone
		Ad-Hoc|iPhoneSimulator = Ad-Hoc|iPhoneSimulator
		Ad-Hoc|NuGet = Ad-Hoc|NuGet
		Ad-Hoc|x64 = Ad-Hoc|x64
		Ad-Hoc|x86 = Ad-Hoc|x86
		AppStore|Any CPU = AppStore|Any CPU
		AppStore|ARM = AppStore|ARM
		AppStore|ARM64 = AppStore|ARM64
		AppStore|iPhone = AppStore|iPhone
		AppStore|iPhoneSimulator = AppStore|iPhoneSimulator
		AppStore|NuGet = AppStore|NuGet
		AppStore|x64 = AppStore|x64
		AppStore|x86 = AppStore|x86
		Debug|Any CPU = Debug|Any CPU
		Debug|ARM = Debug|ARM
		Debug|ARM64 = Debug|ARM64
		Debug|iPhone = Debug|iPhone
		Debug|iPhoneSimulator = Debug|iPhoneSimulator
		Debug|NuGet = Debug|NuGet
		Debug|x64 = Debug|x64
		Debug|x86 = Debug|x86
		Release|Any CPU = Release|Any CPU
		Release|ARM = Release|ARM
		Release|ARM64 = Release|ARM64
		Release|iPhone = Release|iPhone
		Release|iPhoneSimulator = Release|iPhoneSimulator
		Release|NuGet = Release|NuGet
		Release|x64 = Release|x64
		Release|x86 = Release|x86
	EndGlobalSection
	GlobalSection(ProjectConfigurationPlatforms) = postSolution
		{6ABE0223-31DE-46A3-9351-00E34FC9B8FF}.Ad-Hoc|Any CPU.ActiveCfg = Release|Any CPU
		{6ABE0223-31DE-46A3-9351-00E34FC9B8FF}.Ad-Hoc|Any CPU.Build.0 = Release|Any CPU
		{6ABE0223-31DE-46A3-9351-00E34FC9B8FF}.Ad-Hoc|ARM.ActiveCfg = Release|Any CPU
		{6ABE0223-31DE-46A3-9351-00E34FC9B8FF}.Ad-Hoc|ARM.Build.0 = Release|Any CPU
		{6ABE0223-31DE-46A3-9351-00E34FC9B8FF}.Ad-Hoc|ARM64.ActiveCfg = Release|Any CPU
		{6ABE0223-31DE-46A3-9351-00E34FC9B8FF}.Ad-Hoc|ARM64.Build.0 = Release|Any CPU
		{6ABE0223-31DE-46A3-9351-00E34FC9B8FF}.Ad-Hoc|iPhone.ActiveCfg = Release|Any CPU
		{6ABE0223-31DE-46A3-9351-00E34FC9B8FF}.Ad-Hoc|iPhone.Build.0 = Release|Any CPU
		{6ABE0223-31DE-46A3-9351-00E34FC9B8FF}.Ad-Hoc|iPhoneSimulator.ActiveCfg = Release|Any CPU
		{6ABE0223-31DE-46A3-9351-00E34FC9B8FF}.Ad-Hoc|iPhoneSimulator.Build.0 = Release|Any CPU
		{6ABE0223-31DE-46A3-9351-00E34FC9B8FF}.Ad-Hoc|NuGet.ActiveCfg = Debug|Any CPU
		{6ABE0223-31DE-46A3-9351-00E34FC9B8FF}.Ad-Hoc|NuGet.Build.0 = Debug|Any CPU
		{6ABE0223-31DE-46A3-9351-00E34FC9B8FF}.Ad-Hoc|x64.ActiveCfg = Release|Any CPU
		{6ABE0223-31DE-46A3-9351-00E34FC9B8FF}.Ad-Hoc|x64.Build.0 = Release|Any CPU
		{6ABE0223-31DE-46A3-9351-00E34FC9B8FF}.Ad-Hoc|x86.ActiveCfg = Release|Any CPU
		{6ABE0223-31DE-46A3-9351-00E34FC9B8FF}.Ad-Hoc|x86.Build.0 = Release|Any CPU
		{6ABE0223-31DE-46A3-9351-00E34FC9B8FF}.AppStore|Any CPU.ActiveCfg = Release|Any CPU
		{6ABE0223-31DE-46A3-9351-00E34FC9B8FF}.AppStore|Any CPU.Build.0 = Release|Any CPU
		{6ABE0223-31DE-46A3-9351-00E34FC9B8FF}.AppStore|ARM.ActiveCfg = Release|Any CPU
		{6ABE0223-31DE-46A3-9351-00E34FC9B8FF}.AppStore|ARM.Build.0 = Release|Any CPU
		{6ABE0223-31DE-46A3-9351-00E34FC9B8FF}.AppStore|ARM64.ActiveCfg = Release|Any CPU
		{6ABE0223-31DE-46A3-9351-00E34FC9B8FF}.AppStore|ARM64.Build.0 = Release|Any CPU
		{6ABE0223-31DE-46A3-9351-00E34FC9B8FF}.AppStore|iPhone.ActiveCfg = Release|Any CPU
		{6ABE0223-31DE-46A3-9351-00E34FC9B8FF}.AppStore|iPhone.Build.0 = Release|Any CPU
		{6ABE0223-31DE-46A3-9351-00E34FC9B8FF}.AppStore|iPhoneSimulator.ActiveCfg = Release|Any CPU
		{6ABE0223-31DE-46A3-9351-00E34FC9B8FF}.AppStore|iPhoneSimulator.Build.0 = Release|Any CPU
		{6ABE0223-31DE-46A3-9351-00E34FC9B8FF}.AppStore|NuGet.ActiveCfg = Debug|Any CPU
		{6ABE0223-31DE-46A3-9351-00E34FC9B8FF}.AppStore|NuGet.Build.0 = Debug|Any CPU
		{6ABE0223-31DE-46A3-9351-00E34FC9B8FF}.AppStore|x64.ActiveCfg = Release|Any CPU
		{6ABE0223-31DE-46A3-9351-00E34FC9B8FF}.AppStore|x64.Build.0 = Release|Any CPU
		{6ABE0223-31DE-46A3-9351-00E34FC9B8FF}.AppStore|x86.ActiveCfg = Release|Any CPU
		{6ABE0223-31DE-46A3-9351-00E34FC9B8FF}.AppStore|x86.Build.0 = Release|Any CPU
		{6ABE0223-31DE-46A3-9351-00E34FC9B8FF}.Debug|Any CPU.ActiveCfg = Debug|Any CPU
		{6ABE0223-31DE-46A3-9351-00E34FC9B8FF}.Debug|Any CPU.Build.0 = Debug|Any CPU
		{6ABE0223-31DE-46A3-9351-00E34FC9B8FF}.Debug|ARM.ActiveCfg = Debug|Any CPU
		{6ABE0223-31DE-46A3-9351-00E34FC9B8FF}.Debug|ARM.Build.0 = Debug|Any CPU
		{6ABE0223-31DE-46A3-9351-00E34FC9B8FF}.Debug|ARM64.ActiveCfg = Debug|Any CPU
		{6ABE0223-31DE-46A3-9351-00E34FC9B8FF}.Debug|ARM64.Build.0 = Debug|Any CPU
		{6ABE0223-31DE-46A3-9351-00E34FC9B8FF}.Debug|iPhone.ActiveCfg = Debug|Any CPU
		{6ABE0223-31DE-46A3-9351-00E34FC9B8FF}.Debug|iPhone.Build.0 = Debug|Any CPU
		{6ABE0223-31DE-46A3-9351-00E34FC9B8FF}.Debug|iPhoneSimulator.ActiveCfg = Debug|Any CPU
		{6ABE0223-31DE-46A3-9351-00E34FC9B8FF}.Debug|iPhoneSimulator.Build.0 = Debug|Any CPU
		{6ABE0223-31DE-46A3-9351-00E34FC9B8FF}.Debug|NuGet.ActiveCfg = Debug|Any CPU
		{6ABE0223-31DE-46A3-9351-00E34FC9B8FF}.Debug|NuGet.Build.0 = Debug|Any CPU
		{6ABE0223-31DE-46A3-9351-00E34FC9B8FF}.Debug|x64.ActiveCfg = Debug|Any CPU
		{6ABE0223-31DE-46A3-9351-00E34FC9B8FF}.Debug|x64.Build.0 = Debug|Any CPU
		{6ABE0223-31DE-46A3-9351-00E34FC9B8FF}.Debug|x86.ActiveCfg = Debug|Any CPU
		{6ABE0223-31DE-46A3-9351-00E34FC9B8FF}.Debug|x86.Build.0 = Debug|Any CPU
		{6ABE0223-31DE-46A3-9351-00E34FC9B8FF}.Release|Any CPU.ActiveCfg = Release|Any CPU
		{6ABE0223-31DE-46A3-9351-00E34FC9B8FF}.Release|Any CPU.Build.0 = Release|Any CPU
		{6ABE0223-31DE-46A3-9351-00E34FC9B8FF}.Release|ARM.ActiveCfg = Release|Any CPU
		{6ABE0223-31DE-46A3-9351-00E34FC9B8FF}.Release|ARM.Build.0 = Release|Any CPU
		{6ABE0223-31DE-46A3-9351-00E34FC9B8FF}.Release|ARM64.ActiveCfg = Release|Any CPU
		{6ABE0223-31DE-46A3-9351-00E34FC9B8FF}.Release|ARM64.Build.0 = Release|Any CPU
		{6ABE0223-31DE-46A3-9351-00E34FC9B8FF}.Release|iPhone.ActiveCfg = Release|Any CPU
		{6ABE0223-31DE-46A3-9351-00E34FC9B8FF}.Release|iPhone.Build.0 = Release|Any CPU
		{6ABE0223-31DE-46A3-9351-00E34FC9B8FF}.Release|iPhoneSimulator.ActiveCfg = Release|Any CPU
		{6ABE0223-31DE-46A3-9351-00E34FC9B8FF}.Release|iPhoneSimulator.Build.0 = Release|Any CPU
		{6ABE0223-31DE-46A3-9351-00E34FC9B8FF}.Release|NuGet.ActiveCfg = Release|Any CPU
		{6ABE0223-31DE-46A3-9351-00E34FC9B8FF}.Release|NuGet.Build.0 = Release|Any CPU
		{6ABE0223-31DE-46A3-9351-00E34FC9B8FF}.Release|x64.ActiveCfg = Release|Any CPU
		{6ABE0223-31DE-46A3-9351-00E34FC9B8FF}.Release|x64.Build.0 = Release|Any CPU
		{6ABE0223-31DE-46A3-9351-00E34FC9B8FF}.Release|x86.ActiveCfg = Release|Any CPU
		{6ABE0223-31DE-46A3-9351-00E34FC9B8FF}.Release|x86.Build.0 = Release|Any CPU
		{90BD779B-BF4F-4949-B0B1-C31DA35B94F7}.Ad-Hoc|Any CPU.ActiveCfg = Release|Any CPU
		{90BD779B-BF4F-4949-B0B1-C31DA35B94F7}.Ad-Hoc|Any CPU.Build.0 = Release|Any CPU
		{90BD779B-BF4F-4949-B0B1-C31DA35B94F7}.Ad-Hoc|ARM.ActiveCfg = Release|Any CPU
		{90BD779B-BF4F-4949-B0B1-C31DA35B94F7}.Ad-Hoc|ARM.Build.0 = Release|Any CPU
		{90BD779B-BF4F-4949-B0B1-C31DA35B94F7}.Ad-Hoc|ARM64.ActiveCfg = Release|Any CPU
		{90BD779B-BF4F-4949-B0B1-C31DA35B94F7}.Ad-Hoc|ARM64.Build.0 = Release|Any CPU
		{90BD779B-BF4F-4949-B0B1-C31DA35B94F7}.Ad-Hoc|iPhone.ActiveCfg = Release|Any CPU
		{90BD779B-BF4F-4949-B0B1-C31DA35B94F7}.Ad-Hoc|iPhone.Build.0 = Release|Any CPU
		{90BD779B-BF4F-4949-B0B1-C31DA35B94F7}.Ad-Hoc|iPhoneSimulator.ActiveCfg = Release|Any CPU
		{90BD779B-BF4F-4949-B0B1-C31DA35B94F7}.Ad-Hoc|iPhoneSimulator.Build.0 = Release|Any CPU
		{90BD779B-BF4F-4949-B0B1-C31DA35B94F7}.Ad-Hoc|NuGet.ActiveCfg = Debug|Any CPU
		{90BD779B-BF4F-4949-B0B1-C31DA35B94F7}.Ad-Hoc|NuGet.Build.0 = Debug|Any CPU
		{90BD779B-BF4F-4949-B0B1-C31DA35B94F7}.Ad-Hoc|x64.ActiveCfg = Release|Any CPU
		{90BD779B-BF4F-4949-B0B1-C31DA35B94F7}.Ad-Hoc|x64.Build.0 = Release|Any CPU
		{90BD779B-BF4F-4949-B0B1-C31DA35B94F7}.Ad-Hoc|x86.ActiveCfg = Release|Any CPU
		{90BD779B-BF4F-4949-B0B1-C31DA35B94F7}.Ad-Hoc|x86.Build.0 = Release|Any CPU
		{90BD779B-BF4F-4949-B0B1-C31DA35B94F7}.AppStore|Any CPU.ActiveCfg = Release|Any CPU
		{90BD779B-BF4F-4949-B0B1-C31DA35B94F7}.AppStore|Any CPU.Build.0 = Release|Any CPU
		{90BD779B-BF4F-4949-B0B1-C31DA35B94F7}.AppStore|ARM.ActiveCfg = Release|Any CPU
		{90BD779B-BF4F-4949-B0B1-C31DA35B94F7}.AppStore|ARM.Build.0 = Release|Any CPU
		{90BD779B-BF4F-4949-B0B1-C31DA35B94F7}.AppStore|ARM64.ActiveCfg = Release|Any CPU
		{90BD779B-BF4F-4949-B0B1-C31DA35B94F7}.AppStore|ARM64.Build.0 = Release|Any CPU
		{90BD779B-BF4F-4949-B0B1-C31DA35B94F7}.AppStore|iPhone.ActiveCfg = Release|Any CPU
		{90BD779B-BF4F-4949-B0B1-C31DA35B94F7}.AppStore|iPhone.Build.0 = Release|Any CPU
		{90BD779B-BF4F-4949-B0B1-C31DA35B94F7}.AppStore|iPhoneSimulator.ActiveCfg = Release|Any CPU
		{90BD779B-BF4F-4949-B0B1-C31DA35B94F7}.AppStore|iPhoneSimulator.Build.0 = Release|Any CPU
		{90BD779B-BF4F-4949-B0B1-C31DA35B94F7}.AppStore|NuGet.ActiveCfg = Debug|Any CPU
		{90BD779B-BF4F-4949-B0B1-C31DA35B94F7}.AppStore|NuGet.Build.0 = Debug|Any CPU
		{90BD779B-BF4F-4949-B0B1-C31DA35B94F7}.AppStore|x64.ActiveCfg = Release|Any CPU
		{90BD779B-BF4F-4949-B0B1-C31DA35B94F7}.AppStore|x64.Build.0 = Release|Any CPU
		{90BD779B-BF4F-4949-B0B1-C31DA35B94F7}.AppStore|x86.ActiveCfg = Release|Any CPU
		{90BD779B-BF4F-4949-B0B1-C31DA35B94F7}.AppStore|x86.Build.0 = Release|Any CPU
		{90BD779B-BF4F-4949-B0B1-C31DA35B94F7}.Debug|Any CPU.ActiveCfg = Debug|Any CPU
		{90BD779B-BF4F-4949-B0B1-C31DA35B94F7}.Debug|Any CPU.Build.0 = Debug|Any CPU
		{90BD779B-BF4F-4949-B0B1-C31DA35B94F7}.Debug|ARM.ActiveCfg = Debug|Any CPU
		{90BD779B-BF4F-4949-B0B1-C31DA35B94F7}.Debug|ARM.Build.0 = Debug|Any CPU
		{90BD779B-BF4F-4949-B0B1-C31DA35B94F7}.Debug|ARM64.ActiveCfg = Debug|Any CPU
		{90BD779B-BF4F-4949-B0B1-C31DA35B94F7}.Debug|ARM64.Build.0 = Debug|Any CPU
		{90BD779B-BF4F-4949-B0B1-C31DA35B94F7}.Debug|iPhone.ActiveCfg = Debug|Any CPU
		{90BD779B-BF4F-4949-B0B1-C31DA35B94F7}.Debug|iPhone.Build.0 = Debug|Any CPU
		{90BD779B-BF4F-4949-B0B1-C31DA35B94F7}.Debug|iPhoneSimulator.ActiveCfg = Debug|Any CPU
		{90BD779B-BF4F-4949-B0B1-C31DA35B94F7}.Debug|iPhoneSimulator.Build.0 = Debug|Any CPU
		{90BD779B-BF4F-4949-B0B1-C31DA35B94F7}.Debug|NuGet.ActiveCfg = Debug|Any CPU
		{90BD779B-BF4F-4949-B0B1-C31DA35B94F7}.Debug|NuGet.Build.0 = Debug|Any CPU
		{90BD779B-BF4F-4949-B0B1-C31DA35B94F7}.Debug|x64.ActiveCfg = Debug|Any CPU
		{90BD779B-BF4F-4949-B0B1-C31DA35B94F7}.Debug|x64.Build.0 = Debug|Any CPU
		{90BD779B-BF4F-4949-B0B1-C31DA35B94F7}.Debug|x86.ActiveCfg = Debug|Any CPU
		{90BD779B-BF4F-4949-B0B1-C31DA35B94F7}.Debug|x86.Build.0 = Debug|Any CPU
		{90BD779B-BF4F-4949-B0B1-C31DA35B94F7}.Release|Any CPU.ActiveCfg = Release|Any CPU
		{90BD779B-BF4F-4949-B0B1-C31DA35B94F7}.Release|Any CPU.Build.0 = Release|Any CPU
		{90BD779B-BF4F-4949-B0B1-C31DA35B94F7}.Release|ARM.ActiveCfg = Release|Any CPU
		{90BD779B-BF4F-4949-B0B1-C31DA35B94F7}.Release|ARM.Build.0 = Release|Any CPU
		{90BD779B-BF4F-4949-B0B1-C31DA35B94F7}.Release|ARM64.ActiveCfg = Release|Any CPU
		{90BD779B-BF4F-4949-B0B1-C31DA35B94F7}.Release|ARM64.Build.0 = Release|Any CPU
		{90BD779B-BF4F-4949-B0B1-C31DA35B94F7}.Release|iPhone.ActiveCfg = Release|Any CPU
		{90BD779B-BF4F-4949-B0B1-C31DA35B94F7}.Release|iPhone.Build.0 = Release|Any CPU
		{90BD779B-BF4F-4949-B0B1-C31DA35B94F7}.Release|iPhoneSimulator.ActiveCfg = Release|Any CPU
		{90BD779B-BF4F-4949-B0B1-C31DA35B94F7}.Release|iPhoneSimulator.Build.0 = Release|Any CPU
		{90BD779B-BF4F-4949-B0B1-C31DA35B94F7}.Release|NuGet.ActiveCfg = Release|Any CPU
		{90BD779B-BF4F-4949-B0B1-C31DA35B94F7}.Release|NuGet.Build.0 = Release|Any CPU
		{90BD779B-BF4F-4949-B0B1-C31DA35B94F7}.Release|x64.ActiveCfg = Release|Any CPU
		{90BD779B-BF4F-4949-B0B1-C31DA35B94F7}.Release|x64.Build.0 = Release|Any CPU
		{90BD779B-BF4F-4949-B0B1-C31DA35B94F7}.Release|x86.ActiveCfg = Release|Any CPU
		{90BD779B-BF4F-4949-B0B1-C31DA35B94F7}.Release|x86.Build.0 = Release|Any CPU
		{0B1DA980-496D-47C9-ACD5-592C91B20828}.Ad-Hoc|Any CPU.ActiveCfg = Release|Any CPU
		{0B1DA980-496D-47C9-ACD5-592C91B20828}.Ad-Hoc|Any CPU.Build.0 = Release|Any CPU
		{0B1DA980-496D-47C9-ACD5-592C91B20828}.Ad-Hoc|ARM.ActiveCfg = Release|Any CPU
		{0B1DA980-496D-47C9-ACD5-592C91B20828}.Ad-Hoc|ARM.Build.0 = Release|Any CPU
		{0B1DA980-496D-47C9-ACD5-592C91B20828}.Ad-Hoc|ARM64.ActiveCfg = Release|Any CPU
		{0B1DA980-496D-47C9-ACD5-592C91B20828}.Ad-Hoc|ARM64.Build.0 = Release|Any CPU
		{0B1DA980-496D-47C9-ACD5-592C91B20828}.Ad-Hoc|iPhone.ActiveCfg = Release|Any CPU
		{0B1DA980-496D-47C9-ACD5-592C91B20828}.Ad-Hoc|iPhone.Build.0 = Release|Any CPU
		{0B1DA980-496D-47C9-ACD5-592C91B20828}.Ad-Hoc|iPhoneSimulator.ActiveCfg = Release|Any CPU
		{0B1DA980-496D-47C9-ACD5-592C91B20828}.Ad-Hoc|iPhoneSimulator.Build.0 = Release|Any CPU
		{0B1DA980-496D-47C9-ACD5-592C91B20828}.Ad-Hoc|NuGet.ActiveCfg = Debug|Any CPU
		{0B1DA980-496D-47C9-ACD5-592C91B20828}.Ad-Hoc|NuGet.Build.0 = Debug|Any CPU
		{0B1DA980-496D-47C9-ACD5-592C91B20828}.Ad-Hoc|x64.ActiveCfg = Release|Any CPU
		{0B1DA980-496D-47C9-ACD5-592C91B20828}.Ad-Hoc|x64.Build.0 = Release|Any CPU
		{0B1DA980-496D-47C9-ACD5-592C91B20828}.Ad-Hoc|x86.ActiveCfg = Release|Any CPU
		{0B1DA980-496D-47C9-ACD5-592C91B20828}.Ad-Hoc|x86.Build.0 = Release|Any CPU
		{0B1DA980-496D-47C9-ACD5-592C91B20828}.AppStore|Any CPU.ActiveCfg = Release|Any CPU
		{0B1DA980-496D-47C9-ACD5-592C91B20828}.AppStore|Any CPU.Build.0 = Release|Any CPU
		{0B1DA980-496D-47C9-ACD5-592C91B20828}.AppStore|ARM.ActiveCfg = Release|Any CPU
		{0B1DA980-496D-47C9-ACD5-592C91B20828}.AppStore|ARM.Build.0 = Release|Any CPU
		{0B1DA980-496D-47C9-ACD5-592C91B20828}.AppStore|ARM64.ActiveCfg = Release|Any CPU
		{0B1DA980-496D-47C9-ACD5-592C91B20828}.AppStore|ARM64.Build.0 = Release|Any CPU
		{0B1DA980-496D-47C9-ACD5-592C91B20828}.AppStore|iPhone.ActiveCfg = Release|Any CPU
		{0B1DA980-496D-47C9-ACD5-592C91B20828}.AppStore|iPhone.Build.0 = Release|Any CPU
		{0B1DA980-496D-47C9-ACD5-592C91B20828}.AppStore|iPhoneSimulator.ActiveCfg = Release|Any CPU
		{0B1DA980-496D-47C9-ACD5-592C91B20828}.AppStore|iPhoneSimulator.Build.0 = Release|Any CPU
		{0B1DA980-496D-47C9-ACD5-592C91B20828}.AppStore|NuGet.ActiveCfg = Debug|Any CPU
		{0B1DA980-496D-47C9-ACD5-592C91B20828}.AppStore|NuGet.Build.0 = Debug|Any CPU
		{0B1DA980-496D-47C9-ACD5-592C91B20828}.AppStore|x64.ActiveCfg = Release|Any CPU
		{0B1DA980-496D-47C9-ACD5-592C91B20828}.AppStore|x64.Build.0 = Release|Any CPU
		{0B1DA980-496D-47C9-ACD5-592C91B20828}.AppStore|x86.ActiveCfg = Release|Any CPU
		{0B1DA980-496D-47C9-ACD5-592C91B20828}.AppStore|x86.Build.0 = Release|Any CPU
		{0B1DA980-496D-47C9-ACD5-592C91B20828}.Debug|Any CPU.ActiveCfg = Debug|Any CPU
		{0B1DA980-496D-47C9-ACD5-592C91B20828}.Debug|Any CPU.Build.0 = Debug|Any CPU
		{0B1DA980-496D-47C9-ACD5-592C91B20828}.Debug|ARM.ActiveCfg = Debug|Any CPU
		{0B1DA980-496D-47C9-ACD5-592C91B20828}.Debug|ARM.Build.0 = Debug|Any CPU
		{0B1DA980-496D-47C9-ACD5-592C91B20828}.Debug|ARM64.ActiveCfg = Debug|Any CPU
		{0B1DA980-496D-47C9-ACD5-592C91B20828}.Debug|ARM64.Build.0 = Debug|Any CPU
		{0B1DA980-496D-47C9-ACD5-592C91B20828}.Debug|iPhone.ActiveCfg = Debug|Any CPU
		{0B1DA980-496D-47C9-ACD5-592C91B20828}.Debug|iPhone.Build.0 = Debug|Any CPU
		{0B1DA980-496D-47C9-ACD5-592C91B20828}.Debug|iPhoneSimulator.ActiveCfg = Debug|Any CPU
		{0B1DA980-496D-47C9-ACD5-592C91B20828}.Debug|iPhoneSimulator.Build.0 = Debug|Any CPU
		{0B1DA980-496D-47C9-ACD5-592C91B20828}.Debug|NuGet.ActiveCfg = Debug|Any CPU
		{0B1DA980-496D-47C9-ACD5-592C91B20828}.Debug|NuGet.Build.0 = Debug|Any CPU
		{0B1DA980-496D-47C9-ACD5-592C91B20828}.Debug|x64.ActiveCfg = Debug|Any CPU
		{0B1DA980-496D-47C9-ACD5-592C91B20828}.Debug|x64.Build.0 = Debug|Any CPU
		{0B1DA980-496D-47C9-ACD5-592C91B20828}.Debug|x86.ActiveCfg = Debug|Any CPU
		{0B1DA980-496D-47C9-ACD5-592C91B20828}.Debug|x86.Build.0 = Debug|Any CPU
		{0B1DA980-496D-47C9-ACD5-592C91B20828}.Release|Any CPU.ActiveCfg = Release|Any CPU
		{0B1DA980-496D-47C9-ACD5-592C91B20828}.Release|Any CPU.Build.0 = Release|Any CPU
		{0B1DA980-496D-47C9-ACD5-592C91B20828}.Release|ARM.ActiveCfg = Release|Any CPU
		{0B1DA980-496D-47C9-ACD5-592C91B20828}.Release|ARM.Build.0 = Release|Any CPU
		{0B1DA980-496D-47C9-ACD5-592C91B20828}.Release|ARM64.ActiveCfg = Release|Any CPU
		{0B1DA980-496D-47C9-ACD5-592C91B20828}.Release|ARM64.Build.0 = Release|Any CPU
		{0B1DA980-496D-47C9-ACD5-592C91B20828}.Release|iPhone.ActiveCfg = Release|Any CPU
		{0B1DA980-496D-47C9-ACD5-592C91B20828}.Release|iPhone.Build.0 = Release|Any CPU
		{0B1DA980-496D-47C9-ACD5-592C91B20828}.Release|iPhoneSimulator.ActiveCfg = Release|Any CPU
		{0B1DA980-496D-47C9-ACD5-592C91B20828}.Release|iPhoneSimulator.Build.0 = Release|Any CPU
		{0B1DA980-496D-47C9-ACD5-592C91B20828}.Release|NuGet.ActiveCfg = Release|Any CPU
		{0B1DA980-496D-47C9-ACD5-592C91B20828}.Release|NuGet.Build.0 = Release|Any CPU
		{0B1DA980-496D-47C9-ACD5-592C91B20828}.Release|x64.ActiveCfg = Release|Any CPU
		{0B1DA980-496D-47C9-ACD5-592C91B20828}.Release|x64.Build.0 = Release|Any CPU
		{0B1DA980-496D-47C9-ACD5-592C91B20828}.Release|x86.ActiveCfg = Release|Any CPU
		{0B1DA980-496D-47C9-ACD5-592C91B20828}.Release|x86.Build.0 = Release|Any CPU
		{B31B34BB-8B2E-49F5-91C2-1DB23C552A70}.Ad-Hoc|Any CPU.ActiveCfg = Release|Any CPU
		{B31B34BB-8B2E-49F5-91C2-1DB23C552A70}.Ad-Hoc|Any CPU.Build.0 = Release|Any CPU
		{B31B34BB-8B2E-49F5-91C2-1DB23C552A70}.Ad-Hoc|ARM.ActiveCfg = Debug|Any CPU
		{B31B34BB-8B2E-49F5-91C2-1DB23C552A70}.Ad-Hoc|ARM.Build.0 = Debug|Any CPU
		{B31B34BB-8B2E-49F5-91C2-1DB23C552A70}.Ad-Hoc|ARM64.ActiveCfg = Debug|Any CPU
		{B31B34BB-8B2E-49F5-91C2-1DB23C552A70}.Ad-Hoc|ARM64.Build.0 = Debug|Any CPU
		{B31B34BB-8B2E-49F5-91C2-1DB23C552A70}.Ad-Hoc|iPhone.ActiveCfg = Debug|Any CPU
		{B31B34BB-8B2E-49F5-91C2-1DB23C552A70}.Ad-Hoc|iPhone.Build.0 = Debug|Any CPU
		{B31B34BB-8B2E-49F5-91C2-1DB23C552A70}.Ad-Hoc|iPhoneSimulator.ActiveCfg = Debug|Any CPU
		{B31B34BB-8B2E-49F5-91C2-1DB23C552A70}.Ad-Hoc|iPhoneSimulator.Build.0 = Debug|Any CPU
		{B31B34BB-8B2E-49F5-91C2-1DB23C552A70}.Ad-Hoc|NuGet.ActiveCfg = Debug|Any CPU
		{B31B34BB-8B2E-49F5-91C2-1DB23C552A70}.Ad-Hoc|NuGet.Build.0 = Debug|Any CPU
		{B31B34BB-8B2E-49F5-91C2-1DB23C552A70}.Ad-Hoc|x64.ActiveCfg = Debug|Any CPU
		{B31B34BB-8B2E-49F5-91C2-1DB23C552A70}.Ad-Hoc|x64.Build.0 = Debug|Any CPU
		{B31B34BB-8B2E-49F5-91C2-1DB23C552A70}.Ad-Hoc|x86.ActiveCfg = Debug|Any CPU
		{B31B34BB-8B2E-49F5-91C2-1DB23C552A70}.Ad-Hoc|x86.Build.0 = Debug|Any CPU
		{B31B34BB-8B2E-49F5-91C2-1DB23C552A70}.AppStore|Any CPU.ActiveCfg = Release|Any CPU
		{B31B34BB-8B2E-49F5-91C2-1DB23C552A70}.AppStore|Any CPU.Build.0 = Release|Any CPU
		{B31B34BB-8B2E-49F5-91C2-1DB23C552A70}.AppStore|ARM.ActiveCfg = Debug|Any CPU
		{B31B34BB-8B2E-49F5-91C2-1DB23C552A70}.AppStore|ARM.Build.0 = Debug|Any CPU
		{B31B34BB-8B2E-49F5-91C2-1DB23C552A70}.AppStore|ARM64.ActiveCfg = Debug|Any CPU
		{B31B34BB-8B2E-49F5-91C2-1DB23C552A70}.AppStore|ARM64.Build.0 = Debug|Any CPU
		{B31B34BB-8B2E-49F5-91C2-1DB23C552A70}.AppStore|iPhone.ActiveCfg = Debug|Any CPU
		{B31B34BB-8B2E-49F5-91C2-1DB23C552A70}.AppStore|iPhone.Build.0 = Debug|Any CPU
		{B31B34BB-8B2E-49F5-91C2-1DB23C552A70}.AppStore|iPhoneSimulator.ActiveCfg = Debug|Any CPU
		{B31B34BB-8B2E-49F5-91C2-1DB23C552A70}.AppStore|iPhoneSimulator.Build.0 = Debug|Any CPU
		{B31B34BB-8B2E-49F5-91C2-1DB23C552A70}.AppStore|NuGet.ActiveCfg = Debug|Any CPU
		{B31B34BB-8B2E-49F5-91C2-1DB23C552A70}.AppStore|NuGet.Build.0 = Debug|Any CPU
		{B31B34BB-8B2E-49F5-91C2-1DB23C552A70}.AppStore|x64.ActiveCfg = Debug|Any CPU
		{B31B34BB-8B2E-49F5-91C2-1DB23C552A70}.AppStore|x64.Build.0 = Debug|Any CPU
		{B31B34BB-8B2E-49F5-91C2-1DB23C552A70}.AppStore|x86.ActiveCfg = Debug|Any CPU
		{B31B34BB-8B2E-49F5-91C2-1DB23C552A70}.AppStore|x86.Build.0 = Debug|Any CPU
		{B31B34BB-8B2E-49F5-91C2-1DB23C552A70}.Debug|Any CPU.ActiveCfg = Debug|Any CPU
		{B31B34BB-8B2E-49F5-91C2-1DB23C552A70}.Debug|Any CPU.Build.0 = Debug|Any CPU
		{B31B34BB-8B2E-49F5-91C2-1DB23C552A70}.Debug|ARM.ActiveCfg = Debug|Any CPU
		{B31B34BB-8B2E-49F5-91C2-1DB23C552A70}.Debug|ARM.Build.0 = Debug|Any CPU
		{B31B34BB-8B2E-49F5-91C2-1DB23C552A70}.Debug|ARM64.ActiveCfg = Debug|Any CPU
		{B31B34BB-8B2E-49F5-91C2-1DB23C552A70}.Debug|ARM64.Build.0 = Debug|Any CPU
		{B31B34BB-8B2E-49F5-91C2-1DB23C552A70}.Debug|iPhone.ActiveCfg = Debug|Any CPU
		{B31B34BB-8B2E-49F5-91C2-1DB23C552A70}.Debug|iPhone.Build.0 = Debug|Any CPU
		{B31B34BB-8B2E-49F5-91C2-1DB23C552A70}.Debug|iPhoneSimulator.ActiveCfg = Debug|Any CPU
		{B31B34BB-8B2E-49F5-91C2-1DB23C552A70}.Debug|iPhoneSimulator.Build.0 = Debug|Any CPU
		{B31B34BB-8B2E-49F5-91C2-1DB23C552A70}.Debug|NuGet.ActiveCfg = Debug|Any CPU
		{B31B34BB-8B2E-49F5-91C2-1DB23C552A70}.Debug|NuGet.Build.0 = Debug|Any CPU
		{B31B34BB-8B2E-49F5-91C2-1DB23C552A70}.Debug|x64.ActiveCfg = Debug|Any CPU
		{B31B34BB-8B2E-49F5-91C2-1DB23C552A70}.Debug|x64.Build.0 = Debug|Any CPU
		{B31B34BB-8B2E-49F5-91C2-1DB23C552A70}.Debug|x86.ActiveCfg = Debug|Any CPU
		{B31B34BB-8B2E-49F5-91C2-1DB23C552A70}.Debug|x86.Build.0 = Debug|Any CPU
		{B31B34BB-8B2E-49F5-91C2-1DB23C552A70}.Release|Any CPU.ActiveCfg = Release|Any CPU
		{B31B34BB-8B2E-49F5-91C2-1DB23C552A70}.Release|Any CPU.Build.0 = Release|Any CPU
		{B31B34BB-8B2E-49F5-91C2-1DB23C552A70}.Release|ARM.ActiveCfg = Release|Any CPU
		{B31B34BB-8B2E-49F5-91C2-1DB23C552A70}.Release|ARM.Build.0 = Release|Any CPU
		{B31B34BB-8B2E-49F5-91C2-1DB23C552A70}.Release|ARM64.ActiveCfg = Release|Any CPU
		{B31B34BB-8B2E-49F5-91C2-1DB23C552A70}.Release|ARM64.Build.0 = Release|Any CPU
		{B31B34BB-8B2E-49F5-91C2-1DB23C552A70}.Release|iPhone.ActiveCfg = Release|Any CPU
		{B31B34BB-8B2E-49F5-91C2-1DB23C552A70}.Release|iPhone.Build.0 = Release|Any CPU
		{B31B34BB-8B2E-49F5-91C2-1DB23C552A70}.Release|iPhoneSimulator.ActiveCfg = Release|Any CPU
		{B31B34BB-8B2E-49F5-91C2-1DB23C552A70}.Release|iPhoneSimulator.Build.0 = Release|Any CPU
		{B31B34BB-8B2E-49F5-91C2-1DB23C552A70}.Release|NuGet.ActiveCfg = Release|Any CPU
		{B31B34BB-8B2E-49F5-91C2-1DB23C552A70}.Release|NuGet.Build.0 = Release|Any CPU
		{B31B34BB-8B2E-49F5-91C2-1DB23C552A70}.Release|x64.ActiveCfg = Release|Any CPU
		{B31B34BB-8B2E-49F5-91C2-1DB23C552A70}.Release|x64.Build.0 = Release|Any CPU
		{B31B34BB-8B2E-49F5-91C2-1DB23C552A70}.Release|x86.ActiveCfg = Release|Any CPU
		{B31B34BB-8B2E-49F5-91C2-1DB23C552A70}.Release|x86.Build.0 = Release|Any CPU
		{5B421BF3-04E6-4A9F-A744-F8743DC89805}.Ad-Hoc|Any CPU.ActiveCfg = Release|Any CPU
		{5B421BF3-04E6-4A9F-A744-F8743DC89805}.Ad-Hoc|Any CPU.Build.0 = Release|Any CPU
		{5B421BF3-04E6-4A9F-A744-F8743DC89805}.Ad-Hoc|ARM.ActiveCfg = Debug|Any CPU
		{5B421BF3-04E6-4A9F-A744-F8743DC89805}.Ad-Hoc|ARM.Build.0 = Debug|Any CPU
		{5B421BF3-04E6-4A9F-A744-F8743DC89805}.Ad-Hoc|ARM64.ActiveCfg = Debug|Any CPU
		{5B421BF3-04E6-4A9F-A744-F8743DC89805}.Ad-Hoc|ARM64.Build.0 = Debug|Any CPU
		{5B421BF3-04E6-4A9F-A744-F8743DC89805}.Ad-Hoc|iPhone.ActiveCfg = Debug|Any CPU
		{5B421BF3-04E6-4A9F-A744-F8743DC89805}.Ad-Hoc|iPhone.Build.0 = Debug|Any CPU
		{5B421BF3-04E6-4A9F-A744-F8743DC89805}.Ad-Hoc|iPhoneSimulator.ActiveCfg = Debug|Any CPU
		{5B421BF3-04E6-4A9F-A744-F8743DC89805}.Ad-Hoc|iPhoneSimulator.Build.0 = Debug|Any CPU
		{5B421BF3-04E6-4A9F-A744-F8743DC89805}.Ad-Hoc|NuGet.ActiveCfg = Debug|Any CPU
		{5B421BF3-04E6-4A9F-A744-F8743DC89805}.Ad-Hoc|NuGet.Build.0 = Debug|Any CPU
		{5B421BF3-04E6-4A9F-A744-F8743DC89805}.Ad-Hoc|x64.ActiveCfg = Debug|Any CPU
		{5B421BF3-04E6-4A9F-A744-F8743DC89805}.Ad-Hoc|x64.Build.0 = Debug|Any CPU
		{5B421BF3-04E6-4A9F-A744-F8743DC89805}.Ad-Hoc|x86.ActiveCfg = Debug|Any CPU
		{5B421BF3-04E6-4A9F-A744-F8743DC89805}.Ad-Hoc|x86.Build.0 = Debug|Any CPU
		{5B421BF3-04E6-4A9F-A744-F8743DC89805}.AppStore|Any CPU.ActiveCfg = Release|Any CPU
		{5B421BF3-04E6-4A9F-A744-F8743DC89805}.AppStore|Any CPU.Build.0 = Release|Any CPU
		{5B421BF3-04E6-4A9F-A744-F8743DC89805}.AppStore|ARM.ActiveCfg = Debug|Any CPU
		{5B421BF3-04E6-4A9F-A744-F8743DC89805}.AppStore|ARM.Build.0 = Debug|Any CPU
		{5B421BF3-04E6-4A9F-A744-F8743DC89805}.AppStore|ARM64.ActiveCfg = Debug|Any CPU
		{5B421BF3-04E6-4A9F-A744-F8743DC89805}.AppStore|ARM64.Build.0 = Debug|Any CPU
		{5B421BF3-04E6-4A9F-A744-F8743DC89805}.AppStore|iPhone.ActiveCfg = Debug|Any CPU
		{5B421BF3-04E6-4A9F-A744-F8743DC89805}.AppStore|iPhone.Build.0 = Debug|Any CPU
		{5B421BF3-04E6-4A9F-A744-F8743DC89805}.AppStore|iPhoneSimulator.ActiveCfg = Debug|Any CPU
		{5B421BF3-04E6-4A9F-A744-F8743DC89805}.AppStore|iPhoneSimulator.Build.0 = Debug|Any CPU
		{5B421BF3-04E6-4A9F-A744-F8743DC89805}.AppStore|NuGet.ActiveCfg = Debug|Any CPU
		{5B421BF3-04E6-4A9F-A744-F8743DC89805}.AppStore|NuGet.Build.0 = Debug|Any CPU
		{5B421BF3-04E6-4A9F-A744-F8743DC89805}.AppStore|x64.ActiveCfg = Debug|Any CPU
		{5B421BF3-04E6-4A9F-A744-F8743DC89805}.AppStore|x64.Build.0 = Debug|Any CPU
		{5B421BF3-04E6-4A9F-A744-F8743DC89805}.AppStore|x86.ActiveCfg = Debug|Any CPU
		{5B421BF3-04E6-4A9F-A744-F8743DC89805}.AppStore|x86.Build.0 = Debug|Any CPU
		{5B421BF3-04E6-4A9F-A744-F8743DC89805}.Debug|Any CPU.ActiveCfg = Debug|Any CPU
		{5B421BF3-04E6-4A9F-A744-F8743DC89805}.Debug|Any CPU.Build.0 = Debug|Any CPU
		{5B421BF3-04E6-4A9F-A744-F8743DC89805}.Debug|ARM.ActiveCfg = Debug|Any CPU
		{5B421BF3-04E6-4A9F-A744-F8743DC89805}.Debug|ARM.Build.0 = Debug|Any CPU
		{5B421BF3-04E6-4A9F-A744-F8743DC89805}.Debug|ARM64.ActiveCfg = Debug|Any CPU
		{5B421BF3-04E6-4A9F-A744-F8743DC89805}.Debug|ARM64.Build.0 = Debug|Any CPU
		{5B421BF3-04E6-4A9F-A744-F8743DC89805}.Debug|iPhone.ActiveCfg = Debug|Any CPU
		{5B421BF3-04E6-4A9F-A744-F8743DC89805}.Debug|iPhone.Build.0 = Debug|Any CPU
		{5B421BF3-04E6-4A9F-A744-F8743DC89805}.Debug|iPhoneSimulator.ActiveCfg = Debug|Any CPU
		{5B421BF3-04E6-4A9F-A744-F8743DC89805}.Debug|iPhoneSimulator.Build.0 = Debug|Any CPU
		{5B421BF3-04E6-4A9F-A744-F8743DC89805}.Debug|NuGet.ActiveCfg = Debug|Any CPU
		{5B421BF3-04E6-4A9F-A744-F8743DC89805}.Debug|NuGet.Build.0 = Debug|Any CPU
		{5B421BF3-04E6-4A9F-A744-F8743DC89805}.Debug|x64.ActiveCfg = Debug|Any CPU
		{5B421BF3-04E6-4A9F-A744-F8743DC89805}.Debug|x64.Build.0 = Debug|Any CPU
		{5B421BF3-04E6-4A9F-A744-F8743DC89805}.Debug|x86.ActiveCfg = Debug|Any CPU
		{5B421BF3-04E6-4A9F-A744-F8743DC89805}.Debug|x86.Build.0 = Debug|Any CPU
		{5B421BF3-04E6-4A9F-A744-F8743DC89805}.Release|Any CPU.ActiveCfg = Release|Any CPU
		{5B421BF3-04E6-4A9F-A744-F8743DC89805}.Release|Any CPU.Build.0 = Release|Any CPU
		{5B421BF3-04E6-4A9F-A744-F8743DC89805}.Release|ARM.ActiveCfg = Release|Any CPU
		{5B421BF3-04E6-4A9F-A744-F8743DC89805}.Release|ARM.Build.0 = Release|Any CPU
		{5B421BF3-04E6-4A9F-A744-F8743DC89805}.Release|ARM64.ActiveCfg = Release|Any CPU
		{5B421BF3-04E6-4A9F-A744-F8743DC89805}.Release|ARM64.Build.0 = Release|Any CPU
		{5B421BF3-04E6-4A9F-A744-F8743DC89805}.Release|iPhone.ActiveCfg = Release|Any CPU
		{5B421BF3-04E6-4A9F-A744-F8743DC89805}.Release|iPhone.Build.0 = Release|Any CPU
		{5B421BF3-04E6-4A9F-A744-F8743DC89805}.Release|iPhoneSimulator.ActiveCfg = Release|Any CPU
		{5B421BF3-04E6-4A9F-A744-F8743DC89805}.Release|iPhoneSimulator.Build.0 = Release|Any CPU
		{5B421BF3-04E6-4A9F-A744-F8743DC89805}.Release|NuGet.ActiveCfg = Release|Any CPU
		{5B421BF3-04E6-4A9F-A744-F8743DC89805}.Release|NuGet.Build.0 = Release|Any CPU
		{5B421BF3-04E6-4A9F-A744-F8743DC89805}.Release|x64.ActiveCfg = Release|Any CPU
		{5B421BF3-04E6-4A9F-A744-F8743DC89805}.Release|x64.Build.0 = Release|Any CPU
		{5B421BF3-04E6-4A9F-A744-F8743DC89805}.Release|x86.ActiveCfg = Release|Any CPU
		{5B421BF3-04E6-4A9F-A744-F8743DC89805}.Release|x86.Build.0 = Release|Any CPU
		{758CECC0-87BD-4AB6-966B-649FBC5760AD}.Ad-Hoc|Any CPU.ActiveCfg = Release|Any CPU
		{758CECC0-87BD-4AB6-966B-649FBC5760AD}.Ad-Hoc|Any CPU.Build.0 = Release|Any CPU
		{758CECC0-87BD-4AB6-966B-649FBC5760AD}.Ad-Hoc|ARM.ActiveCfg = Debug|Any CPU
		{758CECC0-87BD-4AB6-966B-649FBC5760AD}.Ad-Hoc|ARM.Build.0 = Debug|Any CPU
		{758CECC0-87BD-4AB6-966B-649FBC5760AD}.Ad-Hoc|ARM64.ActiveCfg = Debug|Any CPU
		{758CECC0-87BD-4AB6-966B-649FBC5760AD}.Ad-Hoc|ARM64.Build.0 = Debug|Any CPU
		{758CECC0-87BD-4AB6-966B-649FBC5760AD}.Ad-Hoc|iPhone.ActiveCfg = Debug|Any CPU
		{758CECC0-87BD-4AB6-966B-649FBC5760AD}.Ad-Hoc|iPhone.Build.0 = Debug|Any CPU
		{758CECC0-87BD-4AB6-966B-649FBC5760AD}.Ad-Hoc|iPhoneSimulator.ActiveCfg = Debug|Any CPU
		{758CECC0-87BD-4AB6-966B-649FBC5760AD}.Ad-Hoc|iPhoneSimulator.Build.0 = Debug|Any CPU
		{758CECC0-87BD-4AB6-966B-649FBC5760AD}.Ad-Hoc|NuGet.ActiveCfg = Debug|Any CPU
		{758CECC0-87BD-4AB6-966B-649FBC5760AD}.Ad-Hoc|NuGet.Build.0 = Debug|Any CPU
		{758CECC0-87BD-4AB6-966B-649FBC5760AD}.Ad-Hoc|x64.ActiveCfg = Debug|Any CPU
		{758CECC0-87BD-4AB6-966B-649FBC5760AD}.Ad-Hoc|x64.Build.0 = Debug|Any CPU
		{758CECC0-87BD-4AB6-966B-649FBC5760AD}.Ad-Hoc|x86.ActiveCfg = Debug|Any CPU
		{758CECC0-87BD-4AB6-966B-649FBC5760AD}.Ad-Hoc|x86.Build.0 = Debug|Any CPU
		{758CECC0-87BD-4AB6-966B-649FBC5760AD}.AppStore|Any CPU.ActiveCfg = Release|Any CPU
		{758CECC0-87BD-4AB6-966B-649FBC5760AD}.AppStore|Any CPU.Build.0 = Release|Any CPU
		{758CECC0-87BD-4AB6-966B-649FBC5760AD}.AppStore|ARM.ActiveCfg = Debug|Any CPU
		{758CECC0-87BD-4AB6-966B-649FBC5760AD}.AppStore|ARM.Build.0 = Debug|Any CPU
		{758CECC0-87BD-4AB6-966B-649FBC5760AD}.AppStore|ARM64.ActiveCfg = Debug|Any CPU
		{758CECC0-87BD-4AB6-966B-649FBC5760AD}.AppStore|ARM64.Build.0 = Debug|Any CPU
		{758CECC0-87BD-4AB6-966B-649FBC5760AD}.AppStore|iPhone.ActiveCfg = Debug|Any CPU
		{758CECC0-87BD-4AB6-966B-649FBC5760AD}.AppStore|iPhone.Build.0 = Debug|Any CPU
		{758CECC0-87BD-4AB6-966B-649FBC5760AD}.AppStore|iPhoneSimulator.ActiveCfg = Debug|Any CPU
		{758CECC0-87BD-4AB6-966B-649FBC5760AD}.AppStore|iPhoneSimulator.Build.0 = Debug|Any CPU
		{758CECC0-87BD-4AB6-966B-649FBC5760AD}.AppStore|NuGet.ActiveCfg = Debug|Any CPU
		{758CECC0-87BD-4AB6-966B-649FBC5760AD}.AppStore|NuGet.Build.0 = Debug|Any CPU
		{758CECC0-87BD-4AB6-966B-649FBC5760AD}.AppStore|x64.ActiveCfg = Debug|Any CPU
		{758CECC0-87BD-4AB6-966B-649FBC5760AD}.AppStore|x64.Build.0 = Debug|Any CPU
		{758CECC0-87BD-4AB6-966B-649FBC5760AD}.AppStore|x86.ActiveCfg = Debug|Any CPU
		{758CECC0-87BD-4AB6-966B-649FBC5760AD}.AppStore|x86.Build.0 = Debug|Any CPU
		{758CECC0-87BD-4AB6-966B-649FBC5760AD}.Debug|Any CPU.ActiveCfg = Debug|Any CPU
		{758CECC0-87BD-4AB6-966B-649FBC5760AD}.Debug|Any CPU.Build.0 = Debug|Any CPU
		{758CECC0-87BD-4AB6-966B-649FBC5760AD}.Debug|ARM.ActiveCfg = Debug|Any CPU
		{758CECC0-87BD-4AB6-966B-649FBC5760AD}.Debug|ARM.Build.0 = Debug|Any CPU
		{758CECC0-87BD-4AB6-966B-649FBC5760AD}.Debug|ARM64.ActiveCfg = Debug|Any CPU
		{758CECC0-87BD-4AB6-966B-649FBC5760AD}.Debug|ARM64.Build.0 = Debug|Any CPU
		{758CECC0-87BD-4AB6-966B-649FBC5760AD}.Debug|iPhone.ActiveCfg = Debug|Any CPU
		{758CECC0-87BD-4AB6-966B-649FBC5760AD}.Debug|iPhone.Build.0 = Debug|Any CPU
		{758CECC0-87BD-4AB6-966B-649FBC5760AD}.Debug|iPhoneSimulator.ActiveCfg = Debug|Any CPU
		{758CECC0-87BD-4AB6-966B-649FBC5760AD}.Debug|iPhoneSimulator.Build.0 = Debug|Any CPU
		{758CECC0-87BD-4AB6-966B-649FBC5760AD}.Debug|NuGet.ActiveCfg = Debug|Any CPU
		{758CECC0-87BD-4AB6-966B-649FBC5760AD}.Debug|NuGet.Build.0 = Debug|Any CPU
		{758CECC0-87BD-4AB6-966B-649FBC5760AD}.Debug|x64.ActiveCfg = Debug|Any CPU
		{758CECC0-87BD-4AB6-966B-649FBC5760AD}.Debug|x64.Build.0 = Debug|Any CPU
		{758CECC0-87BD-4AB6-966B-649FBC5760AD}.Debug|x86.ActiveCfg = Debug|Any CPU
		{758CECC0-87BD-4AB6-966B-649FBC5760AD}.Debug|x86.Build.0 = Debug|Any CPU
		{758CECC0-87BD-4AB6-966B-649FBC5760AD}.Release|Any CPU.ActiveCfg = Release|Any CPU
		{758CECC0-87BD-4AB6-966B-649FBC5760AD}.Release|Any CPU.Build.0 = Release|Any CPU
		{758CECC0-87BD-4AB6-966B-649FBC5760AD}.Release|ARM.ActiveCfg = Release|Any CPU
		{758CECC0-87BD-4AB6-966B-649FBC5760AD}.Release|ARM.Build.0 = Release|Any CPU
		{758CECC0-87BD-4AB6-966B-649FBC5760AD}.Release|ARM64.ActiveCfg = Release|Any CPU
		{758CECC0-87BD-4AB6-966B-649FBC5760AD}.Release|ARM64.Build.0 = Release|Any CPU
		{758CECC0-87BD-4AB6-966B-649FBC5760AD}.Release|iPhone.ActiveCfg = Release|Any CPU
		{758CECC0-87BD-4AB6-966B-649FBC5760AD}.Release|iPhone.Build.0 = Release|Any CPU
		{758CECC0-87BD-4AB6-966B-649FBC5760AD}.Release|iPhoneSimulator.ActiveCfg = Release|Any CPU
		{758CECC0-87BD-4AB6-966B-649FBC5760AD}.Release|iPhoneSimulator.Build.0 = Release|Any CPU
		{758CECC0-87BD-4AB6-966B-649FBC5760AD}.Release|NuGet.ActiveCfg = Release|Any CPU
		{758CECC0-87BD-4AB6-966B-649FBC5760AD}.Release|NuGet.Build.0 = Release|Any CPU
		{758CECC0-87BD-4AB6-966B-649FBC5760AD}.Release|x64.ActiveCfg = Release|Any CPU
		{758CECC0-87BD-4AB6-966B-649FBC5760AD}.Release|x64.Build.0 = Release|Any CPU
		{758CECC0-87BD-4AB6-966B-649FBC5760AD}.Release|x86.ActiveCfg = Release|Any CPU
		{758CECC0-87BD-4AB6-966B-649FBC5760AD}.Release|x86.Build.0 = Release|Any CPU
		{085EC7D1-8ABD-4C82-9065-5FECD1F1ED95}.Ad-Hoc|Any CPU.ActiveCfg = Debug|x64
		{085EC7D1-8ABD-4C82-9065-5FECD1F1ED95}.Ad-Hoc|Any CPU.Build.0 = Debug|x64
		{085EC7D1-8ABD-4C82-9065-5FECD1F1ED95}.Ad-Hoc|Any CPU.Deploy.0 = Debug|x64
		{085EC7D1-8ABD-4C82-9065-5FECD1F1ED95}.Ad-Hoc|ARM.ActiveCfg = Debug|x64
		{085EC7D1-8ABD-4C82-9065-5FECD1F1ED95}.Ad-Hoc|ARM.Build.0 = Debug|x64
		{085EC7D1-8ABD-4C82-9065-5FECD1F1ED95}.Ad-Hoc|ARM.Deploy.0 = Debug|x64
		{085EC7D1-8ABD-4C82-9065-5FECD1F1ED95}.Ad-Hoc|ARM64.ActiveCfg = Debug|arm64
		{085EC7D1-8ABD-4C82-9065-5FECD1F1ED95}.Ad-Hoc|ARM64.Build.0 = Debug|arm64
		{085EC7D1-8ABD-4C82-9065-5FECD1F1ED95}.Ad-Hoc|ARM64.Deploy.0 = Debug|arm64
		{085EC7D1-8ABD-4C82-9065-5FECD1F1ED95}.Ad-Hoc|iPhone.ActiveCfg = Debug|x64
		{085EC7D1-8ABD-4C82-9065-5FECD1F1ED95}.Ad-Hoc|iPhone.Build.0 = Debug|x64
		{085EC7D1-8ABD-4C82-9065-5FECD1F1ED95}.Ad-Hoc|iPhone.Deploy.0 = Debug|x64
		{085EC7D1-8ABD-4C82-9065-5FECD1F1ED95}.Ad-Hoc|iPhoneSimulator.ActiveCfg = Debug|x64
		{085EC7D1-8ABD-4C82-9065-5FECD1F1ED95}.Ad-Hoc|iPhoneSimulator.Build.0 = Debug|x64
		{085EC7D1-8ABD-4C82-9065-5FECD1F1ED95}.Ad-Hoc|iPhoneSimulator.Deploy.0 = Debug|x64
		{085EC7D1-8ABD-4C82-9065-5FECD1F1ED95}.Ad-Hoc|NuGet.ActiveCfg = Debug|x64
		{085EC7D1-8ABD-4C82-9065-5FECD1F1ED95}.Ad-Hoc|NuGet.Build.0 = Debug|x64
		{085EC7D1-8ABD-4C82-9065-5FECD1F1ED95}.Ad-Hoc|NuGet.Deploy.0 = Debug|x64
		{085EC7D1-8ABD-4C82-9065-5FECD1F1ED95}.Ad-Hoc|x64.ActiveCfg = Debug|x64
		{085EC7D1-8ABD-4C82-9065-5FECD1F1ED95}.Ad-Hoc|x64.Build.0 = Debug|x64
		{085EC7D1-8ABD-4C82-9065-5FECD1F1ED95}.Ad-Hoc|x64.Deploy.0 = Debug|x64
		{085EC7D1-8ABD-4C82-9065-5FECD1F1ED95}.Ad-Hoc|x86.ActiveCfg = Debug|x86
		{085EC7D1-8ABD-4C82-9065-5FECD1F1ED95}.Ad-Hoc|x86.Build.0 = Debug|x86
		{085EC7D1-8ABD-4C82-9065-5FECD1F1ED95}.Ad-Hoc|x86.Deploy.0 = Debug|x86
		{085EC7D1-8ABD-4C82-9065-5FECD1F1ED95}.AppStore|Any CPU.ActiveCfg = Debug|x64
		{085EC7D1-8ABD-4C82-9065-5FECD1F1ED95}.AppStore|Any CPU.Build.0 = Debug|x64
		{085EC7D1-8ABD-4C82-9065-5FECD1F1ED95}.AppStore|Any CPU.Deploy.0 = Debug|x64
		{085EC7D1-8ABD-4C82-9065-5FECD1F1ED95}.AppStore|ARM.ActiveCfg = Debug|x64
		{085EC7D1-8ABD-4C82-9065-5FECD1F1ED95}.AppStore|ARM.Build.0 = Debug|x64
		{085EC7D1-8ABD-4C82-9065-5FECD1F1ED95}.AppStore|ARM.Deploy.0 = Debug|x64
		{085EC7D1-8ABD-4C82-9065-5FECD1F1ED95}.AppStore|ARM64.ActiveCfg = Debug|arm64
		{085EC7D1-8ABD-4C82-9065-5FECD1F1ED95}.AppStore|ARM64.Build.0 = Debug|arm64
		{085EC7D1-8ABD-4C82-9065-5FECD1F1ED95}.AppStore|ARM64.Deploy.0 = Debug|arm64
		{085EC7D1-8ABD-4C82-9065-5FECD1F1ED95}.AppStore|iPhone.ActiveCfg = Debug|x64
		{085EC7D1-8ABD-4C82-9065-5FECD1F1ED95}.AppStore|iPhone.Build.0 = Debug|x64
		{085EC7D1-8ABD-4C82-9065-5FECD1F1ED95}.AppStore|iPhone.Deploy.0 = Debug|x64
		{085EC7D1-8ABD-4C82-9065-5FECD1F1ED95}.AppStore|iPhoneSimulator.ActiveCfg = Debug|x64
		{085EC7D1-8ABD-4C82-9065-5FECD1F1ED95}.AppStore|iPhoneSimulator.Build.0 = Debug|x64
		{085EC7D1-8ABD-4C82-9065-5FECD1F1ED95}.AppStore|iPhoneSimulator.Deploy.0 = Debug|x64
		{085EC7D1-8ABD-4C82-9065-5FECD1F1ED95}.AppStore|NuGet.ActiveCfg = Debug|x64
		{085EC7D1-8ABD-4C82-9065-5FECD1F1ED95}.AppStore|NuGet.Build.0 = Debug|x64
		{085EC7D1-8ABD-4C82-9065-5FECD1F1ED95}.AppStore|NuGet.Deploy.0 = Debug|x64
		{085EC7D1-8ABD-4C82-9065-5FECD1F1ED95}.AppStore|x64.ActiveCfg = Debug|x64
		{085EC7D1-8ABD-4C82-9065-5FECD1F1ED95}.AppStore|x64.Build.0 = Debug|x64
		{085EC7D1-8ABD-4C82-9065-5FECD1F1ED95}.AppStore|x64.Deploy.0 = Debug|x64
		{085EC7D1-8ABD-4C82-9065-5FECD1F1ED95}.AppStore|x86.ActiveCfg = Debug|x86
		{085EC7D1-8ABD-4C82-9065-5FECD1F1ED95}.AppStore|x86.Build.0 = Debug|x86
		{085EC7D1-8ABD-4C82-9065-5FECD1F1ED95}.AppStore|x86.Deploy.0 = Debug|x86
		{085EC7D1-8ABD-4C82-9065-5FECD1F1ED95}.Debug|Any CPU.ActiveCfg = Debug|x64
		{085EC7D1-8ABD-4C82-9065-5FECD1F1ED95}.Debug|Any CPU.Build.0 = Debug|x64
		{085EC7D1-8ABD-4C82-9065-5FECD1F1ED95}.Debug|Any CPU.Deploy.0 = Debug|x64
		{085EC7D1-8ABD-4C82-9065-5FECD1F1ED95}.Debug|ARM.ActiveCfg = Debug|x64
		{085EC7D1-8ABD-4C82-9065-5FECD1F1ED95}.Debug|ARM.Build.0 = Debug|x64
		{085EC7D1-8ABD-4C82-9065-5FECD1F1ED95}.Debug|ARM.Deploy.0 = Debug|x64
		{085EC7D1-8ABD-4C82-9065-5FECD1F1ED95}.Debug|ARM64.ActiveCfg = Debug|arm64
		{085EC7D1-8ABD-4C82-9065-5FECD1F1ED95}.Debug|ARM64.Build.0 = Debug|arm64
		{085EC7D1-8ABD-4C82-9065-5FECD1F1ED95}.Debug|ARM64.Deploy.0 = Debug|arm64
		{085EC7D1-8ABD-4C82-9065-5FECD1F1ED95}.Debug|iPhone.ActiveCfg = Debug|x64
		{085EC7D1-8ABD-4C82-9065-5FECD1F1ED95}.Debug|iPhone.Build.0 = Debug|x64
		{085EC7D1-8ABD-4C82-9065-5FECD1F1ED95}.Debug|iPhone.Deploy.0 = Debug|x64
		{085EC7D1-8ABD-4C82-9065-5FECD1F1ED95}.Debug|iPhoneSimulator.ActiveCfg = Debug|x64
		{085EC7D1-8ABD-4C82-9065-5FECD1F1ED95}.Debug|iPhoneSimulator.Build.0 = Debug|x64
		{085EC7D1-8ABD-4C82-9065-5FECD1F1ED95}.Debug|iPhoneSimulator.Deploy.0 = Debug|x64
		{085EC7D1-8ABD-4C82-9065-5FECD1F1ED95}.Debug|NuGet.ActiveCfg = Debug|x64
		{085EC7D1-8ABD-4C82-9065-5FECD1F1ED95}.Debug|NuGet.Build.0 = Debug|x64
		{085EC7D1-8ABD-4C82-9065-5FECD1F1ED95}.Debug|NuGet.Deploy.0 = Debug|x64
		{085EC7D1-8ABD-4C82-9065-5FECD1F1ED95}.Debug|x64.ActiveCfg = Debug|x64
		{085EC7D1-8ABD-4C82-9065-5FECD1F1ED95}.Debug|x64.Build.0 = Debug|x64
		{085EC7D1-8ABD-4C82-9065-5FECD1F1ED95}.Debug|x64.Deploy.0 = Debug|x64
		{085EC7D1-8ABD-4C82-9065-5FECD1F1ED95}.Debug|x86.ActiveCfg = Debug|x86
		{085EC7D1-8ABD-4C82-9065-5FECD1F1ED95}.Debug|x86.Build.0 = Debug|x86
		{085EC7D1-8ABD-4C82-9065-5FECD1F1ED95}.Debug|x86.Deploy.0 = Debug|x86
		{085EC7D1-8ABD-4C82-9065-5FECD1F1ED95}.Release|Any CPU.ActiveCfg = Release|x64
		{085EC7D1-8ABD-4C82-9065-5FECD1F1ED95}.Release|Any CPU.Build.0 = Release|x64
		{085EC7D1-8ABD-4C82-9065-5FECD1F1ED95}.Release|Any CPU.Deploy.0 = Release|x64
		{085EC7D1-8ABD-4C82-9065-5FECD1F1ED95}.Release|ARM.ActiveCfg = Release|x64
		{085EC7D1-8ABD-4C82-9065-5FECD1F1ED95}.Release|ARM.Build.0 = Release|x64
		{085EC7D1-8ABD-4C82-9065-5FECD1F1ED95}.Release|ARM.Deploy.0 = Release|x64
		{085EC7D1-8ABD-4C82-9065-5FECD1F1ED95}.Release|ARM64.ActiveCfg = Release|arm64
		{085EC7D1-8ABD-4C82-9065-5FECD1F1ED95}.Release|ARM64.Build.0 = Release|arm64
		{085EC7D1-8ABD-4C82-9065-5FECD1F1ED95}.Release|ARM64.Deploy.0 = Release|arm64
		{085EC7D1-8ABD-4C82-9065-5FECD1F1ED95}.Release|iPhone.ActiveCfg = Release|x64
		{085EC7D1-8ABD-4C82-9065-5FECD1F1ED95}.Release|iPhone.Build.0 = Release|x64
		{085EC7D1-8ABD-4C82-9065-5FECD1F1ED95}.Release|iPhone.Deploy.0 = Release|x64
		{085EC7D1-8ABD-4C82-9065-5FECD1F1ED95}.Release|iPhoneSimulator.ActiveCfg = Release|x64
		{085EC7D1-8ABD-4C82-9065-5FECD1F1ED95}.Release|iPhoneSimulator.Build.0 = Release|x64
		{085EC7D1-8ABD-4C82-9065-5FECD1F1ED95}.Release|iPhoneSimulator.Deploy.0 = Release|x64
		{085EC7D1-8ABD-4C82-9065-5FECD1F1ED95}.Release|NuGet.ActiveCfg = Release|x64
		{085EC7D1-8ABD-4C82-9065-5FECD1F1ED95}.Release|NuGet.Build.0 = Release|x64
		{085EC7D1-8ABD-4C82-9065-5FECD1F1ED95}.Release|NuGet.Deploy.0 = Release|x64
		{085EC7D1-8ABD-4C82-9065-5FECD1F1ED95}.Release|x64.ActiveCfg = Release|x64
		{085EC7D1-8ABD-4C82-9065-5FECD1F1ED95}.Release|x64.Build.0 = Release|x64
		{085EC7D1-8ABD-4C82-9065-5FECD1F1ED95}.Release|x64.Deploy.0 = Release|x64
		{085EC7D1-8ABD-4C82-9065-5FECD1F1ED95}.Release|x86.ActiveCfg = Release|x86
		{085EC7D1-8ABD-4C82-9065-5FECD1F1ED95}.Release|x86.Build.0 = Release|x86
		{085EC7D1-8ABD-4C82-9065-5FECD1F1ED95}.Release|x86.Deploy.0 = Release|x86
		{A70F685A-C27E-491E-B725-59EA565CED78}.Ad-Hoc|Any CPU.ActiveCfg = Debug|Any CPU
		{A70F685A-C27E-491E-B725-59EA565CED78}.Ad-Hoc|Any CPU.Build.0 = Debug|Any CPU
		{A70F685A-C27E-491E-B725-59EA565CED78}.Ad-Hoc|ARM.ActiveCfg = Debug|Any CPU
		{A70F685A-C27E-491E-B725-59EA565CED78}.Ad-Hoc|ARM.Build.0 = Debug|Any CPU
		{A70F685A-C27E-491E-B725-59EA565CED78}.Ad-Hoc|ARM64.ActiveCfg = Debug|Any CPU
		{A70F685A-C27E-491E-B725-59EA565CED78}.Ad-Hoc|ARM64.Build.0 = Debug|Any CPU
		{A70F685A-C27E-491E-B725-59EA565CED78}.Ad-Hoc|iPhone.ActiveCfg = Debug|Any CPU
		{A70F685A-C27E-491E-B725-59EA565CED78}.Ad-Hoc|iPhone.Build.0 = Debug|Any CPU
		{A70F685A-C27E-491E-B725-59EA565CED78}.Ad-Hoc|iPhoneSimulator.ActiveCfg = Debug|Any CPU
		{A70F685A-C27E-491E-B725-59EA565CED78}.Ad-Hoc|iPhoneSimulator.Build.0 = Debug|Any CPU
		{A70F685A-C27E-491E-B725-59EA565CED78}.Ad-Hoc|NuGet.ActiveCfg = Debug|Any CPU
		{A70F685A-C27E-491E-B725-59EA565CED78}.Ad-Hoc|NuGet.Build.0 = Debug|Any CPU
		{A70F685A-C27E-491E-B725-59EA565CED78}.Ad-Hoc|x64.ActiveCfg = Debug|Any CPU
		{A70F685A-C27E-491E-B725-59EA565CED78}.Ad-Hoc|x64.Build.0 = Debug|Any CPU
		{A70F685A-C27E-491E-B725-59EA565CED78}.Ad-Hoc|x86.ActiveCfg = Debug|Any CPU
		{A70F685A-C27E-491E-B725-59EA565CED78}.Ad-Hoc|x86.Build.0 = Debug|Any CPU
		{A70F685A-C27E-491E-B725-59EA565CED78}.AppStore|Any CPU.ActiveCfg = Debug|Any CPU
		{A70F685A-C27E-491E-B725-59EA565CED78}.AppStore|Any CPU.Build.0 = Debug|Any CPU
		{A70F685A-C27E-491E-B725-59EA565CED78}.AppStore|ARM.ActiveCfg = Debug|Any CPU
		{A70F685A-C27E-491E-B725-59EA565CED78}.AppStore|ARM.Build.0 = Debug|Any CPU
		{A70F685A-C27E-491E-B725-59EA565CED78}.AppStore|ARM64.ActiveCfg = Debug|Any CPU
		{A70F685A-C27E-491E-B725-59EA565CED78}.AppStore|ARM64.Build.0 = Debug|Any CPU
		{A70F685A-C27E-491E-B725-59EA565CED78}.AppStore|iPhone.ActiveCfg = Debug|Any CPU
		{A70F685A-C27E-491E-B725-59EA565CED78}.AppStore|iPhone.Build.0 = Debug|Any CPU
		{A70F685A-C27E-491E-B725-59EA565CED78}.AppStore|iPhoneSimulator.ActiveCfg = Debug|Any CPU
		{A70F685A-C27E-491E-B725-59EA565CED78}.AppStore|iPhoneSimulator.Build.0 = Debug|Any CPU
		{A70F685A-C27E-491E-B725-59EA565CED78}.AppStore|NuGet.ActiveCfg = Debug|Any CPU
		{A70F685A-C27E-491E-B725-59EA565CED78}.AppStore|NuGet.Build.0 = Debug|Any CPU
		{A70F685A-C27E-491E-B725-59EA565CED78}.AppStore|x64.ActiveCfg = Debug|Any CPU
		{A70F685A-C27E-491E-B725-59EA565CED78}.AppStore|x64.Build.0 = Debug|Any CPU
		{A70F685A-C27E-491E-B725-59EA565CED78}.AppStore|x86.ActiveCfg = Debug|Any CPU
		{A70F685A-C27E-491E-B725-59EA565CED78}.AppStore|x86.Build.0 = Debug|Any CPU
		{A70F685A-C27E-491E-B725-59EA565CED78}.Debug|Any CPU.ActiveCfg = Debug|Any CPU
		{A70F685A-C27E-491E-B725-59EA565CED78}.Debug|Any CPU.Build.0 = Debug|Any CPU
		{A70F685A-C27E-491E-B725-59EA565CED78}.Debug|Any CPU.Deploy.0 = Debug|Any CPU
		{A70F685A-C27E-491E-B725-59EA565CED78}.Debug|ARM.ActiveCfg = Debug|Any CPU
		{A70F685A-C27E-491E-B725-59EA565CED78}.Debug|ARM.Build.0 = Debug|Any CPU
		{A70F685A-C27E-491E-B725-59EA565CED78}.Debug|ARM64.ActiveCfg = Debug|Any CPU
		{A70F685A-C27E-491E-B725-59EA565CED78}.Debug|ARM64.Build.0 = Debug|Any CPU
		{A70F685A-C27E-491E-B725-59EA565CED78}.Debug|iPhone.ActiveCfg = Debug|Any CPU
		{A70F685A-C27E-491E-B725-59EA565CED78}.Debug|iPhone.Build.0 = Debug|Any CPU
		{A70F685A-C27E-491E-B725-59EA565CED78}.Debug|iPhoneSimulator.ActiveCfg = Debug|Any CPU
		{A70F685A-C27E-491E-B725-59EA565CED78}.Debug|iPhoneSimulator.Build.0 = Debug|Any CPU
		{A70F685A-C27E-491E-B725-59EA565CED78}.Debug|NuGet.ActiveCfg = Debug|Any CPU
		{A70F685A-C27E-491E-B725-59EA565CED78}.Debug|NuGet.Build.0 = Debug|Any CPU
		{A70F685A-C27E-491E-B725-59EA565CED78}.Debug|x64.ActiveCfg = Debug|Any CPU
		{A70F685A-C27E-491E-B725-59EA565CED78}.Debug|x64.Build.0 = Debug|Any CPU
		{A70F685A-C27E-491E-B725-59EA565CED78}.Debug|x86.ActiveCfg = Debug|Any CPU
		{A70F685A-C27E-491E-B725-59EA565CED78}.Debug|x86.Build.0 = Debug|Any CPU
		{A70F685A-C27E-491E-B725-59EA565CED78}.Release|Any CPU.ActiveCfg = Release|Any CPU
		{A70F685A-C27E-491E-B725-59EA565CED78}.Release|Any CPU.Build.0 = Release|Any CPU
		{A70F685A-C27E-491E-B725-59EA565CED78}.Release|ARM.ActiveCfg = Release|Any CPU
		{A70F685A-C27E-491E-B725-59EA565CED78}.Release|ARM.Build.0 = Release|Any CPU
		{A70F685A-C27E-491E-B725-59EA565CED78}.Release|ARM64.ActiveCfg = Release|Any CPU
		{A70F685A-C27E-491E-B725-59EA565CED78}.Release|ARM64.Build.0 = Release|Any CPU
		{A70F685A-C27E-491E-B725-59EA565CED78}.Release|iPhone.ActiveCfg = Release|Any CPU
		{A70F685A-C27E-491E-B725-59EA565CED78}.Release|iPhone.Build.0 = Release|Any CPU
		{A70F685A-C27E-491E-B725-59EA565CED78}.Release|iPhoneSimulator.ActiveCfg = Release|Any CPU
		{A70F685A-C27E-491E-B725-59EA565CED78}.Release|iPhoneSimulator.Build.0 = Release|Any CPU
		{A70F685A-C27E-491E-B725-59EA565CED78}.Release|NuGet.ActiveCfg = Release|Any CPU
		{A70F685A-C27E-491E-B725-59EA565CED78}.Release|NuGet.Build.0 = Release|Any CPU
		{A70F685A-C27E-491E-B725-59EA565CED78}.Release|x64.ActiveCfg = Release|Any CPU
		{A70F685A-C27E-491E-B725-59EA565CED78}.Release|x64.Build.0 = Release|Any CPU
		{A70F685A-C27E-491E-B725-59EA565CED78}.Release|x86.ActiveCfg = Release|Any CPU
		{A70F685A-C27E-491E-B725-59EA565CED78}.Release|x86.Build.0 = Release|Any CPU
	EndGlobalSection
	GlobalSection(SolutionProperties) = preSolution
		HideSolutionNode = FALSE
	EndGlobalSection
	GlobalSection(NestedProjects) = preSolution
		{6ABE0223-31DE-46A3-9351-00E34FC9B8FF} = {6643A3E0-7CD4-4BCE-84BD-0B24B1720DC2}
		{90BD779B-BF4F-4949-B0B1-C31DA35B94F7} = {6643A3E0-7CD4-4BCE-84BD-0B24B1720DC2}
		{0B1DA980-496D-47C9-ACD5-592C91B20828} = {6643A3E0-7CD4-4BCE-84BD-0B24B1720DC2}
		{B31B34BB-8B2E-49F5-91C2-1DB23C552A70} = {6643A3E0-7CD4-4BCE-84BD-0B24B1720DC2}
		{5B421BF3-04E6-4A9F-A744-F8743DC89805} = {6643A3E0-7CD4-4BCE-84BD-0B24B1720DC2}
		{758CECC0-87BD-4AB6-966B-649FBC5760AD} = {6643A3E0-7CD4-4BCE-84BD-0B24B1720DC2}
		{085EC7D1-8ABD-4C82-9065-5FECD1F1ED95} = {4A78F0CD-9F8B-4FEE-9A3F-E1C384AC75D8}
		{A70F685A-C27E-491E-B725-59EA565CED78} = {4A78F0CD-9F8B-4FEE-9A3F-E1C384AC75D8}
		{746587E0-B8E4-4A78-A7EA-DBC356367712} = {4A78F0CD-9F8B-4FEE-9A3F-E1C384AC75D8}
	EndGlobalSection
	GlobalSection(ExtensibilityGlobals) = postSolution
		SolutionGuid = {A7CE3663-C71E-406C-B397-2EC8038C9771}
	EndGlobalSection
	GlobalSection(SharedMSBuildProjectFiles) = preSolution
		src\Samples.Shared.Views\Samples.Shared.Views.projitems*{085ec7d1-8abd-4c82-9065-5fecd1f1ed95}*SharedItemsImports = 5
		src\Samples.Shared.Views\Samples.Shared.Views.projitems*{746587e0-b8e4-4a78-a7ea-dbc356367712}*SharedItemsImports = 13
		src\Samples.Shared.Views\Samples.Shared.Views.projitems*{a70f685a-c27e-491e-b725-59ea565ced78}*SharedItemsImports = 5
	EndGlobalSection
EndGlobal
