
Microsoft Visual Studio Solution File, Format Version 12.00
# Visual Studio Version 17
VisualStudioVersion = 17.1.32414.318
MinimumVisualStudioVersion = 10.0.40219.1
Project("{2150E333-8FDC-42A3-9474-1A3956D46DE8}") = "Cartography", "Cartography", "{6643A3E0-7CD4-4BCE-84BD-0B24B1720DC2}"
EndProject
Project("{9A19103F-16F7-4668-BE54-9A1E7A4F7556}") = "Cartography.DynamicMap.Uno", "src\Cartography\Cartography.DynamicMap\Cartography.DynamicMap.Uno.csproj", "{6ABE0223-31DE-46A3-9351-00E34FC9B8FF}"
EndProject
Project("{9A19103F-16F7-4668-BE54-9A1E7A4F7556}") = "Cartography.MapService.Uno", "src\Cartography\Cartography.MapService\Cartography.MapService.Uno.csproj", "{90BD779B-BF4F-4949-B0B1-C31DA35B94F7}"
EndProject
Project("{2150E333-8FDC-42A3-9474-1A3956D46DE8}") = "Samples", "Samples", "{057F7FC6-3201-4671-A9CF-87CFF6EC233E}"
EndProject
Project("{FAE04EC0-301F-11D3-BF4B-00C04F79EFBC}") = "Samples.Droid", "Samples\Samples\Samples.Droid\Samples.Droid.csproj", "{5D877D72-CD00-48D4-8D31-543BB08C04EA}"
EndProject
Project("{FAE04EC0-301F-11D3-BF4B-00C04F79EFBC}") = "Samples.iOS", "Samples\Samples\Samples.iOS\Samples.iOS.csproj", "{409F6E1D-0878-43DD-B984-92DF1B13D58E}"
EndProject
Project("{D954291E-2A0B-460D-934E-DC6B0785DB48}") = "Samples.Shared", "Samples\Samples\Samples.Shared\Samples.Shared.shproj", "{6279C845-92F8-4333-AB99-3D213163593C}"
EndProject
Project("{FAE04EC0-301F-11D3-BF4B-00C04F79EFBC}") = "Samples.UWP", "Samples\Samples\Samples.UWP\Samples.UWP.csproj", "{09933A00-6DD0-4027-8310-29D9ACF07537}"
EndProject
Project("{9A19103F-16F7-4668-BE54-9A1E7A4F7556}") = "Cartography.MapService.Uno.WinUI", "src\Cartography\Cartography.MapService.Uno.WinUI\Cartography.MapService.Uno.WinUI.csproj", "{8B87F06E-C6C5-4D01-A329-A0F91664474B}"
EndProject
Project("{D954291E-2A0B-460D-934E-DC6B0785DB48}") = "Cartography.DynamicMap.Shared", "src\Cartography\Cartography.DynamicMap.Shared\Cartography.DynamicMap.Shared.shproj", "{DC40799A-6439-4115-87E3-9CA885E5C299}"
EndProject
Project("{D954291E-2A0B-460D-934E-DC6B0785DB48}") = "Cartography.StaticMap.Shared", "src\Cartography\Cartography.StaticMap.Shared\Cartography.StaticMap.Shared.shproj", "{5271758B-F2F6-4CDD-9124-A97C2631B54C}"
EndProject
Project("{9A19103F-16F7-4668-BE54-9A1E7A4F7556}") = "Cartography.StaticMap.Uno", "src\Cartography\Cartography.StaticMap\Cartography.StaticMap.Uno.csproj", "{8D9574FD-4D1C-4755-8DA1-B03E486BDB81}"
EndProject
Project("{D954291E-2A0B-460D-934E-DC6B0785DB48}") = "Cartography.MapService.Shared", "src\Cartography\Cartography.MapService.Shared\Cartography.MapService.Shared.shproj", "{4DB7FCC7-E1F7-472A-BC13-71F02CF9DA60}"
EndProject
Project("{9A19103F-16F7-4668-BE54-9A1E7A4F7556}") = "Cartography.StaticMap.Uno.WinUI", "src\Cartography\Cartography.StaticMap.Uno.WinUI\Cartography.StaticMap.Uno.WinUI.csproj", "{A3557DAA-55EF-4E49-9B94-81B0A1AF17B1}"
EndProject
Project("{9A19103F-16F7-4668-BE54-9A1E7A4F7556}") = "Cartography.DynamicMap.Uno.WinUI", "src\Cartography\Cartography.DynamicMap.Uno.WinUI\Cartography.DynamicMap.Uno.WinUI.csproj", "{339C5B98-72B3-4C47-9B97-A200E5830F88}"
EndProject
Global
	GlobalSection(SolutionConfigurationPlatforms) = preSolution
		Ad-Hoc|Any CPU = Ad-Hoc|Any CPU
		Ad-Hoc|ARM = Ad-Hoc|ARM
		Ad-Hoc|ARM64 = Ad-Hoc|ARM64
		Ad-Hoc|iPhone = Ad-Hoc|iPhone
		Ad-Hoc|iPhoneSimulator = Ad-Hoc|iPhoneSimulator
		Ad-Hoc|NuGet = Ad-Hoc|NuGet
		Ad-Hoc|x64 = Ad-Hoc|x64
		Ad-Hoc|x86 = Ad-Hoc|x86
		AppStore|Any CPU = AppStore|Any CPU
		AppStore|ARM = AppStore|ARM
		AppStore|ARM64 = AppStore|ARM64
		AppStore|iPhone = AppStore|iPhone
		AppStore|iPhoneSimulator = AppStore|iPhoneSimulator
		AppStore|NuGet = AppStore|NuGet
		AppStore|x64 = AppStore|x64
		AppStore|x86 = AppStore|x86
		Debug|Any CPU = Debug|Any CPU
		Debug|ARM = Debug|ARM
		Debug|ARM64 = Debug|ARM64
		Debug|iPhone = Debug|iPhone
		Debug|iPhoneSimulator = Debug|iPhoneSimulator
		Debug|NuGet = Debug|NuGet
		Debug|x64 = Debug|x64
		Debug|x86 = Debug|x86
		Release|Any CPU = Release|Any CPU
		Release|ARM = Release|ARM
		Release|ARM64 = Release|ARM64
		Release|iPhone = Release|iPhone
		Release|iPhoneSimulator = Release|iPhoneSimulator
		Release|NuGet = Release|NuGet
		Release|x64 = Release|x64
		Release|x86 = Release|x86
	EndGlobalSection
	GlobalSection(ProjectConfigurationPlatforms) = postSolution
		{6ABE0223-31DE-46A3-9351-00E34FC9B8FF}.Ad-Hoc|Any CPU.ActiveCfg = Release|Any CPU
		{6ABE0223-31DE-46A3-9351-00E34FC9B8FF}.Ad-Hoc|Any CPU.Build.0 = Release|Any CPU
		{6ABE0223-31DE-46A3-9351-00E34FC9B8FF}.Ad-Hoc|ARM.ActiveCfg = Release|Any CPU
		{6ABE0223-31DE-46A3-9351-00E34FC9B8FF}.Ad-Hoc|ARM.Build.0 = Release|Any CPU
		{6ABE0223-31DE-46A3-9351-00E34FC9B8FF}.Ad-Hoc|ARM64.ActiveCfg = Release|Any CPU
		{6ABE0223-31DE-46A3-9351-00E34FC9B8FF}.Ad-Hoc|ARM64.Build.0 = Release|Any CPU
		{6ABE0223-31DE-46A3-9351-00E34FC9B8FF}.Ad-Hoc|iPhone.ActiveCfg = Release|Any CPU
		{6ABE0223-31DE-46A3-9351-00E34FC9B8FF}.Ad-Hoc|iPhone.Build.0 = Release|Any CPU
		{6ABE0223-31DE-46A3-9351-00E34FC9B8FF}.Ad-Hoc|iPhoneSimulator.ActiveCfg = Release|Any CPU
		{6ABE0223-31DE-46A3-9351-00E34FC9B8FF}.Ad-Hoc|iPhoneSimulator.Build.0 = Release|Any CPU
		{6ABE0223-31DE-46A3-9351-00E34FC9B8FF}.Ad-Hoc|NuGet.ActiveCfg = Debug|Any CPU
		{6ABE0223-31DE-46A3-9351-00E34FC9B8FF}.Ad-Hoc|NuGet.Build.0 = Debug|Any CPU
		{6ABE0223-31DE-46A3-9351-00E34FC9B8FF}.Ad-Hoc|x64.ActiveCfg = Release|Any CPU
		{6ABE0223-31DE-46A3-9351-00E34FC9B8FF}.Ad-Hoc|x64.Build.0 = Release|Any CPU
		{6ABE0223-31DE-46A3-9351-00E34FC9B8FF}.Ad-Hoc|x86.ActiveCfg = Release|Any CPU
		{6ABE0223-31DE-46A3-9351-00E34FC9B8FF}.Ad-Hoc|x86.Build.0 = Release|Any CPU
		{6ABE0223-31DE-46A3-9351-00E34FC9B8FF}.AppStore|Any CPU.ActiveCfg = Release|Any CPU
		{6ABE0223-31DE-46A3-9351-00E34FC9B8FF}.AppStore|Any CPU.Build.0 = Release|Any CPU
		{6ABE0223-31DE-46A3-9351-00E34FC9B8FF}.AppStore|ARM.ActiveCfg = Release|Any CPU
		{6ABE0223-31DE-46A3-9351-00E34FC9B8FF}.AppStore|ARM.Build.0 = Release|Any CPU
		{6ABE0223-31DE-46A3-9351-00E34FC9B8FF}.AppStore|ARM64.ActiveCfg = Release|Any CPU
		{6ABE0223-31DE-46A3-9351-00E34FC9B8FF}.AppStore|ARM64.Build.0 = Release|Any CPU
		{6ABE0223-31DE-46A3-9351-00E34FC9B8FF}.AppStore|iPhone.ActiveCfg = Release|Any CPU
		{6ABE0223-31DE-46A3-9351-00E34FC9B8FF}.AppStore|iPhone.Build.0 = Release|Any CPU
		{6ABE0223-31DE-46A3-9351-00E34FC9B8FF}.AppStore|iPhoneSimulator.ActiveCfg = Release|Any CPU
		{6ABE0223-31DE-46A3-9351-00E34FC9B8FF}.AppStore|iPhoneSimulator.Build.0 = Release|Any CPU
		{6ABE0223-31DE-46A3-9351-00E34FC9B8FF}.AppStore|NuGet.ActiveCfg = Debug|Any CPU
		{6ABE0223-31DE-46A3-9351-00E34FC9B8FF}.AppStore|NuGet.Build.0 = Debug|Any CPU
		{6ABE0223-31DE-46A3-9351-00E34FC9B8FF}.AppStore|x64.ActiveCfg = Release|Any CPU
		{6ABE0223-31DE-46A3-9351-00E34FC9B8FF}.AppStore|x64.Build.0 = Release|Any CPU
		{6ABE0223-31DE-46A3-9351-00E34FC9B8FF}.AppStore|x86.ActiveCfg = Release|Any CPU
		{6ABE0223-31DE-46A3-9351-00E34FC9B8FF}.AppStore|x86.Build.0 = Release|Any CPU
		{6ABE0223-31DE-46A3-9351-00E34FC9B8FF}.Debug|Any CPU.ActiveCfg = Debug|Any CPU
		{6ABE0223-31DE-46A3-9351-00E34FC9B8FF}.Debug|Any CPU.Build.0 = Debug|Any CPU
		{6ABE0223-31DE-46A3-9351-00E34FC9B8FF}.Debug|ARM.ActiveCfg = Debug|Any CPU
		{6ABE0223-31DE-46A3-9351-00E34FC9B8FF}.Debug|ARM.Build.0 = Debug|Any CPU
		{6ABE0223-31DE-46A3-9351-00E34FC9B8FF}.Debug|ARM64.ActiveCfg = Debug|Any CPU
		{6ABE0223-31DE-46A3-9351-00E34FC9B8FF}.Debug|ARM64.Build.0 = Debug|Any CPU
		{6ABE0223-31DE-46A3-9351-00E34FC9B8FF}.Debug|iPhone.ActiveCfg = Debug|Any CPU
		{6ABE0223-31DE-46A3-9351-00E34FC9B8FF}.Debug|iPhone.Build.0 = Debug|Any CPU
		{6ABE0223-31DE-46A3-9351-00E34FC9B8FF}.Debug|iPhoneSimulator.ActiveCfg = Debug|Any CPU
		{6ABE0223-31DE-46A3-9351-00E34FC9B8FF}.Debug|iPhoneSimulator.Build.0 = Debug|Any CPU
		{6ABE0223-31DE-46A3-9351-00E34FC9B8FF}.Debug|NuGet.ActiveCfg = Debug|Any CPU
		{6ABE0223-31DE-46A3-9351-00E34FC9B8FF}.Debug|NuGet.Build.0 = Debug|Any CPU
		{6ABE0223-31DE-46A3-9351-00E34FC9B8FF}.Debug|x64.ActiveCfg = Debug|Any CPU
		{6ABE0223-31DE-46A3-9351-00E34FC9B8FF}.Debug|x64.Build.0 = Debug|Any CPU
		{6ABE0223-31DE-46A3-9351-00E34FC9B8FF}.Debug|x86.ActiveCfg = Debug|Any CPU
		{6ABE0223-31DE-46A3-9351-00E34FC9B8FF}.Debug|x86.Build.0 = Debug|Any CPU
		{6ABE0223-31DE-46A3-9351-00E34FC9B8FF}.Release|Any CPU.ActiveCfg = Release|Any CPU
		{6ABE0223-31DE-46A3-9351-00E34FC9B8FF}.Release|Any CPU.Build.0 = Release|Any CPU
		{6ABE0223-31DE-46A3-9351-00E34FC9B8FF}.Release|ARM.ActiveCfg = Release|Any CPU
		{6ABE0223-31DE-46A3-9351-00E34FC9B8FF}.Release|ARM.Build.0 = Release|Any CPU
		{6ABE0223-31DE-46A3-9351-00E34FC9B8FF}.Release|ARM64.ActiveCfg = Release|Any CPU
		{6ABE0223-31DE-46A3-9351-00E34FC9B8FF}.Release|ARM64.Build.0 = Release|Any CPU
		{6ABE0223-31DE-46A3-9351-00E34FC9B8FF}.Release|iPhone.ActiveCfg = Release|Any CPU
		{6ABE0223-31DE-46A3-9351-00E34FC9B8FF}.Release|iPhone.Build.0 = Release|Any CPU
		{6ABE0223-31DE-46A3-9351-00E34FC9B8FF}.Release|iPhoneSimulator.ActiveCfg = Release|Any CPU
		{6ABE0223-31DE-46A3-9351-00E34FC9B8FF}.Release|iPhoneSimulator.Build.0 = Release|Any CPU
		{6ABE0223-31DE-46A3-9351-00E34FC9B8FF}.Release|NuGet.ActiveCfg = Release|Any CPU
		{6ABE0223-31DE-46A3-9351-00E34FC9B8FF}.Release|NuGet.Build.0 = Release|Any CPU
		{6ABE0223-31DE-46A3-9351-00E34FC9B8FF}.Release|x64.ActiveCfg = Release|Any CPU
		{6ABE0223-31DE-46A3-9351-00E34FC9B8FF}.Release|x64.Build.0 = Release|Any CPU
		{6ABE0223-31DE-46A3-9351-00E34FC9B8FF}.Release|x86.ActiveCfg = Release|Any CPU
		{6ABE0223-31DE-46A3-9351-00E34FC9B8FF}.Release|x86.Build.0 = Release|Any CPU
		{90BD779B-BF4F-4949-B0B1-C31DA35B94F7}.Ad-Hoc|Any CPU.ActiveCfg = Release|Any CPU
		{90BD779B-BF4F-4949-B0B1-C31DA35B94F7}.Ad-Hoc|Any CPU.Build.0 = Release|Any CPU
		{90BD779B-BF4F-4949-B0B1-C31DA35B94F7}.Ad-Hoc|ARM.ActiveCfg = Release|Any CPU
		{90BD779B-BF4F-4949-B0B1-C31DA35B94F7}.Ad-Hoc|ARM.Build.0 = Release|Any CPU
		{90BD779B-BF4F-4949-B0B1-C31DA35B94F7}.Ad-Hoc|ARM64.ActiveCfg = Release|Any CPU
		{90BD779B-BF4F-4949-B0B1-C31DA35B94F7}.Ad-Hoc|ARM64.Build.0 = Release|Any CPU
		{90BD779B-BF4F-4949-B0B1-C31DA35B94F7}.Ad-Hoc|iPhone.ActiveCfg = Release|Any CPU
		{90BD779B-BF4F-4949-B0B1-C31DA35B94F7}.Ad-Hoc|iPhone.Build.0 = Release|Any CPU
		{90BD779B-BF4F-4949-B0B1-C31DA35B94F7}.Ad-Hoc|iPhoneSimulator.ActiveCfg = Release|Any CPU
		{90BD779B-BF4F-4949-B0B1-C31DA35B94F7}.Ad-Hoc|iPhoneSimulator.Build.0 = Release|Any CPU
		{90BD779B-BF4F-4949-B0B1-C31DA35B94F7}.Ad-Hoc|NuGet.ActiveCfg = Debug|Any CPU
		{90BD779B-BF4F-4949-B0B1-C31DA35B94F7}.Ad-Hoc|NuGet.Build.0 = Debug|Any CPU
		{90BD779B-BF4F-4949-B0B1-C31DA35B94F7}.Ad-Hoc|x64.ActiveCfg = Release|Any CPU
		{90BD779B-BF4F-4949-B0B1-C31DA35B94F7}.Ad-Hoc|x64.Build.0 = Release|Any CPU
		{90BD779B-BF4F-4949-B0B1-C31DA35B94F7}.Ad-Hoc|x86.ActiveCfg = Release|Any CPU
		{90BD779B-BF4F-4949-B0B1-C31DA35B94F7}.Ad-Hoc|x86.Build.0 = Release|Any CPU
		{90BD779B-BF4F-4949-B0B1-C31DA35B94F7}.AppStore|Any CPU.ActiveCfg = Release|Any CPU
		{90BD779B-BF4F-4949-B0B1-C31DA35B94F7}.AppStore|Any CPU.Build.0 = Release|Any CPU
		{90BD779B-BF4F-4949-B0B1-C31DA35B94F7}.AppStore|ARM.ActiveCfg = Release|Any CPU
		{90BD779B-BF4F-4949-B0B1-C31DA35B94F7}.AppStore|ARM.Build.0 = Release|Any CPU
		{90BD779B-BF4F-4949-B0B1-C31DA35B94F7}.AppStore|ARM64.ActiveCfg = Release|Any CPU
		{90BD779B-BF4F-4949-B0B1-C31DA35B94F7}.AppStore|ARM64.Build.0 = Release|Any CPU
		{90BD779B-BF4F-4949-B0B1-C31DA35B94F7}.AppStore|iPhone.ActiveCfg = Release|Any CPU
		{90BD779B-BF4F-4949-B0B1-C31DA35B94F7}.AppStore|iPhone.Build.0 = Release|Any CPU
		{90BD779B-BF4F-4949-B0B1-C31DA35B94F7}.AppStore|iPhoneSimulator.ActiveCfg = Release|Any CPU
		{90BD779B-BF4F-4949-B0B1-C31DA35B94F7}.AppStore|iPhoneSimulator.Build.0 = Release|Any CPU
		{90BD779B-BF4F-4949-B0B1-C31DA35B94F7}.AppStore|NuGet.ActiveCfg = Debug|Any CPU
		{90BD779B-BF4F-4949-B0B1-C31DA35B94F7}.AppStore|NuGet.Build.0 = Debug|Any CPU
		{90BD779B-BF4F-4949-B0B1-C31DA35B94F7}.AppStore|x64.ActiveCfg = Release|Any CPU
		{90BD779B-BF4F-4949-B0B1-C31DA35B94F7}.AppStore|x64.Build.0 = Release|Any CPU
		{90BD779B-BF4F-4949-B0B1-C31DA35B94F7}.AppStore|x86.ActiveCfg = Release|Any CPU
		{90BD779B-BF4F-4949-B0B1-C31DA35B94F7}.AppStore|x86.Build.0 = Release|Any CPU
		{90BD779B-BF4F-4949-B0B1-C31DA35B94F7}.Debug|Any CPU.ActiveCfg = Debug|Any CPU
		{90BD779B-BF4F-4949-B0B1-C31DA35B94F7}.Debug|Any CPU.Build.0 = Debug|Any CPU
		{90BD779B-BF4F-4949-B0B1-C31DA35B94F7}.Debug|ARM.ActiveCfg = Debug|Any CPU
		{90BD779B-BF4F-4949-B0B1-C31DA35B94F7}.Debug|ARM.Build.0 = Debug|Any CPU
		{90BD779B-BF4F-4949-B0B1-C31DA35B94F7}.Debug|ARM64.ActiveCfg = Debug|Any CPU
		{90BD779B-BF4F-4949-B0B1-C31DA35B94F7}.Debug|ARM64.Build.0 = Debug|Any CPU
		{90BD779B-BF4F-4949-B0B1-C31DA35B94F7}.Debug|iPhone.ActiveCfg = Debug|Any CPU
		{90BD779B-BF4F-4949-B0B1-C31DA35B94F7}.Debug|iPhone.Build.0 = Debug|Any CPU
		{90BD779B-BF4F-4949-B0B1-C31DA35B94F7}.Debug|iPhoneSimulator.ActiveCfg = Debug|Any CPU
		{90BD779B-BF4F-4949-B0B1-C31DA35B94F7}.Debug|iPhoneSimulator.Build.0 = Debug|Any CPU
		{90BD779B-BF4F-4949-B0B1-C31DA35B94F7}.Debug|NuGet.ActiveCfg = Debug|Any CPU
		{90BD779B-BF4F-4949-B0B1-C31DA35B94F7}.Debug|NuGet.Build.0 = Debug|Any CPU
		{90BD779B-BF4F-4949-B0B1-C31DA35B94F7}.Debug|x64.ActiveCfg = Debug|Any CPU
		{90BD779B-BF4F-4949-B0B1-C31DA35B94F7}.Debug|x64.Build.0 = Debug|Any CPU
		{90BD779B-BF4F-4949-B0B1-C31DA35B94F7}.Debug|x86.ActiveCfg = Debug|Any CPU
		{90BD779B-BF4F-4949-B0B1-C31DA35B94F7}.Debug|x86.Build.0 = Debug|Any CPU
		{90BD779B-BF4F-4949-B0B1-C31DA35B94F7}.Release|Any CPU.ActiveCfg = Release|Any CPU
		{90BD779B-BF4F-4949-B0B1-C31DA35B94F7}.Release|Any CPU.Build.0 = Release|Any CPU
		{90BD779B-BF4F-4949-B0B1-C31DA35B94F7}.Release|ARM.ActiveCfg = Release|Any CPU
		{90BD779B-BF4F-4949-B0B1-C31DA35B94F7}.Release|ARM.Build.0 = Release|Any CPU
		{90BD779B-BF4F-4949-B0B1-C31DA35B94F7}.Release|ARM64.ActiveCfg = Release|Any CPU
		{90BD779B-BF4F-4949-B0B1-C31DA35B94F7}.Release|ARM64.Build.0 = Release|Any CPU
		{90BD779B-BF4F-4949-B0B1-C31DA35B94F7}.Release|iPhone.ActiveCfg = Release|Any CPU
		{90BD779B-BF4F-4949-B0B1-C31DA35B94F7}.Release|iPhone.Build.0 = Release|Any CPU
		{90BD779B-BF4F-4949-B0B1-C31DA35B94F7}.Release|iPhoneSimulator.ActiveCfg = Release|Any CPU
		{90BD779B-BF4F-4949-B0B1-C31DA35B94F7}.Release|iPhoneSimulator.Build.0 = Release|Any CPU
		{90BD779B-BF4F-4949-B0B1-C31DA35B94F7}.Release|NuGet.ActiveCfg = Release|Any CPU
		{90BD779B-BF4F-4949-B0B1-C31DA35B94F7}.Release|NuGet.Build.0 = Release|Any CPU
		{90BD779B-BF4F-4949-B0B1-C31DA35B94F7}.Release|x64.ActiveCfg = Release|Any CPU
		{90BD779B-BF4F-4949-B0B1-C31DA35B94F7}.Release|x64.Build.0 = Release|Any CPU
		{90BD779B-BF4F-4949-B0B1-C31DA35B94F7}.Release|x86.ActiveCfg = Release|Any CPU
		{90BD779B-BF4F-4949-B0B1-C31DA35B94F7}.Release|x86.Build.0 = Release|Any CPU
		{5D877D72-CD00-48D4-8D31-543BB08C04EA}.Ad-Hoc|Any CPU.ActiveCfg = Debug|Any CPU
		{5D877D72-CD00-48D4-8D31-543BB08C04EA}.Ad-Hoc|Any CPU.Build.0 = Debug|Any CPU
		{5D877D72-CD00-48D4-8D31-543BB08C04EA}.Ad-Hoc|Any CPU.Deploy.0 = Debug|Any CPU
		{5D877D72-CD00-48D4-8D31-543BB08C04EA}.Ad-Hoc|ARM.ActiveCfg = Debug|Any CPU
		{5D877D72-CD00-48D4-8D31-543BB08C04EA}.Ad-Hoc|ARM.Build.0 = Debug|Any CPU
		{5D877D72-CD00-48D4-8D31-543BB08C04EA}.Ad-Hoc|ARM.Deploy.0 = Debug|Any CPU
		{5D877D72-CD00-48D4-8D31-543BB08C04EA}.Ad-Hoc|ARM64.ActiveCfg = Debug|Any CPU
		{5D877D72-CD00-48D4-8D31-543BB08C04EA}.Ad-Hoc|ARM64.Build.0 = Debug|Any CPU
		{5D877D72-CD00-48D4-8D31-543BB08C04EA}.Ad-Hoc|ARM64.Deploy.0 = Debug|Any CPU
		{5D877D72-CD00-48D4-8D31-543BB08C04EA}.Ad-Hoc|iPhone.ActiveCfg = Debug|Any CPU
		{5D877D72-CD00-48D4-8D31-543BB08C04EA}.Ad-Hoc|iPhone.Build.0 = Debug|Any CPU
		{5D877D72-CD00-48D4-8D31-543BB08C04EA}.Ad-Hoc|iPhone.Deploy.0 = Debug|Any CPU
		{5D877D72-CD00-48D4-8D31-543BB08C04EA}.Ad-Hoc|iPhoneSimulator.ActiveCfg = Debug|Any CPU
		{5D877D72-CD00-48D4-8D31-543BB08C04EA}.Ad-Hoc|iPhoneSimulator.Build.0 = Debug|Any CPU
		{5D877D72-CD00-48D4-8D31-543BB08C04EA}.Ad-Hoc|iPhoneSimulator.Deploy.0 = Debug|Any CPU
		{5D877D72-CD00-48D4-8D31-543BB08C04EA}.Ad-Hoc|NuGet.ActiveCfg = Release|Any CPU
		{5D877D72-CD00-48D4-8D31-543BB08C04EA}.Ad-Hoc|x64.ActiveCfg = Debug|Any CPU
		{5D877D72-CD00-48D4-8D31-543BB08C04EA}.Ad-Hoc|x64.Build.0 = Debug|Any CPU
		{5D877D72-CD00-48D4-8D31-543BB08C04EA}.Ad-Hoc|x64.Deploy.0 = Debug|Any CPU
		{5D877D72-CD00-48D4-8D31-543BB08C04EA}.Ad-Hoc|x86.ActiveCfg = Debug|Any CPU
		{5D877D72-CD00-48D4-8D31-543BB08C04EA}.Ad-Hoc|x86.Build.0 = Debug|Any CPU
		{5D877D72-CD00-48D4-8D31-543BB08C04EA}.Ad-Hoc|x86.Deploy.0 = Debug|Any CPU
		{5D877D72-CD00-48D4-8D31-543BB08C04EA}.AppStore|Any CPU.ActiveCfg = Debug|Any CPU
		{5D877D72-CD00-48D4-8D31-543BB08C04EA}.AppStore|Any CPU.Build.0 = Debug|Any CPU
		{5D877D72-CD00-48D4-8D31-543BB08C04EA}.AppStore|Any CPU.Deploy.0 = Debug|Any CPU
		{5D877D72-CD00-48D4-8D31-543BB08C04EA}.AppStore|ARM.ActiveCfg = Debug|Any CPU
		{5D877D72-CD00-48D4-8D31-543BB08C04EA}.AppStore|ARM.Build.0 = Debug|Any CPU
		{5D877D72-CD00-48D4-8D31-543BB08C04EA}.AppStore|ARM.Deploy.0 = Debug|Any CPU
		{5D877D72-CD00-48D4-8D31-543BB08C04EA}.AppStore|ARM64.ActiveCfg = Debug|Any CPU
		{5D877D72-CD00-48D4-8D31-543BB08C04EA}.AppStore|ARM64.Build.0 = Debug|Any CPU
		{5D877D72-CD00-48D4-8D31-543BB08C04EA}.AppStore|ARM64.Deploy.0 = Debug|Any CPU
		{5D877D72-CD00-48D4-8D31-543BB08C04EA}.AppStore|iPhone.ActiveCfg = Debug|Any CPU
		{5D877D72-CD00-48D4-8D31-543BB08C04EA}.AppStore|iPhone.Build.0 = Debug|Any CPU
		{5D877D72-CD00-48D4-8D31-543BB08C04EA}.AppStore|iPhone.Deploy.0 = Debug|Any CPU
		{5D877D72-CD00-48D4-8D31-543BB08C04EA}.AppStore|iPhoneSimulator.ActiveCfg = Debug|Any CPU
		{5D877D72-CD00-48D4-8D31-543BB08C04EA}.AppStore|iPhoneSimulator.Build.0 = Debug|Any CPU
		{5D877D72-CD00-48D4-8D31-543BB08C04EA}.AppStore|iPhoneSimulator.Deploy.0 = Debug|Any CPU
		{5D877D72-CD00-48D4-8D31-543BB08C04EA}.AppStore|NuGet.ActiveCfg = Release|Any CPU
		{5D877D72-CD00-48D4-8D31-543BB08C04EA}.AppStore|x64.ActiveCfg = Debug|Any CPU
		{5D877D72-CD00-48D4-8D31-543BB08C04EA}.AppStore|x64.Build.0 = Debug|Any CPU
		{5D877D72-CD00-48D4-8D31-543BB08C04EA}.AppStore|x64.Deploy.0 = Debug|Any CPU
		{5D877D72-CD00-48D4-8D31-543BB08C04EA}.AppStore|x86.ActiveCfg = Debug|Any CPU
		{5D877D72-CD00-48D4-8D31-543BB08C04EA}.AppStore|x86.Build.0 = Debug|Any CPU
		{5D877D72-CD00-48D4-8D31-543BB08C04EA}.AppStore|x86.Deploy.0 = Debug|Any CPU
		{5D877D72-CD00-48D4-8D31-543BB08C04EA}.Debug|Any CPU.ActiveCfg = Debug|Any CPU
		{5D877D72-CD00-48D4-8D31-543BB08C04EA}.Debug|Any CPU.Build.0 = Debug|Any CPU
		{5D877D72-CD00-48D4-8D31-543BB08C04EA}.Debug|Any CPU.Deploy.0 = Debug|Any CPU
		{5D877D72-CD00-48D4-8D31-543BB08C04EA}.Debug|ARM.ActiveCfg = Debug|Any CPU
		{5D877D72-CD00-48D4-8D31-543BB08C04EA}.Debug|ARM.Build.0 = Debug|Any CPU
		{5D877D72-CD00-48D4-8D31-543BB08C04EA}.Debug|ARM.Deploy.0 = Debug|Any CPU
		{5D877D72-CD00-48D4-8D31-543BB08C04EA}.Debug|ARM64.ActiveCfg = Debug|Any CPU
		{5D877D72-CD00-48D4-8D31-543BB08C04EA}.Debug|ARM64.Build.0 = Debug|Any CPU
		{5D877D72-CD00-48D4-8D31-543BB08C04EA}.Debug|ARM64.Deploy.0 = Debug|Any CPU
		{5D877D72-CD00-48D4-8D31-543BB08C04EA}.Debug|iPhone.ActiveCfg = Debug|Any CPU
		{5D877D72-CD00-48D4-8D31-543BB08C04EA}.Debug|iPhone.Build.0 = Debug|Any CPU
		{5D877D72-CD00-48D4-8D31-543BB08C04EA}.Debug|iPhone.Deploy.0 = Debug|Any CPU
		{5D877D72-CD00-48D4-8D31-543BB08C04EA}.Debug|iPhoneSimulator.ActiveCfg = Debug|Any CPU
		{5D877D72-CD00-48D4-8D31-543BB08C04EA}.Debug|iPhoneSimulator.Build.0 = Debug|Any CPU
		{5D877D72-CD00-48D4-8D31-543BB08C04EA}.Debug|iPhoneSimulator.Deploy.0 = Debug|Any CPU
		{5D877D72-CD00-48D4-8D31-543BB08C04EA}.Debug|NuGet.ActiveCfg = Debug|Any CPU
		{5D877D72-CD00-48D4-8D31-543BB08C04EA}.Debug|x64.ActiveCfg = Debug|Any CPU
		{5D877D72-CD00-48D4-8D31-543BB08C04EA}.Debug|x64.Build.0 = Debug|Any CPU
		{5D877D72-CD00-48D4-8D31-543BB08C04EA}.Debug|x64.Deploy.0 = Debug|Any CPU
		{5D877D72-CD00-48D4-8D31-543BB08C04EA}.Debug|x86.ActiveCfg = Debug|Any CPU
		{5D877D72-CD00-48D4-8D31-543BB08C04EA}.Debug|x86.Build.0 = Debug|Any CPU
		{5D877D72-CD00-48D4-8D31-543BB08C04EA}.Debug|x86.Deploy.0 = Debug|Any CPU
		{5D877D72-CD00-48D4-8D31-543BB08C04EA}.Release|Any CPU.ActiveCfg = Release|Any CPU
		{5D877D72-CD00-48D4-8D31-543BB08C04EA}.Release|Any CPU.Build.0 = Release|Any CPU
		{5D877D72-CD00-48D4-8D31-543BB08C04EA}.Release|Any CPU.Deploy.0 = Release|Any CPU
		{5D877D72-CD00-48D4-8D31-543BB08C04EA}.Release|ARM.ActiveCfg = Release|Any CPU
		{5D877D72-CD00-48D4-8D31-543BB08C04EA}.Release|ARM.Build.0 = Release|Any CPU
		{5D877D72-CD00-48D4-8D31-543BB08C04EA}.Release|ARM.Deploy.0 = Release|Any CPU
		{5D877D72-CD00-48D4-8D31-543BB08C04EA}.Release|ARM64.ActiveCfg = Release|Any CPU
		{5D877D72-CD00-48D4-8D31-543BB08C04EA}.Release|ARM64.Build.0 = Release|Any CPU
		{5D877D72-CD00-48D4-8D31-543BB08C04EA}.Release|ARM64.Deploy.0 = Release|Any CPU
		{5D877D72-CD00-48D4-8D31-543BB08C04EA}.Release|iPhone.ActiveCfg = Release|Any CPU
		{5D877D72-CD00-48D4-8D31-543BB08C04EA}.Release|iPhone.Build.0 = Release|Any CPU
		{5D877D72-CD00-48D4-8D31-543BB08C04EA}.Release|iPhone.Deploy.0 = Release|Any CPU
		{5D877D72-CD00-48D4-8D31-543BB08C04EA}.Release|iPhoneSimulator.ActiveCfg = Release|Any CPU
		{5D877D72-CD00-48D4-8D31-543BB08C04EA}.Release|iPhoneSimulator.Build.0 = Release|Any CPU
		{5D877D72-CD00-48D4-8D31-543BB08C04EA}.Release|iPhoneSimulator.Deploy.0 = Release|Any CPU
		{5D877D72-CD00-48D4-8D31-543BB08C04EA}.Release|NuGet.ActiveCfg = Release|Any CPU
		{5D877D72-CD00-48D4-8D31-543BB08C04EA}.Release|x64.ActiveCfg = Release|Any CPU
		{5D877D72-CD00-48D4-8D31-543BB08C04EA}.Release|x64.Build.0 = Release|Any CPU
		{5D877D72-CD00-48D4-8D31-543BB08C04EA}.Release|x64.Deploy.0 = Release|Any CPU
		{5D877D72-CD00-48D4-8D31-543BB08C04EA}.Release|x86.ActiveCfg = Release|Any CPU
		{5D877D72-CD00-48D4-8D31-543BB08C04EA}.Release|x86.Build.0 = Release|Any CPU
		{5D877D72-CD00-48D4-8D31-543BB08C04EA}.Release|x86.Deploy.0 = Release|Any CPU
		{409F6E1D-0878-43DD-B984-92DF1B13D58E}.Ad-Hoc|Any CPU.ActiveCfg = Ad-Hoc|iPhoneSimulator
		{409F6E1D-0878-43DD-B984-92DF1B13D58E}.Ad-Hoc|Any CPU.Build.0 = Ad-Hoc|iPhoneSimulator
		{409F6E1D-0878-43DD-B984-92DF1B13D58E}.Ad-Hoc|ARM.ActiveCfg = Ad-Hoc|iPhoneSimulator
		{409F6E1D-0878-43DD-B984-92DF1B13D58E}.Ad-Hoc|ARM.Build.0 = Ad-Hoc|iPhoneSimulator
		{409F6E1D-0878-43DD-B984-92DF1B13D58E}.Ad-Hoc|ARM64.ActiveCfg = Ad-Hoc|iPhoneSimulator
		{409F6E1D-0878-43DD-B984-92DF1B13D58E}.Ad-Hoc|ARM64.Build.0 = Ad-Hoc|iPhoneSimulator
		{409F6E1D-0878-43DD-B984-92DF1B13D58E}.Ad-Hoc|iPhone.ActiveCfg = Ad-Hoc|iPhone
		{409F6E1D-0878-43DD-B984-92DF1B13D58E}.Ad-Hoc|iPhone.Build.0 = Ad-Hoc|iPhone
		{409F6E1D-0878-43DD-B984-92DF1B13D58E}.Ad-Hoc|iPhoneSimulator.ActiveCfg = Ad-Hoc|iPhoneSimulator
		{409F6E1D-0878-43DD-B984-92DF1B13D58E}.Ad-Hoc|iPhoneSimulator.Build.0 = Ad-Hoc|iPhoneSimulator
		{409F6E1D-0878-43DD-B984-92DF1B13D58E}.Ad-Hoc|NuGet.ActiveCfg = Ad-Hoc|iPhone
		{409F6E1D-0878-43DD-B984-92DF1B13D58E}.Ad-Hoc|x64.ActiveCfg = Ad-Hoc|iPhoneSimulator
		{409F6E1D-0878-43DD-B984-92DF1B13D58E}.Ad-Hoc|x64.Build.0 = Ad-Hoc|iPhoneSimulator
		{409F6E1D-0878-43DD-B984-92DF1B13D58E}.Ad-Hoc|x86.ActiveCfg = Ad-Hoc|iPhoneSimulator
		{409F6E1D-0878-43DD-B984-92DF1B13D58E}.Ad-Hoc|x86.Build.0 = Ad-Hoc|iPhoneSimulator
		{409F6E1D-0878-43DD-B984-92DF1B13D58E}.AppStore|Any CPU.ActiveCfg = AppStore|iPhoneSimulator
		{409F6E1D-0878-43DD-B984-92DF1B13D58E}.AppStore|Any CPU.Build.0 = AppStore|iPhoneSimulator
		{409F6E1D-0878-43DD-B984-92DF1B13D58E}.AppStore|ARM.ActiveCfg = AppStore|iPhoneSimulator
		{409F6E1D-0878-43DD-B984-92DF1B13D58E}.AppStore|ARM.Build.0 = AppStore|iPhoneSimulator
		{409F6E1D-0878-43DD-B984-92DF1B13D58E}.AppStore|ARM64.ActiveCfg = AppStore|iPhoneSimulator
		{409F6E1D-0878-43DD-B984-92DF1B13D58E}.AppStore|ARM64.Build.0 = AppStore|iPhoneSimulator
		{409F6E1D-0878-43DD-B984-92DF1B13D58E}.AppStore|iPhone.ActiveCfg = AppStore|iPhone
		{409F6E1D-0878-43DD-B984-92DF1B13D58E}.AppStore|iPhone.Build.0 = AppStore|iPhone
		{409F6E1D-0878-43DD-B984-92DF1B13D58E}.AppStore|iPhoneSimulator.ActiveCfg = AppStore|iPhoneSimulator
		{409F6E1D-0878-43DD-B984-92DF1B13D58E}.AppStore|iPhoneSimulator.Build.0 = AppStore|iPhoneSimulator
		{409F6E1D-0878-43DD-B984-92DF1B13D58E}.AppStore|NuGet.ActiveCfg = AppStore|iPhone
		{409F6E1D-0878-43DD-B984-92DF1B13D58E}.AppStore|x64.ActiveCfg = AppStore|iPhoneSimulator
		{409F6E1D-0878-43DD-B984-92DF1B13D58E}.AppStore|x64.Build.0 = AppStore|iPhoneSimulator
		{409F6E1D-0878-43DD-B984-92DF1B13D58E}.AppStore|x86.ActiveCfg = AppStore|iPhoneSimulator
		{409F6E1D-0878-43DD-B984-92DF1B13D58E}.AppStore|x86.Build.0 = AppStore|iPhoneSimulator
		{409F6E1D-0878-43DD-B984-92DF1B13D58E}.Debug|Any CPU.ActiveCfg = Debug|iPhoneSimulator
		{409F6E1D-0878-43DD-B984-92DF1B13D58E}.Debug|Any CPU.Build.0 = Debug|iPhoneSimulator
		{409F6E1D-0878-43DD-B984-92DF1B13D58E}.Debug|ARM.ActiveCfg = Debug|iPhoneSimulator
		{409F6E1D-0878-43DD-B984-92DF1B13D58E}.Debug|ARM.Build.0 = Debug|iPhoneSimulator
		{409F6E1D-0878-43DD-B984-92DF1B13D58E}.Debug|ARM64.ActiveCfg = Debug|iPhoneSimulator
		{409F6E1D-0878-43DD-B984-92DF1B13D58E}.Debug|ARM64.Build.0 = Debug|iPhoneSimulator
		{409F6E1D-0878-43DD-B984-92DF1B13D58E}.Debug|iPhone.ActiveCfg = Debug|iPhone
		{409F6E1D-0878-43DD-B984-92DF1B13D58E}.Debug|iPhone.Build.0 = Debug|iPhone
		{409F6E1D-0878-43DD-B984-92DF1B13D58E}.Debug|iPhone.Deploy.0 = Debug|iPhone
		{409F6E1D-0878-43DD-B984-92DF1B13D58E}.Debug|iPhoneSimulator.ActiveCfg = Debug|iPhoneSimulator
		{409F6E1D-0878-43DD-B984-92DF1B13D58E}.Debug|iPhoneSimulator.Build.0 = Debug|iPhoneSimulator
		{409F6E1D-0878-43DD-B984-92DF1B13D58E}.Debug|NuGet.ActiveCfg = Debug|iPhone
		{409F6E1D-0878-43DD-B984-92DF1B13D58E}.Debug|x64.ActiveCfg = Debug|iPhoneSimulator
		{409F6E1D-0878-43DD-B984-92DF1B13D58E}.Debug|x64.Build.0 = Debug|iPhoneSimulator
		{409F6E1D-0878-43DD-B984-92DF1B13D58E}.Debug|x86.ActiveCfg = Debug|iPhoneSimulator
		{409F6E1D-0878-43DD-B984-92DF1B13D58E}.Debug|x86.Build.0 = Debug|iPhoneSimulator
		{409F6E1D-0878-43DD-B984-92DF1B13D58E}.Release|Any CPU.ActiveCfg = Release|iPhoneSimulator
		{409F6E1D-0878-43DD-B984-92DF1B13D58E}.Release|Any CPU.Build.0 = Release|iPhoneSimulator
		{409F6E1D-0878-43DD-B984-92DF1B13D58E}.Release|ARM.ActiveCfg = Release|iPhoneSimulator
		{409F6E1D-0878-43DD-B984-92DF1B13D58E}.Release|ARM.Build.0 = Release|iPhoneSimulator
		{409F6E1D-0878-43DD-B984-92DF1B13D58E}.Release|ARM64.ActiveCfg = Release|iPhoneSimulator
		{409F6E1D-0878-43DD-B984-92DF1B13D58E}.Release|ARM64.Build.0 = Release|iPhoneSimulator
		{409F6E1D-0878-43DD-B984-92DF1B13D58E}.Release|iPhone.ActiveCfg = Release|iPhone
		{409F6E1D-0878-43DD-B984-92DF1B13D58E}.Release|iPhone.Build.0 = Release|iPhone
		{409F6E1D-0878-43DD-B984-92DF1B13D58E}.Release|iPhoneSimulator.ActiveCfg = Release|iPhoneSimulator
		{409F6E1D-0878-43DD-B984-92DF1B13D58E}.Release|iPhoneSimulator.Build.0 = Release|iPhoneSimulator
		{409F6E1D-0878-43DD-B984-92DF1B13D58E}.Release|NuGet.ActiveCfg = Release|iPhone
		{409F6E1D-0878-43DD-B984-92DF1B13D58E}.Release|x64.ActiveCfg = Release|iPhoneSimulator
		{409F6E1D-0878-43DD-B984-92DF1B13D58E}.Release|x64.Build.0 = Release|iPhoneSimulator
		{409F6E1D-0878-43DD-B984-92DF1B13D58E}.Release|x86.ActiveCfg = Release|iPhoneSimulator
		{409F6E1D-0878-43DD-B984-92DF1B13D58E}.Release|x86.Build.0 = Release|iPhoneSimulator
		{6279C845-92F8-4333-AB99-3D213163593C}.Ad-Hoc|Any CPU.ActiveCfg = Release|Any CPU
		{6279C845-92F8-4333-AB99-3D213163593C}.Ad-Hoc|ARM.ActiveCfg = Release|Any CPU
		{6279C845-92F8-4333-AB99-3D213163593C}.Ad-Hoc|ARM64.ActiveCfg = Release|Any CPU
		{6279C845-92F8-4333-AB99-3D213163593C}.Ad-Hoc|iPhone.ActiveCfg = Release|Any CPU
		{6279C845-92F8-4333-AB99-3D213163593C}.Ad-Hoc|iPhoneSimulator.ActiveCfg = Release|Any CPU
		{6279C845-92F8-4333-AB99-3D213163593C}.Ad-Hoc|NuGet.ActiveCfg = Release|Any CPU
		{6279C845-92F8-4333-AB99-3D213163593C}.Ad-Hoc|x64.ActiveCfg = Release|Any CPU
		{6279C845-92F8-4333-AB99-3D213163593C}.Ad-Hoc|x86.ActiveCfg = Release|Any CPU
		{6279C845-92F8-4333-AB99-3D213163593C}.AppStore|Any CPU.ActiveCfg = Release|Any CPU
		{6279C845-92F8-4333-AB99-3D213163593C}.AppStore|ARM.ActiveCfg = Release|Any CPU
		{6279C845-92F8-4333-AB99-3D213163593C}.AppStore|ARM64.ActiveCfg = Release|Any CPU
		{6279C845-92F8-4333-AB99-3D213163593C}.AppStore|iPhone.ActiveCfg = Release|Any CPU
		{6279C845-92F8-4333-AB99-3D213163593C}.AppStore|iPhoneSimulator.ActiveCfg = Release|Any CPU
		{6279C845-92F8-4333-AB99-3D213163593C}.AppStore|NuGet.ActiveCfg = Release|Any CPU
		{6279C845-92F8-4333-AB99-3D213163593C}.AppStore|x64.ActiveCfg = Release|Any CPU
		{6279C845-92F8-4333-AB99-3D213163593C}.AppStore|x86.ActiveCfg = Release|Any CPU
		{6279C845-92F8-4333-AB99-3D213163593C}.Debug|Any CPU.ActiveCfg = Debug|Any CPU
		{6279C845-92F8-4333-AB99-3D213163593C}.Debug|ARM.ActiveCfg = Debug|Any CPU
		{6279C845-92F8-4333-AB99-3D213163593C}.Debug|ARM64.ActiveCfg = Debug|Any CPU
		{6279C845-92F8-4333-AB99-3D213163593C}.Debug|iPhone.ActiveCfg = Debug|Any CPU
		{6279C845-92F8-4333-AB99-3D213163593C}.Debug|iPhoneSimulator.ActiveCfg = Debug|Any CPU
		{6279C845-92F8-4333-AB99-3D213163593C}.Debug|NuGet.ActiveCfg = Debug|Any CPU
		{6279C845-92F8-4333-AB99-3D213163593C}.Debug|x64.ActiveCfg = Debug|Any CPU
		{6279C845-92F8-4333-AB99-3D213163593C}.Debug|x86.ActiveCfg = Debug|Any CPU
		{6279C845-92F8-4333-AB99-3D213163593C}.Release|Any CPU.ActiveCfg = Release|Any CPU
		{6279C845-92F8-4333-AB99-3D213163593C}.Release|ARM.ActiveCfg = Release|Any CPU
		{6279C845-92F8-4333-AB99-3D213163593C}.Release|ARM64.ActiveCfg = Release|Any CPU
		{6279C845-92F8-4333-AB99-3D213163593C}.Release|iPhone.ActiveCfg = Release|Any CPU
		{6279C845-92F8-4333-AB99-3D213163593C}.Release|iPhoneSimulator.ActiveCfg = Release|Any CPU
		{6279C845-92F8-4333-AB99-3D213163593C}.Release|NuGet.ActiveCfg = Release|Any CPU
		{6279C845-92F8-4333-AB99-3D213163593C}.Release|x64.ActiveCfg = Release|Any CPU
		{6279C845-92F8-4333-AB99-3D213163593C}.Release|x86.ActiveCfg = Release|Any CPU
		{09933A00-6DD0-4027-8310-29D9ACF07537}.Ad-Hoc|Any CPU.ActiveCfg = Debug|x86
		{09933A00-6DD0-4027-8310-29D9ACF07537}.Ad-Hoc|Any CPU.Build.0 = Debug|x86
		{09933A00-6DD0-4027-8310-29D9ACF07537}.Ad-Hoc|Any CPU.Deploy.0 = Debug|x86
		{09933A00-6DD0-4027-8310-29D9ACF07537}.Ad-Hoc|ARM.ActiveCfg = Debug|ARM
		{09933A00-6DD0-4027-8310-29D9ACF07537}.Ad-Hoc|ARM.Build.0 = Debug|ARM
		{09933A00-6DD0-4027-8310-29D9ACF07537}.Ad-Hoc|ARM.Deploy.0 = Debug|ARM
		{09933A00-6DD0-4027-8310-29D9ACF07537}.Ad-Hoc|ARM64.ActiveCfg = Debug|ARM64
		{09933A00-6DD0-4027-8310-29D9ACF07537}.Ad-Hoc|ARM64.Build.0 = Debug|ARM64
		{09933A00-6DD0-4027-8310-29D9ACF07537}.Ad-Hoc|ARM64.Deploy.0 = Debug|ARM64
		{09933A00-6DD0-4027-8310-29D9ACF07537}.Ad-Hoc|iPhone.ActiveCfg = Debug|x86
		{09933A00-6DD0-4027-8310-29D9ACF07537}.Ad-Hoc|iPhone.Build.0 = Debug|x86
		{09933A00-6DD0-4027-8310-29D9ACF07537}.Ad-Hoc|iPhone.Deploy.0 = Debug|x86
		{09933A00-6DD0-4027-8310-29D9ACF07537}.Ad-Hoc|iPhoneSimulator.ActiveCfg = Debug|x86
		{09933A00-6DD0-4027-8310-29D9ACF07537}.Ad-Hoc|iPhoneSimulator.Build.0 = Debug|x86
		{09933A00-6DD0-4027-8310-29D9ACF07537}.Ad-Hoc|iPhoneSimulator.Deploy.0 = Debug|x86
		{09933A00-6DD0-4027-8310-29D9ACF07537}.Ad-Hoc|NuGet.ActiveCfg = Release|x64
		{09933A00-6DD0-4027-8310-29D9ACF07537}.Ad-Hoc|x64.ActiveCfg = Debug|x64
		{09933A00-6DD0-4027-8310-29D9ACF07537}.Ad-Hoc|x64.Build.0 = Debug|x64
		{09933A00-6DD0-4027-8310-29D9ACF07537}.Ad-Hoc|x64.Deploy.0 = Debug|x64
		{09933A00-6DD0-4027-8310-29D9ACF07537}.Ad-Hoc|x86.ActiveCfg = Debug|x86
		{09933A00-6DD0-4027-8310-29D9ACF07537}.Ad-Hoc|x86.Build.0 = Debug|x86
		{09933A00-6DD0-4027-8310-29D9ACF07537}.Ad-Hoc|x86.Deploy.0 = Debug|x86
		{09933A00-6DD0-4027-8310-29D9ACF07537}.AppStore|Any CPU.ActiveCfg = Debug|x86
		{09933A00-6DD0-4027-8310-29D9ACF07537}.AppStore|Any CPU.Build.0 = Debug|x86
		{09933A00-6DD0-4027-8310-29D9ACF07537}.AppStore|Any CPU.Deploy.0 = Debug|x86
		{09933A00-6DD0-4027-8310-29D9ACF07537}.AppStore|ARM.ActiveCfg = Debug|ARM
		{09933A00-6DD0-4027-8310-29D9ACF07537}.AppStore|ARM.Build.0 = Debug|ARM
		{09933A00-6DD0-4027-8310-29D9ACF07537}.AppStore|ARM.Deploy.0 = Debug|ARM
		{09933A00-6DD0-4027-8310-29D9ACF07537}.AppStore|ARM64.ActiveCfg = Debug|ARM64
		{09933A00-6DD0-4027-8310-29D9ACF07537}.AppStore|ARM64.Build.0 = Debug|ARM64
		{09933A00-6DD0-4027-8310-29D9ACF07537}.AppStore|ARM64.Deploy.0 = Debug|ARM64
		{09933A00-6DD0-4027-8310-29D9ACF07537}.AppStore|iPhone.ActiveCfg = Debug|x86
		{09933A00-6DD0-4027-8310-29D9ACF07537}.AppStore|iPhone.Build.0 = Debug|x86
		{09933A00-6DD0-4027-8310-29D9ACF07537}.AppStore|iPhone.Deploy.0 = Debug|x86
		{09933A00-6DD0-4027-8310-29D9ACF07537}.AppStore|iPhoneSimulator.ActiveCfg = Debug|x86
		{09933A00-6DD0-4027-8310-29D9ACF07537}.AppStore|iPhoneSimulator.Build.0 = Debug|x86
		{09933A00-6DD0-4027-8310-29D9ACF07537}.AppStore|iPhoneSimulator.Deploy.0 = Debug|x86
		{09933A00-6DD0-4027-8310-29D9ACF07537}.AppStore|NuGet.ActiveCfg = Release|x64
		{09933A00-6DD0-4027-8310-29D9ACF07537}.AppStore|x64.ActiveCfg = Debug|x64
		{09933A00-6DD0-4027-8310-29D9ACF07537}.AppStore|x64.Build.0 = Debug|x64
		{09933A00-6DD0-4027-8310-29D9ACF07537}.AppStore|x64.Deploy.0 = Debug|x64
		{09933A00-6DD0-4027-8310-29D9ACF07537}.AppStore|x86.ActiveCfg = Debug|x86
		{09933A00-6DD0-4027-8310-29D9ACF07537}.AppStore|x86.Build.0 = Debug|x86
		{09933A00-6DD0-4027-8310-29D9ACF07537}.AppStore|x86.Deploy.0 = Debug|x86
		{09933A00-6DD0-4027-8310-29D9ACF07537}.Debug|Any CPU.ActiveCfg = Debug|x64
		{09933A00-6DD0-4027-8310-29D9ACF07537}.Debug|Any CPU.Build.0 = Debug|x64
		{09933A00-6DD0-4027-8310-29D9ACF07537}.Debug|Any CPU.Deploy.0 = Debug|x64
		{09933A00-6DD0-4027-8310-29D9ACF07537}.Debug|ARM.ActiveCfg = Debug|ARM
		{09933A00-6DD0-4027-8310-29D9ACF07537}.Debug|ARM.Build.0 = Debug|ARM
		{09933A00-6DD0-4027-8310-29D9ACF07537}.Debug|ARM.Deploy.0 = Debug|ARM
		{09933A00-6DD0-4027-8310-29D9ACF07537}.Debug|ARM64.ActiveCfg = Debug|ARM64
		{09933A00-6DD0-4027-8310-29D9ACF07537}.Debug|ARM64.Build.0 = Debug|ARM64
		{09933A00-6DD0-4027-8310-29D9ACF07537}.Debug|ARM64.Deploy.0 = Debug|ARM64
		{09933A00-6DD0-4027-8310-29D9ACF07537}.Debug|iPhone.ActiveCfg = Debug|x64
		{09933A00-6DD0-4027-8310-29D9ACF07537}.Debug|iPhone.Build.0 = Debug|x64
		{09933A00-6DD0-4027-8310-29D9ACF07537}.Debug|iPhone.Deploy.0 = Debug|x64
		{09933A00-6DD0-4027-8310-29D9ACF07537}.Debug|iPhoneSimulator.ActiveCfg = Debug|x64
		{09933A00-6DD0-4027-8310-29D9ACF07537}.Debug|iPhoneSimulator.Build.0 = Debug|x64
		{09933A00-6DD0-4027-8310-29D9ACF07537}.Debug|iPhoneSimulator.Deploy.0 = Debug|x64
		{09933A00-6DD0-4027-8310-29D9ACF07537}.Debug|NuGet.ActiveCfg = Debug|x64
		{09933A00-6DD0-4027-8310-29D9ACF07537}.Debug|x64.ActiveCfg = Debug|x64
		{09933A00-6DD0-4027-8310-29D9ACF07537}.Debug|x64.Build.0 = Debug|x64
		{09933A00-6DD0-4027-8310-29D9ACF07537}.Debug|x64.Deploy.0 = Debug|x64
		{09933A00-6DD0-4027-8310-29D9ACF07537}.Debug|x86.ActiveCfg = Debug|x86
		{09933A00-6DD0-4027-8310-29D9ACF07537}.Debug|x86.Build.0 = Debug|x86
		{09933A00-6DD0-4027-8310-29D9ACF07537}.Debug|x86.Deploy.0 = Debug|x86
		{09933A00-6DD0-4027-8310-29D9ACF07537}.Release|Any CPU.ActiveCfg = Release|x64
		{09933A00-6DD0-4027-8310-29D9ACF07537}.Release|Any CPU.Build.0 = Release|x64
		{09933A00-6DD0-4027-8310-29D9ACF07537}.Release|Any CPU.Deploy.0 = Release|x64
		{09933A00-6DD0-4027-8310-29D9ACF07537}.Release|ARM.ActiveCfg = Release|ARM
		{09933A00-6DD0-4027-8310-29D9ACF07537}.Release|ARM.Build.0 = Release|ARM
		{09933A00-6DD0-4027-8310-29D9ACF07537}.Release|ARM.Deploy.0 = Release|ARM
		{09933A00-6DD0-4027-8310-29D9ACF07537}.Release|ARM64.ActiveCfg = Release|ARM64
		{09933A00-6DD0-4027-8310-29D9ACF07537}.Release|ARM64.Build.0 = Release|ARM64
		{09933A00-6DD0-4027-8310-29D9ACF07537}.Release|ARM64.Deploy.0 = Release|ARM64
		{09933A00-6DD0-4027-8310-29D9ACF07537}.Release|iPhone.ActiveCfg = Release|x64
		{09933A00-6DD0-4027-8310-29D9ACF07537}.Release|iPhone.Build.0 = Release|x64
		{09933A00-6DD0-4027-8310-29D9ACF07537}.Release|iPhone.Deploy.0 = Release|x64
		{09933A00-6DD0-4027-8310-29D9ACF07537}.Release|iPhoneSimulator.ActiveCfg = Release|x64
		{09933A00-6DD0-4027-8310-29D9ACF07537}.Release|iPhoneSimulator.Build.0 = Release|x64
		{09933A00-6DD0-4027-8310-29D9ACF07537}.Release|iPhoneSimulator.Deploy.0 = Release|x64
		{09933A00-6DD0-4027-8310-29D9ACF07537}.Release|NuGet.ActiveCfg = Release|x64
		{09933A00-6DD0-4027-8310-29D9ACF07537}.Release|x64.ActiveCfg = Release|x64
		{09933A00-6DD0-4027-8310-29D9ACF07537}.Release|x64.Build.0 = Release|x64
		{09933A00-6DD0-4027-8310-29D9ACF07537}.Release|x64.Deploy.0 = Release|x64
		{09933A00-6DD0-4027-8310-29D9ACF07537}.Release|x86.ActiveCfg = Release|x86
		{09933A00-6DD0-4027-8310-29D9ACF07537}.Release|x86.Build.0 = Release|x86
		{09933A00-6DD0-4027-8310-29D9ACF07537}.Release|x86.Deploy.0 = Release|x86
		{8B87F06E-C6C5-4D01-A329-A0F91664474B}.Ad-Hoc|Any CPU.ActiveCfg = Debug|Any CPU
		{8B87F06E-C6C5-4D01-A329-A0F91664474B}.Ad-Hoc|Any CPU.Build.0 = Debug|Any CPU
		{8B87F06E-C6C5-4D01-A329-A0F91664474B}.Ad-Hoc|ARM.ActiveCfg = Debug|Any CPU
		{8B87F06E-C6C5-4D01-A329-A0F91664474B}.Ad-Hoc|ARM.Build.0 = Debug|Any CPU
		{8B87F06E-C6C5-4D01-A329-A0F91664474B}.Ad-Hoc|ARM64.ActiveCfg = Debug|Any CPU
		{8B87F06E-C6C5-4D01-A329-A0F91664474B}.Ad-Hoc|ARM64.Build.0 = Debug|Any CPU
		{8B87F06E-C6C5-4D01-A329-A0F91664474B}.Ad-Hoc|iPhone.ActiveCfg = Debug|Any CPU
		{8B87F06E-C6C5-4D01-A329-A0F91664474B}.Ad-Hoc|iPhone.Build.0 = Debug|Any CPU
		{8B87F06E-C6C5-4D01-A329-A0F91664474B}.Ad-Hoc|iPhoneSimulator.ActiveCfg = Debug|Any CPU
		{8B87F06E-C6C5-4D01-A329-A0F91664474B}.Ad-Hoc|iPhoneSimulator.Build.0 = Debug|Any CPU
		{8B87F06E-C6C5-4D01-A329-A0F91664474B}.Ad-Hoc|NuGet.ActiveCfg = Debug|Any CPU
		{8B87F06E-C6C5-4D01-A329-A0F91664474B}.Ad-Hoc|NuGet.Build.0 = Debug|Any CPU
		{8B87F06E-C6C5-4D01-A329-A0F91664474B}.Ad-Hoc|x64.ActiveCfg = Debug|Any CPU
		{8B87F06E-C6C5-4D01-A329-A0F91664474B}.Ad-Hoc|x64.Build.0 = Debug|Any CPU
		{8B87F06E-C6C5-4D01-A329-A0F91664474B}.Ad-Hoc|x86.ActiveCfg = Debug|Any CPU
		{8B87F06E-C6C5-4D01-A329-A0F91664474B}.Ad-Hoc|x86.Build.0 = Debug|Any CPU
		{8B87F06E-C6C5-4D01-A329-A0F91664474B}.AppStore|Any CPU.ActiveCfg = Debug|Any CPU
		{8B87F06E-C6C5-4D01-A329-A0F91664474B}.AppStore|Any CPU.Build.0 = Debug|Any CPU
		{8B87F06E-C6C5-4D01-A329-A0F91664474B}.AppStore|ARM.ActiveCfg = Debug|Any CPU
		{8B87F06E-C6C5-4D01-A329-A0F91664474B}.AppStore|ARM.Build.0 = Debug|Any CPU
		{8B87F06E-C6C5-4D01-A329-A0F91664474B}.AppStore|ARM64.ActiveCfg = Debug|Any CPU
		{8B87F06E-C6C5-4D01-A329-A0F91664474B}.AppStore|ARM64.Build.0 = Debug|Any CPU
		{8B87F06E-C6C5-4D01-A329-A0F91664474B}.AppStore|iPhone.ActiveCfg = Debug|Any CPU
		{8B87F06E-C6C5-4D01-A329-A0F91664474B}.AppStore|iPhone.Build.0 = Debug|Any CPU
		{8B87F06E-C6C5-4D01-A329-A0F91664474B}.AppStore|iPhoneSimulator.ActiveCfg = Debug|Any CPU
		{8B87F06E-C6C5-4D01-A329-A0F91664474B}.AppStore|iPhoneSimulator.Build.0 = Debug|Any CPU
		{8B87F06E-C6C5-4D01-A329-A0F91664474B}.AppStore|NuGet.ActiveCfg = Debug|Any CPU
		{8B87F06E-C6C5-4D01-A329-A0F91664474B}.AppStore|NuGet.Build.0 = Debug|Any CPU
		{8B87F06E-C6C5-4D01-A329-A0F91664474B}.AppStore|x64.ActiveCfg = Debug|Any CPU
		{8B87F06E-C6C5-4D01-A329-A0F91664474B}.AppStore|x64.Build.0 = Debug|Any CPU
		{8B87F06E-C6C5-4D01-A329-A0F91664474B}.AppStore|x86.ActiveCfg = Debug|Any CPU
		{8B87F06E-C6C5-4D01-A329-A0F91664474B}.AppStore|x86.Build.0 = Debug|Any CPU
		{8B87F06E-C6C5-4D01-A329-A0F91664474B}.Debug|Any CPU.ActiveCfg = Debug|Any CPU
		{8B87F06E-C6C5-4D01-A329-A0F91664474B}.Debug|Any CPU.Build.0 = Debug|Any CPU
		{8B87F06E-C6C5-4D01-A329-A0F91664474B}.Debug|ARM.ActiveCfg = Debug|Any CPU
		{8B87F06E-C6C5-4D01-A329-A0F91664474B}.Debug|ARM.Build.0 = Debug|Any CPU
		{8B87F06E-C6C5-4D01-A329-A0F91664474B}.Debug|ARM64.ActiveCfg = Debug|Any CPU
		{8B87F06E-C6C5-4D01-A329-A0F91664474B}.Debug|ARM64.Build.0 = Debug|Any CPU
		{8B87F06E-C6C5-4D01-A329-A0F91664474B}.Debug|iPhone.ActiveCfg = Debug|Any CPU
		{8B87F06E-C6C5-4D01-A329-A0F91664474B}.Debug|iPhone.Build.0 = Debug|Any CPU
		{8B87F06E-C6C5-4D01-A329-A0F91664474B}.Debug|iPhoneSimulator.ActiveCfg = Debug|Any CPU
		{8B87F06E-C6C5-4D01-A329-A0F91664474B}.Debug|iPhoneSimulator.Build.0 = Debug|Any CPU
		{8B87F06E-C6C5-4D01-A329-A0F91664474B}.Debug|NuGet.ActiveCfg = Debug|Any CPU
		{8B87F06E-C6C5-4D01-A329-A0F91664474B}.Debug|NuGet.Build.0 = Debug|Any CPU
		{8B87F06E-C6C5-4D01-A329-A0F91664474B}.Debug|x64.ActiveCfg = Debug|Any CPU
		{8B87F06E-C6C5-4D01-A329-A0F91664474B}.Debug|x64.Build.0 = Debug|Any CPU
		{8B87F06E-C6C5-4D01-A329-A0F91664474B}.Debug|x86.ActiveCfg = Debug|Any CPU
		{8B87F06E-C6C5-4D01-A329-A0F91664474B}.Debug|x86.Build.0 = Debug|Any CPU
		{8B87F06E-C6C5-4D01-A329-A0F91664474B}.Release|Any CPU.ActiveCfg = Release|Any CPU
		{8B87F06E-C6C5-4D01-A329-A0F91664474B}.Release|Any CPU.Build.0 = Release|Any CPU
		{8B87F06E-C6C5-4D01-A329-A0F91664474B}.Release|ARM.ActiveCfg = Release|Any CPU
		{8B87F06E-C6C5-4D01-A329-A0F91664474B}.Release|ARM.Build.0 = Release|Any CPU
		{8B87F06E-C6C5-4D01-A329-A0F91664474B}.Release|ARM64.ActiveCfg = Release|Any CPU
		{8B87F06E-C6C5-4D01-A329-A0F91664474B}.Release|ARM64.Build.0 = Release|Any CPU
		{8B87F06E-C6C5-4D01-A329-A0F91664474B}.Release|iPhone.ActiveCfg = Release|Any CPU
		{8B87F06E-C6C5-4D01-A329-A0F91664474B}.Release|iPhone.Build.0 = Release|Any CPU
		{8B87F06E-C6C5-4D01-A329-A0F91664474B}.Release|iPhoneSimulator.ActiveCfg = Release|Any CPU
		{8B87F06E-C6C5-4D01-A329-A0F91664474B}.Release|iPhoneSimulator.Build.0 = Release|Any CPU
		{8B87F06E-C6C5-4D01-A329-A0F91664474B}.Release|NuGet.ActiveCfg = Release|Any CPU
		{8B87F06E-C6C5-4D01-A329-A0F91664474B}.Release|NuGet.Build.0 = Release|Any CPU
		{8B87F06E-C6C5-4D01-A329-A0F91664474B}.Release|x64.ActiveCfg = Release|Any CPU
		{8B87F06E-C6C5-4D01-A329-A0F91664474B}.Release|x64.Build.0 = Release|Any CPU
		{8B87F06E-C6C5-4D01-A329-A0F91664474B}.Release|x86.ActiveCfg = Release|Any CPU
		{8B87F06E-C6C5-4D01-A329-A0F91664474B}.Release|x86.Build.0 = Release|Any CPU
		{8D9574FD-4D1C-4755-8DA1-B03E486BDB81}.Ad-Hoc|Any CPU.ActiveCfg = Debug|Any CPU
		{8D9574FD-4D1C-4755-8DA1-B03E486BDB81}.Ad-Hoc|Any CPU.Build.0 = Debug|Any CPU
		{8D9574FD-4D1C-4755-8DA1-B03E486BDB81}.Ad-Hoc|ARM.ActiveCfg = Debug|Any CPU
		{8D9574FD-4D1C-4755-8DA1-B03E486BDB81}.Ad-Hoc|ARM.Build.0 = Debug|Any CPU
		{8D9574FD-4D1C-4755-8DA1-B03E486BDB81}.Ad-Hoc|ARM64.ActiveCfg = Debug|Any CPU
		{8D9574FD-4D1C-4755-8DA1-B03E486BDB81}.Ad-Hoc|ARM64.Build.0 = Debug|Any CPU
		{8D9574FD-4D1C-4755-8DA1-B03E486BDB81}.Ad-Hoc|iPhone.ActiveCfg = Debug|Any CPU
		{8D9574FD-4D1C-4755-8DA1-B03E486BDB81}.Ad-Hoc|iPhone.Build.0 = Debug|Any CPU
		{8D9574FD-4D1C-4755-8DA1-B03E486BDB81}.Ad-Hoc|iPhoneSimulator.ActiveCfg = Debug|Any CPU
		{8D9574FD-4D1C-4755-8DA1-B03E486BDB81}.Ad-Hoc|iPhoneSimulator.Build.0 = Debug|Any CPU
		{8D9574FD-4D1C-4755-8DA1-B03E486BDB81}.Ad-Hoc|NuGet.ActiveCfg = Debug|Any CPU
		{8D9574FD-4D1C-4755-8DA1-B03E486BDB81}.Ad-Hoc|NuGet.Build.0 = Debug|Any CPU
		{8D9574FD-4D1C-4755-8DA1-B03E486BDB81}.Ad-Hoc|x64.ActiveCfg = Debug|Any CPU
		{8D9574FD-4D1C-4755-8DA1-B03E486BDB81}.Ad-Hoc|x64.Build.0 = Debug|Any CPU
		{8D9574FD-4D1C-4755-8DA1-B03E486BDB81}.Ad-Hoc|x86.ActiveCfg = Debug|Any CPU
		{8D9574FD-4D1C-4755-8DA1-B03E486BDB81}.Ad-Hoc|x86.Build.0 = Debug|Any CPU
		{8D9574FD-4D1C-4755-8DA1-B03E486BDB81}.AppStore|Any CPU.ActiveCfg = Debug|Any CPU
		{8D9574FD-4D1C-4755-8DA1-B03E486BDB81}.AppStore|Any CPU.Build.0 = Debug|Any CPU
		{8D9574FD-4D1C-4755-8DA1-B03E486BDB81}.AppStore|ARM.ActiveCfg = Debug|Any CPU
		{8D9574FD-4D1C-4755-8DA1-B03E486BDB81}.AppStore|ARM.Build.0 = Debug|Any CPU
		{8D9574FD-4D1C-4755-8DA1-B03E486BDB81}.AppStore|ARM64.ActiveCfg = Debug|Any CPU
		{8D9574FD-4D1C-4755-8DA1-B03E486BDB81}.AppStore|ARM64.Build.0 = Debug|Any CPU
		{8D9574FD-4D1C-4755-8DA1-B03E486BDB81}.AppStore|iPhone.ActiveCfg = Debug|Any CPU
		{8D9574FD-4D1C-4755-8DA1-B03E486BDB81}.AppStore|iPhone.Build.0 = Debug|Any CPU
		{8D9574FD-4D1C-4755-8DA1-B03E486BDB81}.AppStore|iPhoneSimulator.ActiveCfg = Debug|Any CPU
		{8D9574FD-4D1C-4755-8DA1-B03E486BDB81}.AppStore|iPhoneSimulator.Build.0 = Debug|Any CPU
		{8D9574FD-4D1C-4755-8DA1-B03E486BDB81}.AppStore|NuGet.ActiveCfg = Debug|Any CPU
		{8D9574FD-4D1C-4755-8DA1-B03E486BDB81}.AppStore|NuGet.Build.0 = Debug|Any CPU
		{8D9574FD-4D1C-4755-8DA1-B03E486BDB81}.AppStore|x64.ActiveCfg = Debug|Any CPU
		{8D9574FD-4D1C-4755-8DA1-B03E486BDB81}.AppStore|x64.Build.0 = Debug|Any CPU
		{8D9574FD-4D1C-4755-8DA1-B03E486BDB81}.AppStore|x86.ActiveCfg = Debug|Any CPU
		{8D9574FD-4D1C-4755-8DA1-B03E486BDB81}.AppStore|x86.Build.0 = Debug|Any CPU
		{8D9574FD-4D1C-4755-8DA1-B03E486BDB81}.Debug|Any CPU.ActiveCfg = Debug|Any CPU
		{8D9574FD-4D1C-4755-8DA1-B03E486BDB81}.Debug|Any CPU.Build.0 = Debug|Any CPU
		{8D9574FD-4D1C-4755-8DA1-B03E486BDB81}.Debug|ARM.ActiveCfg = Debug|Any CPU
		{8D9574FD-4D1C-4755-8DA1-B03E486BDB81}.Debug|ARM.Build.0 = Debug|Any CPU
		{8D9574FD-4D1C-4755-8DA1-B03E486BDB81}.Debug|ARM64.ActiveCfg = Debug|Any CPU
		{8D9574FD-4D1C-4755-8DA1-B03E486BDB81}.Debug|ARM64.Build.0 = Debug|Any CPU
		{8D9574FD-4D1C-4755-8DA1-B03E486BDB81}.Debug|iPhone.ActiveCfg = Debug|Any CPU
		{8D9574FD-4D1C-4755-8DA1-B03E486BDB81}.Debug|iPhone.Build.0 = Debug|Any CPU
		{8D9574FD-4D1C-4755-8DA1-B03E486BDB81}.Debug|iPhoneSimulator.ActiveCfg = Debug|Any CPU
		{8D9574FD-4D1C-4755-8DA1-B03E486BDB81}.Debug|iPhoneSimulator.Build.0 = Debug|Any CPU
		{8D9574FD-4D1C-4755-8DA1-B03E486BDB81}.Debug|NuGet.ActiveCfg = Debug|Any CPU
		{8D9574FD-4D1C-4755-8DA1-B03E486BDB81}.Debug|NuGet.Build.0 = Debug|Any CPU
		{8D9574FD-4D1C-4755-8DA1-B03E486BDB81}.Debug|x64.ActiveCfg = Debug|Any CPU
		{8D9574FD-4D1C-4755-8DA1-B03E486BDB81}.Debug|x64.Build.0 = Debug|Any CPU
		{8D9574FD-4D1C-4755-8DA1-B03E486BDB81}.Debug|x86.ActiveCfg = Debug|Any CPU
		{8D9574FD-4D1C-4755-8DA1-B03E486BDB81}.Debug|x86.Build.0 = Debug|Any CPU
		{8D9574FD-4D1C-4755-8DA1-B03E486BDB81}.Release|Any CPU.ActiveCfg = Release|Any CPU
		{8D9574FD-4D1C-4755-8DA1-B03E486BDB81}.Release|Any CPU.Build.0 = Release|Any CPU
		{8D9574FD-4D1C-4755-8DA1-B03E486BDB81}.Release|ARM.ActiveCfg = Release|Any CPU
		{8D9574FD-4D1C-4755-8DA1-B03E486BDB81}.Release|ARM.Build.0 = Release|Any CPU
		{8D9574FD-4D1C-4755-8DA1-B03E486BDB81}.Release|ARM64.ActiveCfg = Release|Any CPU
		{8D9574FD-4D1C-4755-8DA1-B03E486BDB81}.Release|ARM64.Build.0 = Release|Any CPU
		{8D9574FD-4D1C-4755-8DA1-B03E486BDB81}.Release|iPhone.ActiveCfg = Release|Any CPU
		{8D9574FD-4D1C-4755-8DA1-B03E486BDB81}.Release|iPhone.Build.0 = Release|Any CPU
		{8D9574FD-4D1C-4755-8DA1-B03E486BDB81}.Release|iPhoneSimulator.ActiveCfg = Release|Any CPU
		{8D9574FD-4D1C-4755-8DA1-B03E486BDB81}.Release|iPhoneSimulator.Build.0 = Release|Any CPU
		{8D9574FD-4D1C-4755-8DA1-B03E486BDB81}.Release|NuGet.ActiveCfg = Release|Any CPU
		{8D9574FD-4D1C-4755-8DA1-B03E486BDB81}.Release|NuGet.Build.0 = Release|Any CPU
		{8D9574FD-4D1C-4755-8DA1-B03E486BDB81}.Release|x64.ActiveCfg = Release|Any CPU
		{8D9574FD-4D1C-4755-8DA1-B03E486BDB81}.Release|x64.Build.0 = Release|Any CPU
		{8D9574FD-4D1C-4755-8DA1-B03E486BDB81}.Release|x86.ActiveCfg = Release|Any CPU
		{8D9574FD-4D1C-4755-8DA1-B03E486BDB81}.Release|x86.Build.0 = Release|Any CPU
		{A3557DAA-55EF-4E49-9B94-81B0A1AF17B1}.Ad-Hoc|Any CPU.ActiveCfg = Debug|Any CPU
		{A3557DAA-55EF-4E49-9B94-81B0A1AF17B1}.Ad-Hoc|Any CPU.Build.0 = Debug|Any CPU
		{A3557DAA-55EF-4E49-9B94-81B0A1AF17B1}.Ad-Hoc|ARM.ActiveCfg = Debug|Any CPU
		{A3557DAA-55EF-4E49-9B94-81B0A1AF17B1}.Ad-Hoc|ARM.Build.0 = Debug|Any CPU
		{A3557DAA-55EF-4E49-9B94-81B0A1AF17B1}.Ad-Hoc|ARM64.ActiveCfg = Debug|Any CPU
		{A3557DAA-55EF-4E49-9B94-81B0A1AF17B1}.Ad-Hoc|ARM64.Build.0 = Debug|Any CPU
		{A3557DAA-55EF-4E49-9B94-81B0A1AF17B1}.Ad-Hoc|iPhone.ActiveCfg = Debug|Any CPU
		{A3557DAA-55EF-4E49-9B94-81B0A1AF17B1}.Ad-Hoc|iPhone.Build.0 = Debug|Any CPU
		{A3557DAA-55EF-4E49-9B94-81B0A1AF17B1}.Ad-Hoc|iPhoneSimulator.ActiveCfg = Debug|Any CPU
		{A3557DAA-55EF-4E49-9B94-81B0A1AF17B1}.Ad-Hoc|iPhoneSimulator.Build.0 = Debug|Any CPU
		{A3557DAA-55EF-4E49-9B94-81B0A1AF17B1}.Ad-Hoc|NuGet.ActiveCfg = Debug|Any CPU
		{A3557DAA-55EF-4E49-9B94-81B0A1AF17B1}.Ad-Hoc|NuGet.Build.0 = Debug|Any CPU
		{A3557DAA-55EF-4E49-9B94-81B0A1AF17B1}.Ad-Hoc|x64.ActiveCfg = Debug|Any CPU
		{A3557DAA-55EF-4E49-9B94-81B0A1AF17B1}.Ad-Hoc|x64.Build.0 = Debug|Any CPU
		{A3557DAA-55EF-4E49-9B94-81B0A1AF17B1}.Ad-Hoc|x86.ActiveCfg = Debug|Any CPU
		{A3557DAA-55EF-4E49-9B94-81B0A1AF17B1}.Ad-Hoc|x86.Build.0 = Debug|Any CPU
		{A3557DAA-55EF-4E49-9B94-81B0A1AF17B1}.AppStore|Any CPU.ActiveCfg = Debug|Any CPU
		{A3557DAA-55EF-4E49-9B94-81B0A1AF17B1}.AppStore|Any CPU.Build.0 = Debug|Any CPU
		{A3557DAA-55EF-4E49-9B94-81B0A1AF17B1}.AppStore|ARM.ActiveCfg = Debug|Any CPU
		{A3557DAA-55EF-4E49-9B94-81B0A1AF17B1}.AppStore|ARM.Build.0 = Debug|Any CPU
		{A3557DAA-55EF-4E49-9B94-81B0A1AF17B1}.AppStore|ARM64.ActiveCfg = Debug|Any CPU
		{A3557DAA-55EF-4E49-9B94-81B0A1AF17B1}.AppStore|ARM64.Build.0 = Debug|Any CPU
		{A3557DAA-55EF-4E49-9B94-81B0A1AF17B1}.AppStore|iPhone.ActiveCfg = Debug|Any CPU
		{A3557DAA-55EF-4E49-9B94-81B0A1AF17B1}.AppStore|iPhone.Build.0 = Debug|Any CPU
		{A3557DAA-55EF-4E49-9B94-81B0A1AF17B1}.AppStore|iPhoneSimulator.ActiveCfg = Debug|Any CPU
		{A3557DAA-55EF-4E49-9B94-81B0A1AF17B1}.AppStore|iPhoneSimulator.Build.0 = Debug|Any CPU
		{A3557DAA-55EF-4E49-9B94-81B0A1AF17B1}.AppStore|NuGet.ActiveCfg = Debug|Any CPU
		{A3557DAA-55EF-4E49-9B94-81B0A1AF17B1}.AppStore|NuGet.Build.0 = Debug|Any CPU
		{A3557DAA-55EF-4E49-9B94-81B0A1AF17B1}.AppStore|x64.ActiveCfg = Debug|Any CPU
		{A3557DAA-55EF-4E49-9B94-81B0A1AF17B1}.AppStore|x64.Build.0 = Debug|Any CPU
		{A3557DAA-55EF-4E49-9B94-81B0A1AF17B1}.AppStore|x86.ActiveCfg = Debug|Any CPU
		{A3557DAA-55EF-4E49-9B94-81B0A1AF17B1}.AppStore|x86.Build.0 = Debug|Any CPU
		{A3557DAA-55EF-4E49-9B94-81B0A1AF17B1}.Debug|Any CPU.ActiveCfg = Debug|Any CPU
		{A3557DAA-55EF-4E49-9B94-81B0A1AF17B1}.Debug|Any CPU.Build.0 = Debug|Any CPU
		{A3557DAA-55EF-4E49-9B94-81B0A1AF17B1}.Debug|ARM.ActiveCfg = Debug|Any CPU
		{A3557DAA-55EF-4E49-9B94-81B0A1AF17B1}.Debug|ARM.Build.0 = Debug|Any CPU
		{A3557DAA-55EF-4E49-9B94-81B0A1AF17B1}.Debug|ARM64.ActiveCfg = Debug|Any CPU
		{A3557DAA-55EF-4E49-9B94-81B0A1AF17B1}.Debug|ARM64.Build.0 = Debug|Any CPU
		{A3557DAA-55EF-4E49-9B94-81B0A1AF17B1}.Debug|iPhone.ActiveCfg = Debug|Any CPU
		{A3557DAA-55EF-4E49-9B94-81B0A1AF17B1}.Debug|iPhone.Build.0 = Debug|Any CPU
		{A3557DAA-55EF-4E49-9B94-81B0A1AF17B1}.Debug|iPhoneSimulator.ActiveCfg = Debug|Any CPU
		{A3557DAA-55EF-4E49-9B94-81B0A1AF17B1}.Debug|iPhoneSimulator.Build.0 = Debug|Any CPU
		{A3557DAA-55EF-4E49-9B94-81B0A1AF17B1}.Debug|NuGet.ActiveCfg = Debug|Any CPU
		{A3557DAA-55EF-4E49-9B94-81B0A1AF17B1}.Debug|NuGet.Build.0 = Debug|Any CPU
		{A3557DAA-55EF-4E49-9B94-81B0A1AF17B1}.Debug|x64.ActiveCfg = Debug|Any CPU
		{A3557DAA-55EF-4E49-9B94-81B0A1AF17B1}.Debug|x64.Build.0 = Debug|Any CPU
		{A3557DAA-55EF-4E49-9B94-81B0A1AF17B1}.Debug|x86.ActiveCfg = Debug|Any CPU
		{A3557DAA-55EF-4E49-9B94-81B0A1AF17B1}.Debug|x86.Build.0 = Debug|Any CPU
		{A3557DAA-55EF-4E49-9B94-81B0A1AF17B1}.Release|Any CPU.ActiveCfg = Release|Any CPU
		{A3557DAA-55EF-4E49-9B94-81B0A1AF17B1}.Release|Any CPU.Build.0 = Release|Any CPU
		{A3557DAA-55EF-4E49-9B94-81B0A1AF17B1}.Release|ARM.ActiveCfg = Release|Any CPU
		{A3557DAA-55EF-4E49-9B94-81B0A1AF17B1}.Release|ARM.Build.0 = Release|Any CPU
		{A3557DAA-55EF-4E49-9B94-81B0A1AF17B1}.Release|ARM64.ActiveCfg = Release|Any CPU
		{A3557DAA-55EF-4E49-9B94-81B0A1AF17B1}.Release|ARM64.Build.0 = Release|Any CPU
		{A3557DAA-55EF-4E49-9B94-81B0A1AF17B1}.Release|iPhone.ActiveCfg = Release|Any CPU
		{A3557DAA-55EF-4E49-9B94-81B0A1AF17B1}.Release|iPhone.Build.0 = Release|Any CPU
		{A3557DAA-55EF-4E49-9B94-81B0A1AF17B1}.Release|iPhoneSimulator.ActiveCfg = Release|Any CPU
		{A3557DAA-55EF-4E49-9B94-81B0A1AF17B1}.Release|iPhoneSimulator.Build.0 = Release|Any CPU
		{A3557DAA-55EF-4E49-9B94-81B0A1AF17B1}.Release|NuGet.ActiveCfg = Release|Any CPU
		{A3557DAA-55EF-4E49-9B94-81B0A1AF17B1}.Release|NuGet.Build.0 = Release|Any CPU
		{A3557DAA-55EF-4E49-9B94-81B0A1AF17B1}.Release|x64.ActiveCfg = Release|Any CPU
		{A3557DAA-55EF-4E49-9B94-81B0A1AF17B1}.Release|x64.Build.0 = Release|Any CPU
		{A3557DAA-55EF-4E49-9B94-81B0A1AF17B1}.Release|x86.ActiveCfg = Release|Any CPU
		{A3557DAA-55EF-4E49-9B94-81B0A1AF17B1}.Release|x86.Build.0 = Release|Any CPU
		{339C5B98-72B3-4C47-9B97-A200E5830F88}.Ad-Hoc|Any CPU.ActiveCfg = Debug|Any CPU
		{339C5B98-72B3-4C47-9B97-A200E5830F88}.Ad-Hoc|Any CPU.Build.0 = Debug|Any CPU
		{339C5B98-72B3-4C47-9B97-A200E5830F88}.Ad-Hoc|ARM.ActiveCfg = Debug|Any CPU
		{339C5B98-72B3-4C47-9B97-A200E5830F88}.Ad-Hoc|ARM.Build.0 = Debug|Any CPU
		{339C5B98-72B3-4C47-9B97-A200E5830F88}.Ad-Hoc|ARM64.ActiveCfg = Debug|Any CPU
		{339C5B98-72B3-4C47-9B97-A200E5830F88}.Ad-Hoc|ARM64.Build.0 = Debug|Any CPU
		{339C5B98-72B3-4C47-9B97-A200E5830F88}.Ad-Hoc|iPhone.ActiveCfg = Debug|Any CPU
		{339C5B98-72B3-4C47-9B97-A200E5830F88}.Ad-Hoc|iPhone.Build.0 = Debug|Any CPU
		{339C5B98-72B3-4C47-9B97-A200E5830F88}.Ad-Hoc|iPhoneSimulator.ActiveCfg = Debug|Any CPU
		{339C5B98-72B3-4C47-9B97-A200E5830F88}.Ad-Hoc|iPhoneSimulator.Build.0 = Debug|Any CPU
		{339C5B98-72B3-4C47-9B97-A200E5830F88}.Ad-Hoc|NuGet.ActiveCfg = Debug|Any CPU
		{339C5B98-72B3-4C47-9B97-A200E5830F88}.Ad-Hoc|NuGet.Build.0 = Debug|Any CPU
		{339C5B98-72B3-4C47-9B97-A200E5830F88}.Ad-Hoc|x64.ActiveCfg = Debug|Any CPU
		{339C5B98-72B3-4C47-9B97-A200E5830F88}.Ad-Hoc|x64.Build.0 = Debug|Any CPU
		{339C5B98-72B3-4C47-9B97-A200E5830F88}.Ad-Hoc|x86.ActiveCfg = Debug|Any CPU
		{339C5B98-72B3-4C47-9B97-A200E5830F88}.Ad-Hoc|x86.Build.0 = Debug|Any CPU
		{339C5B98-72B3-4C47-9B97-A200E5830F88}.AppStore|Any CPU.ActiveCfg = Debug|Any CPU
		{339C5B98-72B3-4C47-9B97-A200E5830F88}.AppStore|Any CPU.Build.0 = Debug|Any CPU
		{339C5B98-72B3-4C47-9B97-A200E5830F88}.AppStore|ARM.ActiveCfg = Debug|Any CPU
		{339C5B98-72B3-4C47-9B97-A200E5830F88}.AppStore|ARM.Build.0 = Debug|Any CPU
		{339C5B98-72B3-4C47-9B97-A200E5830F88}.AppStore|ARM64.ActiveCfg = Debug|Any CPU
		{339C5B98-72B3-4C47-9B97-A200E5830F88}.AppStore|ARM64.Build.0 = Debug|Any CPU
		{339C5B98-72B3-4C47-9B97-A200E5830F88}.AppStore|iPhone.ActiveCfg = Debug|Any CPU
		{339C5B98-72B3-4C47-9B97-A200E5830F88}.AppStore|iPhone.Build.0 = Debug|Any CPU
		{339C5B98-72B3-4C47-9B97-A200E5830F88}.AppStore|iPhoneSimulator.ActiveCfg = Debug|Any CPU
		{339C5B98-72B3-4C47-9B97-A200E5830F88}.AppStore|iPhoneSimulator.Build.0 = Debug|Any CPU
		{339C5B98-72B3-4C47-9B97-A200E5830F88}.AppStore|NuGet.ActiveCfg = Debug|Any CPU
		{339C5B98-72B3-4C47-9B97-A200E5830F88}.AppStore|NuGet.Build.0 = Debug|Any CPU
		{339C5B98-72B3-4C47-9B97-A200E5830F88}.AppStore|x64.ActiveCfg = Debug|Any CPU
		{339C5B98-72B3-4C47-9B97-A200E5830F88}.AppStore|x64.Build.0 = Debug|Any CPU
		{339C5B98-72B3-4C47-9B97-A200E5830F88}.AppStore|x86.ActiveCfg = Debug|Any CPU
		{339C5B98-72B3-4C47-9B97-A200E5830F88}.AppStore|x86.Build.0 = Debug|Any CPU
		{339C5B98-72B3-4C47-9B97-A200E5830F88}.Debug|Any CPU.ActiveCfg = Debug|Any CPU
		{339C5B98-72B3-4C47-9B97-A200E5830F88}.Debug|Any CPU.Build.0 = Debug|Any CPU
		{339C5B98-72B3-4C47-9B97-A200E5830F88}.Debug|ARM.ActiveCfg = Debug|Any CPU
		{339C5B98-72B3-4C47-9B97-A200E5830F88}.Debug|ARM.Build.0 = Debug|Any CPU
		{339C5B98-72B3-4C47-9B97-A200E5830F88}.Debug|ARM64.ActiveCfg = Debug|Any CPU
		{339C5B98-72B3-4C47-9B97-A200E5830F88}.Debug|ARM64.Build.0 = Debug|Any CPU
		{339C5B98-72B3-4C47-9B97-A200E5830F88}.Debug|iPhone.ActiveCfg = Debug|Any CPU
		{339C5B98-72B3-4C47-9B97-A200E5830F88}.Debug|iPhone.Build.0 = Debug|Any CPU
		{339C5B98-72B3-4C47-9B97-A200E5830F88}.Debug|iPhoneSimulator.ActiveCfg = Debug|Any CPU
		{339C5B98-72B3-4C47-9B97-A200E5830F88}.Debug|iPhoneSimulator.Build.0 = Debug|Any CPU
		{339C5B98-72B3-4C47-9B97-A200E5830F88}.Debug|NuGet.ActiveCfg = Debug|Any CPU
		{339C5B98-72B3-4C47-9B97-A200E5830F88}.Debug|NuGet.Build.0 = Debug|Any CPU
		{339C5B98-72B3-4C47-9B97-A200E5830F88}.Debug|x64.ActiveCfg = Debug|Any CPU
		{339C5B98-72B3-4C47-9B97-A200E5830F88}.Debug|x64.Build.0 = Debug|Any CPU
		{339C5B98-72B3-4C47-9B97-A200E5830F88}.Debug|x86.ActiveCfg = Debug|Any CPU
		{339C5B98-72B3-4C47-9B97-A200E5830F88}.Debug|x86.Build.0 = Debug|Any CPU
		{339C5B98-72B3-4C47-9B97-A200E5830F88}.Release|Any CPU.ActiveCfg = Release|Any CPU
		{339C5B98-72B3-4C47-9B97-A200E5830F88}.Release|Any CPU.Build.0 = Release|Any CPU
		{339C5B98-72B3-4C47-9B97-A200E5830F88}.Release|ARM.ActiveCfg = Release|Any CPU
		{339C5B98-72B3-4C47-9B97-A200E5830F88}.Release|ARM.Build.0 = Release|Any CPU
		{339C5B98-72B3-4C47-9B97-A200E5830F88}.Release|ARM64.ActiveCfg = Release|Any CPU
		{339C5B98-72B3-4C47-9B97-A200E5830F88}.Release|ARM64.Build.0 = Release|Any CPU
		{339C5B98-72B3-4C47-9B97-A200E5830F88}.Release|iPhone.ActiveCfg = Release|Any CPU
		{339C5B98-72B3-4C47-9B97-A200E5830F88}.Release|iPhone.Build.0 = Release|Any CPU
		{339C5B98-72B3-4C47-9B97-A200E5830F88}.Release|iPhoneSimulator.ActiveCfg = Release|Any CPU
		{339C5B98-72B3-4C47-9B97-A200E5830F88}.Release|iPhoneSimulator.Build.0 = Release|Any CPU
		{339C5B98-72B3-4C47-9B97-A200E5830F88}.Release|NuGet.ActiveCfg = Release|Any CPU
		{339C5B98-72B3-4C47-9B97-A200E5830F88}.Release|NuGet.Build.0 = Release|Any CPU
		{339C5B98-72B3-4C47-9B97-A200E5830F88}.Release|x64.ActiveCfg = Release|Any CPU
		{339C5B98-72B3-4C47-9B97-A200E5830F88}.Release|x64.Build.0 = Release|Any CPU
		{339C5B98-72B3-4C47-9B97-A200E5830F88}.Release|x86.ActiveCfg = Release|Any CPU
		{339C5B98-72B3-4C47-9B97-A200E5830F88}.Release|x86.Build.0 = Release|Any CPU
	EndGlobalSection
	GlobalSection(SolutionProperties) = preSolution
		HideSolutionNode = FALSE
	EndGlobalSection
	GlobalSection(NestedProjects) = preSolution
		{6ABE0223-31DE-46A3-9351-00E34FC9B8FF} = {6643A3E0-7CD4-4BCE-84BD-0B24B1720DC2}
		{90BD779B-BF4F-4949-B0B1-C31DA35B94F7} = {6643A3E0-7CD4-4BCE-84BD-0B24B1720DC2}
		{5D877D72-CD00-48D4-8D31-543BB08C04EA} = {057F7FC6-3201-4671-A9CF-87CFF6EC233E}
		{409F6E1D-0878-43DD-B984-92DF1B13D58E} = {057F7FC6-3201-4671-A9CF-87CFF6EC233E}
		{6279C845-92F8-4333-AB99-3D213163593C} = {057F7FC6-3201-4671-A9CF-87CFF6EC233E}
		{09933A00-6DD0-4027-8310-29D9ACF07537} = {057F7FC6-3201-4671-A9CF-87CFF6EC233E}
		{8B87F06E-C6C5-4D01-A329-A0F91664474B} = {6643A3E0-7CD4-4BCE-84BD-0B24B1720DC2}
		{DC40799A-6439-4115-87E3-9CA885E5C299} = {6643A3E0-7CD4-4BCE-84BD-0B24B1720DC2}
		{5271758B-F2F6-4CDD-9124-A97C2631B54C} = {6643A3E0-7CD4-4BCE-84BD-0B24B1720DC2}
		{8D9574FD-4D1C-4755-8DA1-B03E486BDB81} = {6643A3E0-7CD4-4BCE-84BD-0B24B1720DC2}
		{4DB7FCC7-E1F7-472A-BC13-71F02CF9DA60} = {6643A3E0-7CD4-4BCE-84BD-0B24B1720DC2}
		{A3557DAA-55EF-4E49-9B94-81B0A1AF17B1} = {6643A3E0-7CD4-4BCE-84BD-0B24B1720DC2}
		{339C5B98-72B3-4C47-9B97-A200E5830F88} = {6643A3E0-7CD4-4BCE-84BD-0B24B1720DC2}
	EndGlobalSection
	GlobalSection(ExtensibilityGlobals) = postSolution
		SolutionGuid = {A7CE3663-C71E-406C-B397-2EC8038C9771}
	EndGlobalSection
	GlobalSection(SharedMSBuildProjectFiles) = preSolution
		Samples\Samples\Samples.Shared\Samples.Shared.projitems*{09933a00-6dd0-4027-8310-29d9acf07537}*SharedItemsImports = 4
		src\Cartography\Cartography.DynamicMap.Shared\Cartography.DynamicMap.Shared.projitems*{339c5b98-72b3-4c47-9b97-a200e5830f88}*SharedItemsImports = 5
		Samples\Samples\Samples.Shared\Samples.Shared.projitems*{409f6e1d-0878-43dd-b984-92df1b13d58e}*SharedItemsImports = 4
		src\Cartography\Cartography.MapService.Shared\Cartography.MapService.Shared.projitems*{4db7fcc7-e1f7-472a-bc13-71f02cf9da60}*SharedItemsImports = 13
		src\Cartography\Cartography.StaticMap.Shared\Cartography.StaticMap.Shared.projitems*{5271758b-f2f6-4cdd-9124-a97c2631b54c}*SharedItemsImports = 13
		Samples\Samples\Samples.Shared\Samples.Shared.projitems*{5d877d72-cd00-48d4-8d31-543bb08c04ea}*SharedItemsImports = 4
		Samples\Samples\Samples.Shared\Samples.Shared.projitems*{6279c845-92f8-4333-ab99-3d213163593c}*SharedItemsImports = 13
		src\Cartography\Cartography.DynamicMap.Shared\Cartography.DynamicMap.Shared.projitems*{6abe0223-31de-46a3-9351-00e34fc9b8ff}*SharedItemsImports = 5
		src\Cartography\Cartography.MapService.Shared\Cartography.MapService.Shared.projitems*{8b87f06e-c6c5-4d01-a329-a0f91664474b}*SharedItemsImports = 5
		src\Cartography\Cartography.StaticMap.Shared\Cartography.StaticMap.Shared.projitems*{8d9574fd-4d1c-4755-8da1-b03e486bdb81}*SharedItemsImports = 5
		src\Cartography\Cartography.StaticMap.Shared\Cartography.StaticMap.Shared.projitems*{a3557daa-55ef-4e49-9b94-81b0a1af17b1}*SharedItemsImports = 5
		src\Cartography\Cartography.DynamicMap.Shared\Cartography.DynamicMap.Shared.projitems*{dc40799a-6439-4115-87e3-9ca885e5c299}*SharedItemsImports = 13
	EndGlobalSection
EndGlobal
