
Microsoft Visual Studio Solution File, Format Version 12.00
# Visual Studio Version 17
VisualStudioVersion = 17.1.32319.34
MinimumVisualStudioVersion = 10.0.40219.1
Project("{2150E333-8FDC-42A3-9474-1A3956D46DE8}") = "app-heads", "app-heads", "{09D1C1E1-8994-4ADF-A188-C733B644B32F}"
EndProject
Project("{FAE04EC0-301F-11D3-BF4B-00C04F79EFBC}") = "Samples.Mobile", "Samples\Samples.Mobile\Samples.Mobile.csproj", "{DFBE0862-4346-4D0C-AEC6-F215F3FA5F11}"
EndProject
Project("{FAE04EC0-301F-11D3-BF4B-00C04F79EFBC}") = "Samples.Windows", "Samples\Samples.Windows\Samples.Windows.csproj", "{14C47441-480E-4616-AD36-9272AC10FC37}"
EndProject
Project("{2150E333-8FDC-42A3-9474-1A3956D46DE8}") = "app-shared", "app-shared", "{3D7ECDD0-9063-451D-BC68-011EDC6ADF16}"
EndProject
Project("{D954291E-2A0B-460D-934E-DC6B0785DB48}") = "Samples.Views", "Samples\Samples.Shared.Views\Samples.Views.shproj", "{746587E0-B8E4-4A78-A7EA-DBC356367712}"
EndProject
Project("{FAE04EC0-301F-11D3-BF4B-00C04F79EFBC}") = "Samples.Access", "Samples\Samples.Access\Samples.Access.csproj", "{A4402D87-CC10-452B-80EC-978EC462F15D}"
EndProject
Project("{FAE04EC0-301F-11D3-BF4B-00C04F79EFBC}") = "Samples.Business", "Samples\Samples.Business\Samples.Business.csproj", "{92443913-1E34-4D4B-8286-D904992F7403}"
EndProject
Project("{FAE04EC0-301F-11D3-BF4B-00C04F79EFBC}") = "Samples.Presentation", "Samples\Samples.Presentation\Samples.Presentation.csproj", "{00C9A3F1-28C2-4572-A0C2-A47AD1A0C7C1}"
EndProject
Global
	GlobalSection(SolutionConfigurationPlatforms) = preSolution
		Ad-Hoc|Any CPU = Ad-Hoc|Any CPU
		Ad-Hoc|ARM = Ad-Hoc|ARM
		Ad-Hoc|ARM64 = Ad-Hoc|ARM64
		Ad-Hoc|iPhone = Ad-Hoc|iPhone
		Ad-Hoc|iPhoneSimulator = Ad-Hoc|iPhoneSimulator
		Ad-Hoc|x64 = Ad-Hoc|x64
		Ad-Hoc|x86 = Ad-Hoc|x86
		AppStore|Any CPU = AppStore|Any CPU
		AppStore|ARM = AppStore|ARM
		AppStore|ARM64 = AppStore|ARM64
		AppStore|iPhone = AppStore|iPhone
		AppStore|iPhoneSimulator = AppStore|iPhoneSimulator
		AppStore|x64 = AppStore|x64
		AppStore|x86 = AppStore|x86
		Debug|Any CPU = Debug|Any CPU
		Debug|ARM = Debug|ARM
		Debug|ARM64 = Debug|ARM64
		Debug|iPhone = Debug|iPhone
		Debug|iPhoneSimulator = Debug|iPhoneSimulator
		Debug|x64 = Debug|x64
		Debug|x86 = Debug|x86
		Release|Any CPU = Release|Any CPU
		Release|ARM = Release|ARM
		Release|ARM64 = Release|ARM64
		Release|iPhone = Release|iPhone
		Release|iPhoneSimulator = Release|iPhoneSimulator
		Release|x64 = Release|x64
		Release|x86 = Release|x86
	EndGlobalSection
	GlobalSection(ProjectConfigurationPlatforms) = postSolution
		{DFBE0862-4346-4D0C-AEC6-F215F3FA5F11}.Ad-Hoc|Any CPU.ActiveCfg = Debug|Any CPU
		{DFBE0862-4346-4D0C-AEC6-F215F3FA5F11}.Ad-Hoc|Any CPU.Build.0 = Debug|Any CPU
		{DFBE0862-4346-4D0C-AEC6-F215F3FA5F11}.Ad-Hoc|Any CPU.Deploy.0 = Debug|Any CPU
		{DFBE0862-4346-4D0C-AEC6-F215F3FA5F11}.Ad-Hoc|ARM.ActiveCfg = Debug|Any CPU
		{DFBE0862-4346-4D0C-AEC6-F215F3FA5F11}.Ad-Hoc|ARM.Build.0 = Debug|Any CPU
		{DFBE0862-4346-4D0C-AEC6-F215F3FA5F11}.Ad-Hoc|ARM.Deploy.0 = Debug|Any CPU
		{DFBE0862-4346-4D0C-AEC6-F215F3FA5F11}.Ad-Hoc|ARM64.ActiveCfg = Debug|Any CPU
		{DFBE0862-4346-4D0C-AEC6-F215F3FA5F11}.Ad-Hoc|ARM64.Build.0 = Debug|Any CPU
		{DFBE0862-4346-4D0C-AEC6-F215F3FA5F11}.Ad-Hoc|ARM64.Deploy.0 = Debug|Any CPU
		{DFBE0862-4346-4D0C-AEC6-F215F3FA5F11}.Ad-Hoc|iPhone.ActiveCfg = Debug|Any CPU
		{DFBE0862-4346-4D0C-AEC6-F215F3FA5F11}.Ad-Hoc|iPhone.Build.0 = Debug|Any CPU
		{DFBE0862-4346-4D0C-AEC6-F215F3FA5F11}.Ad-Hoc|iPhone.Deploy.0 = Debug|Any CPU
		{DFBE0862-4346-4D0C-AEC6-F215F3FA5F11}.Ad-Hoc|iPhoneSimulator.ActiveCfg = Debug|Any CPU
		{DFBE0862-4346-4D0C-AEC6-F215F3FA5F11}.Ad-Hoc|iPhoneSimulator.Build.0 = Debug|Any CPU
		{DFBE0862-4346-4D0C-AEC6-F215F3FA5F11}.Ad-Hoc|iPhoneSimulator.Deploy.0 = Debug|Any CPU
		{DFBE0862-4346-4D0C-AEC6-F215F3FA5F11}.Ad-Hoc|x64.ActiveCfg = Debug|Any CPU
		{DFBE0862-4346-4D0C-AEC6-F215F3FA5F11}.Ad-Hoc|x64.Build.0 = Debug|Any CPU
		{DFBE0862-4346-4D0C-AEC6-F215F3FA5F11}.Ad-Hoc|x64.Deploy.0 = Debug|Any CPU
		{DFBE0862-4346-4D0C-AEC6-F215F3FA5F11}.Ad-Hoc|x86.ActiveCfg = Debug|Any CPU
		{DFBE0862-4346-4D0C-AEC6-F215F3FA5F11}.Ad-Hoc|x86.Build.0 = Debug|Any CPU
		{DFBE0862-4346-4D0C-AEC6-F215F3FA5F11}.Ad-Hoc|x86.Deploy.0 = Debug|Any CPU
		{DFBE0862-4346-4D0C-AEC6-F215F3FA5F11}.AppStore|Any CPU.ActiveCfg = Debug|Any CPU
		{DFBE0862-4346-4D0C-AEC6-F215F3FA5F11}.AppStore|Any CPU.Build.0 = Debug|Any CPU
		{DFBE0862-4346-4D0C-AEC6-F215F3FA5F11}.AppStore|Any CPU.Deploy.0 = Debug|Any CPU
		{DFBE0862-4346-4D0C-AEC6-F215F3FA5F11}.AppStore|ARM.ActiveCfg = Debug|Any CPU
		{DFBE0862-4346-4D0C-AEC6-F215F3FA5F11}.AppStore|ARM.Build.0 = Debug|Any CPU
		{DFBE0862-4346-4D0C-AEC6-F215F3FA5F11}.AppStore|ARM.Deploy.0 = Debug|Any CPU
		{DFBE0862-4346-4D0C-AEC6-F215F3FA5F11}.AppStore|ARM64.ActiveCfg = Debug|Any CPU
		{DFBE0862-4346-4D0C-AEC6-F215F3FA5F11}.AppStore|ARM64.Build.0 = Debug|Any CPU
		{DFBE0862-4346-4D0C-AEC6-F215F3FA5F11}.AppStore|ARM64.Deploy.0 = Debug|Any CPU
		{DFBE0862-4346-4D0C-AEC6-F215F3FA5F11}.AppStore|iPhone.ActiveCfg = Debug|Any CPU
		{DFBE0862-4346-4D0C-AEC6-F215F3FA5F11}.AppStore|iPhone.Build.0 = Debug|Any CPU
		{DFBE0862-4346-4D0C-AEC6-F215F3FA5F11}.AppStore|iPhone.Deploy.0 = Debug|Any CPU
		{DFBE0862-4346-4D0C-AEC6-F215F3FA5F11}.AppStore|iPhoneSimulator.ActiveCfg = Debug|Any CPU
		{DFBE0862-4346-4D0C-AEC6-F215F3FA5F11}.AppStore|iPhoneSimulator.Build.0 = Debug|Any CPU
		{DFBE0862-4346-4D0C-AEC6-F215F3FA5F11}.AppStore|iPhoneSimulator.Deploy.0 = Debug|Any CPU
		{DFBE0862-4346-4D0C-AEC6-F215F3FA5F11}.AppStore|x64.ActiveCfg = Debug|Any CPU
		{DFBE0862-4346-4D0C-AEC6-F215F3FA5F11}.AppStore|x64.Build.0 = Debug|Any CPU
		{DFBE0862-4346-4D0C-AEC6-F215F3FA5F11}.AppStore|x64.Deploy.0 = Debug|Any CPU
		{DFBE0862-4346-4D0C-AEC6-F215F3FA5F11}.AppStore|x86.ActiveCfg = Debug|Any CPU
		{DFBE0862-4346-4D0C-AEC6-F215F3FA5F11}.AppStore|x86.Build.0 = Debug|Any CPU
		{DFBE0862-4346-4D0C-AEC6-F215F3FA5F11}.AppStore|x86.Deploy.0 = Debug|Any CPU
		{DFBE0862-4346-4D0C-AEC6-F215F3FA5F11}.Debug|Any CPU.ActiveCfg = Debug|Any CPU
		{DFBE0862-4346-4D0C-AEC6-F215F3FA5F11}.Debug|Any CPU.Build.0 = Debug|Any CPU
		{DFBE0862-4346-4D0C-AEC6-F215F3FA5F11}.Debug|Any CPU.Deploy.0 = Debug|Any CPU
		{DFBE0862-4346-4D0C-AEC6-F215F3FA5F11}.Debug|ARM.ActiveCfg = Debug|Any CPU
		{DFBE0862-4346-4D0C-AEC6-F215F3FA5F11}.Debug|ARM.Build.0 = Debug|Any CPU
		{DFBE0862-4346-4D0C-AEC6-F215F3FA5F11}.Debug|ARM.Deploy.0 = Debug|Any CPU
		{DFBE0862-4346-4D0C-AEC6-F215F3FA5F11}.Debug|ARM64.ActiveCfg = Debug|Any CPU
		{DFBE0862-4346-4D0C-AEC6-F215F3FA5F11}.Debug|ARM64.Build.0 = Debug|Any CPU
		{DFBE0862-4346-4D0C-AEC6-F215F3FA5F11}.Debug|ARM64.Deploy.0 = Debug|Any CPU
		{DFBE0862-4346-4D0C-AEC6-F215F3FA5F11}.Debug|iPhone.ActiveCfg = Debug|Any CPU
		{DFBE0862-4346-4D0C-AEC6-F215F3FA5F11}.Debug|iPhone.Build.0 = Debug|Any CPU
		{DFBE0862-4346-4D0C-AEC6-F215F3FA5F11}.Debug|iPhone.Deploy.0 = Debug|Any CPU
		{DFBE0862-4346-4D0C-AEC6-F215F3FA5F11}.Debug|iPhoneSimulator.ActiveCfg = Debug|Any CPU
		{DFBE0862-4346-4D0C-AEC6-F215F3FA5F11}.Debug|iPhoneSimulator.Build.0 = Debug|Any CPU
		{DFBE0862-4346-4D0C-AEC6-F215F3FA5F11}.Debug|iPhoneSimulator.Deploy.0 = Debug|Any CPU
		{DFBE0862-4346-4D0C-AEC6-F215F3FA5F11}.Debug|x64.ActiveCfg = Debug|Any CPU
		{DFBE0862-4346-4D0C-AEC6-F215F3FA5F11}.Debug|x64.Build.0 = Debug|Any CPU
		{DFBE0862-4346-4D0C-AEC6-F215F3FA5F11}.Debug|x64.Deploy.0 = Debug|Any CPU
		{DFBE0862-4346-4D0C-AEC6-F215F3FA5F11}.Debug|x86.ActiveCfg = Debug|Any CPU
		{DFBE0862-4346-4D0C-AEC6-F215F3FA5F11}.Debug|x86.Build.0 = Debug|Any CPU
		{DFBE0862-4346-4D0C-AEC6-F215F3FA5F11}.Debug|x86.Deploy.0 = Debug|Any CPU
		{DFBE0862-4346-4D0C-AEC6-F215F3FA5F11}.Release|Any CPU.ActiveCfg = Release|Any CPU
		{DFBE0862-4346-4D0C-AEC6-F215F3FA5F11}.Release|Any CPU.Build.0 = Release|Any CPU
		{DFBE0862-4346-4D0C-AEC6-F215F3FA5F11}.Release|Any CPU.Deploy.0 = Release|Any CPU
		{DFBE0862-4346-4D0C-AEC6-F215F3FA5F11}.Release|ARM.ActiveCfg = Release|Any CPU
		{DFBE0862-4346-4D0C-AEC6-F215F3FA5F11}.Release|ARM.Build.0 = Release|Any CPU
		{DFBE0862-4346-4D0C-AEC6-F215F3FA5F11}.Release|ARM.Deploy.0 = Release|Any CPU
		{DFBE0862-4346-4D0C-AEC6-F215F3FA5F11}.Release|ARM64.ActiveCfg = Release|Any CPU
		{DFBE0862-4346-4D0C-AEC6-F215F3FA5F11}.Release|ARM64.Build.0 = Release|Any CPU
		{DFBE0862-4346-4D0C-AEC6-F215F3FA5F11}.Release|ARM64.Deploy.0 = Release|Any CPU
		{DFBE0862-4346-4D0C-AEC6-F215F3FA5F11}.Release|iPhone.ActiveCfg = Release|Any CPU
		{DFBE0862-4346-4D0C-AEC6-F215F3FA5F11}.Release|iPhone.Build.0 = Release|Any CPU
		{DFBE0862-4346-4D0C-AEC6-F215F3FA5F11}.Release|iPhone.Deploy.0 = Release|Any CPU
		{DFBE0862-4346-4D0C-AEC6-F215F3FA5F11}.Release|iPhoneSimulator.ActiveCfg = Release|Any CPU
		{DFBE0862-4346-4D0C-AEC6-F215F3FA5F11}.Release|iPhoneSimulator.Build.0 = Release|Any CPU
		{DFBE0862-4346-4D0C-AEC6-F215F3FA5F11}.Release|iPhoneSimulator.Deploy.0 = Release|Any CPU
		{DFBE0862-4346-4D0C-AEC6-F215F3FA5F11}.Release|x64.ActiveCfg = Release|Any CPU
		{DFBE0862-4346-4D0C-AEC6-F215F3FA5F11}.Release|x64.Build.0 = Release|Any CPU
		{DFBE0862-4346-4D0C-AEC6-F215F3FA5F11}.Release|x64.Deploy.0 = Release|Any CPU
		{DFBE0862-4346-4D0C-AEC6-F215F3FA5F11}.Release|x86.ActiveCfg = Release|Any CPU
		{DFBE0862-4346-4D0C-AEC6-F215F3FA5F11}.Release|x86.Build.0 = Release|Any CPU
		{DFBE0862-4346-4D0C-AEC6-F215F3FA5F11}.Release|x86.Deploy.0 = Release|Any CPU
		{14C47441-480E-4616-AD36-9272AC10FC37}.Ad-Hoc|Any CPU.ActiveCfg = Debug|x64
		{14C47441-480E-4616-AD36-9272AC10FC37}.Ad-Hoc|Any CPU.Build.0 = Debug|x64
		{14C47441-480E-4616-AD36-9272AC10FC37}.Ad-Hoc|Any CPU.Deploy.0 = Debug|x64
		{14C47441-480E-4616-AD36-9272AC10FC37}.Ad-Hoc|ARM.ActiveCfg = Debug|x64
		{14C47441-480E-4616-AD36-9272AC10FC37}.Ad-Hoc|ARM.Build.0 = Debug|x64
		{14C47441-480E-4616-AD36-9272AC10FC37}.Ad-Hoc|ARM.Deploy.0 = Debug|x64
		{14C47441-480E-4616-AD36-9272AC10FC37}.Ad-Hoc|ARM64.ActiveCfg = Debug|arm64
		{14C47441-480E-4616-AD36-9272AC10FC37}.Ad-Hoc|ARM64.Build.0 = Debug|arm64
		{14C47441-480E-4616-AD36-9272AC10FC37}.Ad-Hoc|ARM64.Deploy.0 = Debug|arm64
		{14C47441-480E-4616-AD36-9272AC10FC37}.Ad-Hoc|iPhone.ActiveCfg = Debug|x64
		{14C47441-480E-4616-AD36-9272AC10FC37}.Ad-Hoc|iPhone.Build.0 = Debug|x64
		{14C47441-480E-4616-AD36-9272AC10FC37}.Ad-Hoc|iPhone.Deploy.0 = Debug|x64
		{14C47441-480E-4616-AD36-9272AC10FC37}.Ad-Hoc|iPhoneSimulator.ActiveCfg = Debug|x64
		{14C47441-480E-4616-AD36-9272AC10FC37}.Ad-Hoc|iPhoneSimulator.Build.0 = Debug|x64
		{14C47441-480E-4616-AD36-9272AC10FC37}.Ad-Hoc|iPhoneSimulator.Deploy.0 = Debug|x64
		{14C47441-480E-4616-AD36-9272AC10FC37}.Ad-Hoc|x64.ActiveCfg = Debug|x64
		{14C47441-480E-4616-AD36-9272AC10FC37}.Ad-Hoc|x64.Build.0 = Debug|x64
		{14C47441-480E-4616-AD36-9272AC10FC37}.Ad-Hoc|x64.Deploy.0 = Debug|x64
		{14C47441-480E-4616-AD36-9272AC10FC37}.Ad-Hoc|x86.ActiveCfg = Debug|x86
		{14C47441-480E-4616-AD36-9272AC10FC37}.Ad-Hoc|x86.Build.0 = Debug|x86
		{14C47441-480E-4616-AD36-9272AC10FC37}.Ad-Hoc|x86.Deploy.0 = Debug|x86
		{14C47441-480E-4616-AD36-9272AC10FC37}.AppStore|Any CPU.ActiveCfg = Debug|x64
		{14C47441-480E-4616-AD36-9272AC10FC37}.AppStore|Any CPU.Build.0 = Debug|x64
		{14C47441-480E-4616-AD36-9272AC10FC37}.AppStore|Any CPU.Deploy.0 = Debug|x64
		{14C47441-480E-4616-AD36-9272AC10FC37}.AppStore|ARM.ActiveCfg = Debug|x64
		{14C47441-480E-4616-AD36-9272AC10FC37}.AppStore|ARM.Build.0 = Debug|x64
		{14C47441-480E-4616-AD36-9272AC10FC37}.AppStore|ARM.Deploy.0 = Debug|x64
		{14C47441-480E-4616-AD36-9272AC10FC37}.AppStore|ARM64.ActiveCfg = Debug|arm64
		{14C47441-480E-4616-AD36-9272AC10FC37}.AppStore|ARM64.Build.0 = Debug|arm64
		{14C47441-480E-4616-AD36-9272AC10FC37}.AppStore|ARM64.Deploy.0 = Debug|arm64
		{14C47441-480E-4616-AD36-9272AC10FC37}.AppStore|iPhone.ActiveCfg = Debug|x64
		{14C47441-480E-4616-AD36-9272AC10FC37}.AppStore|iPhone.Build.0 = Debug|x64
		{14C47441-480E-4616-AD36-9272AC10FC37}.AppStore|iPhone.Deploy.0 = Debug|x64
		{14C47441-480E-4616-AD36-9272AC10FC37}.AppStore|iPhoneSimulator.ActiveCfg = Debug|x64
		{14C47441-480E-4616-AD36-9272AC10FC37}.AppStore|iPhoneSimulator.Build.0 = Debug|x64
		{14C47441-480E-4616-AD36-9272AC10FC37}.AppStore|iPhoneSimulator.Deploy.0 = Debug|x64
		{14C47441-480E-4616-AD36-9272AC10FC37}.AppStore|x64.ActiveCfg = Debug|x64
		{14C47441-480E-4616-AD36-9272AC10FC37}.AppStore|x64.Build.0 = Debug|x64
		{14C47441-480E-4616-AD36-9272AC10FC37}.AppStore|x64.Deploy.0 = Debug|x64
		{14C47441-480E-4616-AD36-9272AC10FC37}.AppStore|x86.ActiveCfg = Debug|x86
		{14C47441-480E-4616-AD36-9272AC10FC37}.AppStore|x86.Build.0 = Debug|x86
		{14C47441-480E-4616-AD36-9272AC10FC37}.AppStore|x86.Deploy.0 = Debug|x86
		{14C47441-480E-4616-AD36-9272AC10FC37}.Debug|Any CPU.ActiveCfg = Debug|x64
		{14C47441-480E-4616-AD36-9272AC10FC37}.Debug|Any CPU.Build.0 = Debug|x64
		{14C47441-480E-4616-AD36-9272AC10FC37}.Debug|Any CPU.Deploy.0 = Debug|x64
		{14C47441-480E-4616-AD36-9272AC10FC37}.Debug|ARM.ActiveCfg = Debug|x64
		{14C47441-480E-4616-AD36-9272AC10FC37}.Debug|ARM.Build.0 = Debug|x64
		{14C47441-480E-4616-AD36-9272AC10FC37}.Debug|ARM.Deploy.0 = Debug|x64
		{14C47441-480E-4616-AD36-9272AC10FC37}.Debug|ARM64.ActiveCfg = Debug|arm64
		{14C47441-480E-4616-AD36-9272AC10FC37}.Debug|ARM64.Build.0 = Debug|arm64
		{14C47441-480E-4616-AD36-9272AC10FC37}.Debug|ARM64.Deploy.0 = Debug|arm64
		{14C47441-480E-4616-AD36-9272AC10FC37}.Debug|iPhone.ActiveCfg = Debug|x64
		{14C47441-480E-4616-AD36-9272AC10FC37}.Debug|iPhone.Build.0 = Debug|x64
		{14C47441-480E-4616-AD36-9272AC10FC37}.Debug|iPhone.Deploy.0 = Debug|x64
		{14C47441-480E-4616-AD36-9272AC10FC37}.Debug|iPhoneSimulator.ActiveCfg = Debug|x64
		{14C47441-480E-4616-AD36-9272AC10FC37}.Debug|iPhoneSimulator.Build.0 = Debug|x64
		{14C47441-480E-4616-AD36-9272AC10FC37}.Debug|iPhoneSimulator.Deploy.0 = Debug|x64
		{14C47441-480E-4616-AD36-9272AC10FC37}.Debug|x64.ActiveCfg = Debug|x64
		{14C47441-480E-4616-AD36-9272AC10FC37}.Debug|x64.Build.0 = Debug|x64
		{14C47441-480E-4616-AD36-9272AC10FC37}.Debug|x64.Deploy.0 = Debug|x64
		{14C47441-480E-4616-AD36-9272AC10FC37}.Debug|x86.ActiveCfg = Debug|x86
		{14C47441-480E-4616-AD36-9272AC10FC37}.Debug|x86.Build.0 = Debug|x86
		{14C47441-480E-4616-AD36-9272AC10FC37}.Debug|x86.Deploy.0 = Debug|x86
		{14C47441-480E-4616-AD36-9272AC10FC37}.Release|Any CPU.ActiveCfg = Release|x64
		{14C47441-480E-4616-AD36-9272AC10FC37}.Release|Any CPU.Build.0 = Release|x64
		{14C47441-480E-4616-AD36-9272AC10FC37}.Release|Any CPU.Deploy.0 = Release|x64
		{14C47441-480E-4616-AD36-9272AC10FC37}.Release|ARM.ActiveCfg = Release|x64
		{14C47441-480E-4616-AD36-9272AC10FC37}.Release|ARM.Build.0 = Release|x64
		{14C47441-480E-4616-AD36-9272AC10FC37}.Release|ARM.Deploy.0 = Release|x64
		{14C47441-480E-4616-AD36-9272AC10FC37}.Release|ARM64.ActiveCfg = Release|arm64
		{14C47441-480E-4616-AD36-9272AC10FC37}.Release|ARM64.Build.0 = Release|arm64
		{14C47441-480E-4616-AD36-9272AC10FC37}.Release|ARM64.Deploy.0 = Release|arm64
		{14C47441-480E-4616-AD36-9272AC10FC37}.Release|iPhone.ActiveCfg = Release|x64
		{14C47441-480E-4616-AD36-9272AC10FC37}.Release|iPhone.Build.0 = Release|x64
		{14C47441-480E-4616-AD36-9272AC10FC37}.Release|iPhone.Deploy.0 = Release|x64
		{14C47441-480E-4616-AD36-9272AC10FC37}.Release|iPhoneSimulator.ActiveCfg = Release|x64
		{14C47441-480E-4616-AD36-9272AC10FC37}.Release|iPhoneSimulator.Build.0 = Release|x64
		{14C47441-480E-4616-AD36-9272AC10FC37}.Release|iPhoneSimulator.Deploy.0 = Release|x64
		{14C47441-480E-4616-AD36-9272AC10FC37}.Release|x64.ActiveCfg = Release|x64
		{14C47441-480E-4616-AD36-9272AC10FC37}.Release|x64.Build.0 = Release|x64
		{14C47441-480E-4616-AD36-9272AC10FC37}.Release|x64.Deploy.0 = Release|x64
		{14C47441-480E-4616-AD36-9272AC10FC37}.Release|x86.ActiveCfg = Release|x86
		{14C47441-480E-4616-AD36-9272AC10FC37}.Release|x86.Build.0 = Release|x86
		{14C47441-480E-4616-AD36-9272AC10FC37}.Release|x86.Deploy.0 = Release|x86
		{A4402D87-CC10-452B-80EC-978EC462F15D}.Ad-Hoc|Any CPU.ActiveCfg = Debug|Any CPU
		{A4402D87-CC10-452B-80EC-978EC462F15D}.Ad-Hoc|Any CPU.Build.0 = Debug|Any CPU
		{A4402D87-CC10-452B-80EC-978EC462F15D}.Ad-Hoc|ARM.ActiveCfg = Debug|Any CPU
		{A4402D87-CC10-452B-80EC-978EC462F15D}.Ad-Hoc|ARM.Build.0 = Debug|Any CPU
		{A4402D87-CC10-452B-80EC-978EC462F15D}.Ad-Hoc|ARM64.ActiveCfg = Debug|Any CPU
		{A4402D87-CC10-452B-80EC-978EC462F15D}.Ad-Hoc|ARM64.Build.0 = Debug|Any CPU
		{A4402D87-CC10-452B-80EC-978EC462F15D}.Ad-Hoc|iPhone.ActiveCfg = Debug|Any CPU
		{A4402D87-CC10-452B-80EC-978EC462F15D}.Ad-Hoc|iPhone.Build.0 = Debug|Any CPU
		{A4402D87-CC10-452B-80EC-978EC462F15D}.Ad-Hoc|iPhoneSimulator.ActiveCfg = Debug|Any CPU
		{A4402D87-CC10-452B-80EC-978EC462F15D}.Ad-Hoc|iPhoneSimulator.Build.0 = Debug|Any CPU
		{A4402D87-CC10-452B-80EC-978EC462F15D}.Ad-Hoc|x64.ActiveCfg = Debug|Any CPU
		{A4402D87-CC10-452B-80EC-978EC462F15D}.Ad-Hoc|x64.Build.0 = Debug|Any CPU
		{A4402D87-CC10-452B-80EC-978EC462F15D}.Ad-Hoc|x86.ActiveCfg = Debug|Any CPU
		{A4402D87-CC10-452B-80EC-978EC462F15D}.Ad-Hoc|x86.Build.0 = Debug|Any CPU
		{A4402D87-CC10-452B-80EC-978EC462F15D}.AppStore|Any CPU.ActiveCfg = Debug|Any CPU
		{A4402D87-CC10-452B-80EC-978EC462F15D}.AppStore|Any CPU.Build.0 = Debug|Any CPU
		{A4402D87-CC10-452B-80EC-978EC462F15D}.AppStore|ARM.ActiveCfg = Debug|Any CPU
		{A4402D87-CC10-452B-80EC-978EC462F15D}.AppStore|ARM.Build.0 = Debug|Any CPU
		{A4402D87-CC10-452B-80EC-978EC462F15D}.AppStore|ARM64.ActiveCfg = Debug|Any CPU
		{A4402D87-CC10-452B-80EC-978EC462F15D}.AppStore|ARM64.Build.0 = Debug|Any CPU
		{A4402D87-CC10-452B-80EC-978EC462F15D}.AppStore|iPhone.ActiveCfg = Debug|Any CPU
		{A4402D87-CC10-452B-80EC-978EC462F15D}.AppStore|iPhone.Build.0 = Debug|Any CPU
		{A4402D87-CC10-452B-80EC-978EC462F15D}.AppStore|iPhoneSimulator.ActiveCfg = Debug|Any CPU
		{A4402D87-CC10-452B-80EC-978EC462F15D}.AppStore|iPhoneSimulator.Build.0 = Debug|Any CPU
		{A4402D87-CC10-452B-80EC-978EC462F15D}.AppStore|x64.ActiveCfg = Debug|Any CPU
		{A4402D87-CC10-452B-80EC-978EC462F15D}.AppStore|x64.Build.0 = Debug|Any CPU
		{A4402D87-CC10-452B-80EC-978EC462F15D}.AppStore|x86.ActiveCfg = Debug|Any CPU
		{A4402D87-CC10-452B-80EC-978EC462F15D}.AppStore|x86.Build.0 = Debug|Any CPU
		{A4402D87-CC10-452B-80EC-978EC462F15D}.Debug|Any CPU.ActiveCfg = Debug|Any CPU
		{A4402D87-CC10-452B-80EC-978EC462F15D}.Debug|Any CPU.Build.0 = Debug|Any CPU
		{A4402D87-CC10-452B-80EC-978EC462F15D}.Debug|ARM.ActiveCfg = Debug|Any CPU
		{A4402D87-CC10-452B-80EC-978EC462F15D}.Debug|ARM.Build.0 = Debug|Any CPU
		{A4402D87-CC10-452B-80EC-978EC462F15D}.Debug|ARM64.ActiveCfg = Debug|Any CPU
		{A4402D87-CC10-452B-80EC-978EC462F15D}.Debug|ARM64.Build.0 = Debug|Any CPU
		{A4402D87-CC10-452B-80EC-978EC462F15D}.Debug|iPhone.ActiveCfg = Debug|Any CPU
		{A4402D87-CC10-452B-80EC-978EC462F15D}.Debug|iPhone.Build.0 = Debug|Any CPU
		{A4402D87-CC10-452B-80EC-978EC462F15D}.Debug|iPhoneSimulator.ActiveCfg = Debug|Any CPU
		{A4402D87-CC10-452B-80EC-978EC462F15D}.Debug|iPhoneSimulator.Build.0 = Debug|Any CPU
		{A4402D87-CC10-452B-80EC-978EC462F15D}.Debug|x64.ActiveCfg = Debug|Any CPU
		{A4402D87-CC10-452B-80EC-978EC462F15D}.Debug|x64.Build.0 = Debug|Any CPU
		{A4402D87-CC10-452B-80EC-978EC462F15D}.Debug|x86.ActiveCfg = Debug|Any CPU
		{A4402D87-CC10-452B-80EC-978EC462F15D}.Debug|x86.Build.0 = Debug|Any CPU
		{A4402D87-CC10-452B-80EC-978EC462F15D}.Release|Any CPU.ActiveCfg = Release|Any CPU
		{A4402D87-CC10-452B-80EC-978EC462F15D}.Release|Any CPU.Build.0 = Release|Any CPU
		{A4402D87-CC10-452B-80EC-978EC462F15D}.Release|ARM.ActiveCfg = Release|Any CPU
		{A4402D87-CC10-452B-80EC-978EC462F15D}.Release|ARM.Build.0 = Release|Any CPU
		{A4402D87-CC10-452B-80EC-978EC462F15D}.Release|ARM64.ActiveCfg = Release|Any CPU
		{A4402D87-CC10-452B-80EC-978EC462F15D}.Release|ARM64.Build.0 = Release|Any CPU
		{A4402D87-CC10-452B-80EC-978EC462F15D}.Release|iPhone.ActiveCfg = Release|Any CPU
		{A4402D87-CC10-452B-80EC-978EC462F15D}.Release|iPhone.Build.0 = Release|Any CPU
		{A4402D87-CC10-452B-80EC-978EC462F15D}.Release|iPhoneSimulator.ActiveCfg = Release|Any CPU
		{A4402D87-CC10-452B-80EC-978EC462F15D}.Release|iPhoneSimulator.Build.0 = Release|Any CPU
		{A4402D87-CC10-452B-80EC-978EC462F15D}.Release|x64.ActiveCfg = Release|Any CPU
		{A4402D87-CC10-452B-80EC-978EC462F15D}.Release|x64.Build.0 = Release|Any CPU
		{A4402D87-CC10-452B-80EC-978EC462F15D}.Release|x86.ActiveCfg = Release|Any CPU
		{A4402D87-CC10-452B-80EC-978EC462F15D}.Release|x86.Build.0 = Release|Any CPU
		{92443913-1E34-4D4B-8286-D904992F7403}.Ad-Hoc|Any CPU.ActiveCfg = Debug|Any CPU
		{92443913-1E34-4D4B-8286-D904992F7403}.Ad-Hoc|Any CPU.Build.0 = Debug|Any CPU
		{92443913-1E34-4D4B-8286-D904992F7403}.Ad-Hoc|ARM.ActiveCfg = Debug|Any CPU
		{92443913-1E34-4D4B-8286-D904992F7403}.Ad-Hoc|ARM.Build.0 = Debug|Any CPU
		{92443913-1E34-4D4B-8286-D904992F7403}.Ad-Hoc|ARM64.ActiveCfg = Debug|Any CPU
		{92443913-1E34-4D4B-8286-D904992F7403}.Ad-Hoc|ARM64.Build.0 = Debug|Any CPU
		{92443913-1E34-4D4B-8286-D904992F7403}.Ad-Hoc|iPhone.ActiveCfg = Debug|Any CPU
		{92443913-1E34-4D4B-8286-D904992F7403}.Ad-Hoc|iPhone.Build.0 = Debug|Any CPU
		{92443913-1E34-4D4B-8286-D904992F7403}.Ad-Hoc|iPhoneSimulator.ActiveCfg = Debug|Any CPU
		{92443913-1E34-4D4B-8286-D904992F7403}.Ad-Hoc|iPhoneSimulator.Build.0 = Debug|Any CPU
		{92443913-1E34-4D4B-8286-D904992F7403}.Ad-Hoc|x64.ActiveCfg = Debug|Any CPU
		{92443913-1E34-4D4B-8286-D904992F7403}.Ad-Hoc|x64.Build.0 = Debug|Any CPU
		{92443913-1E34-4D4B-8286-D904992F7403}.Ad-Hoc|x86.ActiveCfg = Debug|Any CPU
		{92443913-1E34-4D4B-8286-D904992F7403}.Ad-Hoc|x86.Build.0 = Debug|Any CPU
		{92443913-1E34-4D4B-8286-D904992F7403}.AppStore|Any CPU.ActiveCfg = Debug|Any CPU
		{92443913-1E34-4D4B-8286-D904992F7403}.AppStore|Any CPU.Build.0 = Debug|Any CPU
		{92443913-1E34-4D4B-8286-D904992F7403}.AppStore|ARM.ActiveCfg = Debug|Any CPU
		{92443913-1E34-4D4B-8286-D904992F7403}.AppStore|ARM.Build.0 = Debug|Any CPU
		{92443913-1E34-4D4B-8286-D904992F7403}.AppStore|ARM64.ActiveCfg = Debug|Any CPU
		{92443913-1E34-4D4B-8286-D904992F7403}.AppStore|ARM64.Build.0 = Debug|Any CPU
		{92443913-1E34-4D4B-8286-D904992F7403}.AppStore|iPhone.ActiveCfg = Debug|Any CPU
		{92443913-1E34-4D4B-8286-D904992F7403}.AppStore|iPhone.Build.0 = Debug|Any CPU
		{92443913-1E34-4D4B-8286-D904992F7403}.AppStore|iPhoneSimulator.ActiveCfg = Debug|Any CPU
		{92443913-1E34-4D4B-8286-D904992F7403}.AppStore|iPhoneSimulator.Build.0 = Debug|Any CPU
		{92443913-1E34-4D4B-8286-D904992F7403}.AppStore|x64.ActiveCfg = Debug|Any CPU
		{92443913-1E34-4D4B-8286-D904992F7403}.AppStore|x64.Build.0 = Debug|Any CPU
		{92443913-1E34-4D4B-8286-D904992F7403}.AppStore|x86.ActiveCfg = Debug|Any CPU
		{92443913-1E34-4D4B-8286-D904992F7403}.AppStore|x86.Build.0 = Debug|Any CPU
		{92443913-1E34-4D4B-8286-D904992F7403}.Debug|Any CPU.ActiveCfg = Debug|Any CPU
		{92443913-1E34-4D4B-8286-D904992F7403}.Debug|Any CPU.Build.0 = Debug|Any CPU
		{92443913-1E34-4D4B-8286-D904992F7403}.Debug|ARM.ActiveCfg = Debug|Any CPU
		{92443913-1E34-4D4B-8286-D904992F7403}.Debug|ARM.Build.0 = Debug|Any CPU
		{92443913-1E34-4D4B-8286-D904992F7403}.Debug|ARM64.ActiveCfg = Debug|Any CPU
		{92443913-1E34-4D4B-8286-D904992F7403}.Debug|ARM64.Build.0 = Debug|Any CPU
		{92443913-1E34-4D4B-8286-D904992F7403}.Debug|iPhone.ActiveCfg = Debug|Any CPU
		{92443913-1E34-4D4B-8286-D904992F7403}.Debug|iPhone.Build.0 = Debug|Any CPU
		{92443913-1E34-4D4B-8286-D904992F7403}.Debug|iPhoneSimulator.ActiveCfg = Debug|Any CPU
		{92443913-1E34-4D4B-8286-D904992F7403}.Debug|iPhoneSimulator.Build.0 = Debug|Any CPU
		{92443913-1E34-4D4B-8286-D904992F7403}.Debug|x64.ActiveCfg = Debug|Any CPU
		{92443913-1E34-4D4B-8286-D904992F7403}.Debug|x64.Build.0 = Debug|Any CPU
		{92443913-1E34-4D4B-8286-D904992F7403}.Debug|x86.ActiveCfg = Debug|Any CPU
		{92443913-1E34-4D4B-8286-D904992F7403}.Debug|x86.Build.0 = Debug|Any CPU
		{92443913-1E34-4D4B-8286-D904992F7403}.Release|Any CPU.ActiveCfg = Release|Any CPU
		{92443913-1E34-4D4B-8286-D904992F7403}.Release|Any CPU.Build.0 = Release|Any CPU
		{92443913-1E34-4D4B-8286-D904992F7403}.Release|ARM.ActiveCfg = Release|Any CPU
		{92443913-1E34-4D4B-8286-D904992F7403}.Release|ARM.Build.0 = Release|Any CPU
		{92443913-1E34-4D4B-8286-D904992F7403}.Release|ARM64.ActiveCfg = Release|Any CPU
		{92443913-1E34-4D4B-8286-D904992F7403}.Release|ARM64.Build.0 = Release|Any CPU
		{92443913-1E34-4D4B-8286-D904992F7403}.Release|iPhone.ActiveCfg = Release|Any CPU
		{92443913-1E34-4D4B-8286-D904992F7403}.Release|iPhone.Build.0 = Release|Any CPU
		{92443913-1E34-4D4B-8286-D904992F7403}.Release|iPhoneSimulator.ActiveCfg = Release|Any CPU
		{92443913-1E34-4D4B-8286-D904992F7403}.Release|iPhoneSimulator.Build.0 = Release|Any CPU
		{92443913-1E34-4D4B-8286-D904992F7403}.Release|x64.ActiveCfg = Release|Any CPU
		{92443913-1E34-4D4B-8286-D904992F7403}.Release|x64.Build.0 = Release|Any CPU
		{92443913-1E34-4D4B-8286-D904992F7403}.Release|x86.ActiveCfg = Release|Any CPU
		{92443913-1E34-4D4B-8286-D904992F7403}.Release|x86.Build.0 = Release|Any CPU
		{00C9A3F1-28C2-4572-A0C2-A47AD1A0C7C1}.Ad-Hoc|Any CPU.ActiveCfg = Debug|Any CPU
		{00C9A3F1-28C2-4572-A0C2-A47AD1A0C7C1}.Ad-Hoc|Any CPU.Build.0 = Debug|Any CPU
		{00C9A3F1-28C2-4572-A0C2-A47AD1A0C7C1}.Ad-Hoc|ARM.ActiveCfg = Debug|Any CPU
		{00C9A3F1-28C2-4572-A0C2-A47AD1A0C7C1}.Ad-Hoc|ARM.Build.0 = Debug|Any CPU
		{00C9A3F1-28C2-4572-A0C2-A47AD1A0C7C1}.Ad-Hoc|ARM64.ActiveCfg = Debug|Any CPU
		{00C9A3F1-28C2-4572-A0C2-A47AD1A0C7C1}.Ad-Hoc|ARM64.Build.0 = Debug|Any CPU
		{00C9A3F1-28C2-4572-A0C2-A47AD1A0C7C1}.Ad-Hoc|iPhone.ActiveCfg = Debug|Any CPU
		{00C9A3F1-28C2-4572-A0C2-A47AD1A0C7C1}.Ad-Hoc|iPhone.Build.0 = Debug|Any CPU
		{00C9A3F1-28C2-4572-A0C2-A47AD1A0C7C1}.Ad-Hoc|iPhoneSimulator.ActiveCfg = Debug|Any CPU
		{00C9A3F1-28C2-4572-A0C2-A47AD1A0C7C1}.Ad-Hoc|iPhoneSimulator.Build.0 = Debug|Any CPU
		{00C9A3F1-28C2-4572-A0C2-A47AD1A0C7C1}.Ad-Hoc|x64.ActiveCfg = Debug|Any CPU
		{00C9A3F1-28C2-4572-A0C2-A47AD1A0C7C1}.Ad-Hoc|x64.Build.0 = Debug|Any CPU
		{00C9A3F1-28C2-4572-A0C2-A47AD1A0C7C1}.Ad-Hoc|x86.ActiveCfg = Debug|Any CPU
		{00C9A3F1-28C2-4572-A0C2-A47AD1A0C7C1}.Ad-Hoc|x86.Build.0 = Debug|Any CPU
		{00C9A3F1-28C2-4572-A0C2-A47AD1A0C7C1}.AppStore|Any CPU.ActiveCfg = Debug|Any CPU
		{00C9A3F1-28C2-4572-A0C2-A47AD1A0C7C1}.AppStore|Any CPU.Build.0 = Debug|Any CPU
		{00C9A3F1-28C2-4572-A0C2-A47AD1A0C7C1}.AppStore|ARM.ActiveCfg = Debug|Any CPU
		{00C9A3F1-28C2-4572-A0C2-A47AD1A0C7C1}.AppStore|ARM.Build.0 = Debug|Any CPU
		{00C9A3F1-28C2-4572-A0C2-A47AD1A0C7C1}.AppStore|ARM64.ActiveCfg = Debug|Any CPU
		{00C9A3F1-28C2-4572-A0C2-A47AD1A0C7C1}.AppStore|ARM64.Build.0 = Debug|Any CPU
		{00C9A3F1-28C2-4572-A0C2-A47AD1A0C7C1}.AppStore|iPhone.ActiveCfg = Debug|Any CPU
		{00C9A3F1-28C2-4572-A0C2-A47AD1A0C7C1}.AppStore|iPhone.Build.0 = Debug|Any CPU
		{00C9A3F1-28C2-4572-A0C2-A47AD1A0C7C1}.AppStore|iPhoneSimulator.ActiveCfg = Debug|Any CPU
		{00C9A3F1-28C2-4572-A0C2-A47AD1A0C7C1}.AppStore|iPhoneSimulator.Build.0 = Debug|Any CPU
		{00C9A3F1-28C2-4572-A0C2-A47AD1A0C7C1}.AppStore|x64.ActiveCfg = Debug|Any CPU
		{00C9A3F1-28C2-4572-A0C2-A47AD1A0C7C1}.AppStore|x64.Build.0 = Debug|Any CPU
		{00C9A3F1-28C2-4572-A0C2-A47AD1A0C7C1}.AppStore|x86.ActiveCfg = Debug|Any CPU
		{00C9A3F1-28C2-4572-A0C2-A47AD1A0C7C1}.AppStore|x86.Build.0 = Debug|Any CPU
		{00C9A3F1-28C2-4572-A0C2-A47AD1A0C7C1}.Debug|Any CPU.ActiveCfg = Debug|Any CPU
		{00C9A3F1-28C2-4572-A0C2-A47AD1A0C7C1}.Debug|Any CPU.Build.0 = Debug|Any CPU
		{00C9A3F1-28C2-4572-A0C2-A47AD1A0C7C1}.Debug|ARM.ActiveCfg = Debug|Any CPU
		{00C9A3F1-28C2-4572-A0C2-A47AD1A0C7C1}.Debug|ARM.Build.0 = Debug|Any CPU
		{00C9A3F1-28C2-4572-A0C2-A47AD1A0C7C1}.Debug|ARM64.ActiveCfg = Debug|Any CPU
		{00C9A3F1-28C2-4572-A0C2-A47AD1A0C7C1}.Debug|ARM64.Build.0 = Debug|Any CPU
		{00C9A3F1-28C2-4572-A0C2-A47AD1A0C7C1}.Debug|iPhone.ActiveCfg = Debug|Any CPU
		{00C9A3F1-28C2-4572-A0C2-A47AD1A0C7C1}.Debug|iPhone.Build.0 = Debug|Any CPU
		{00C9A3F1-28C2-4572-A0C2-A47AD1A0C7C1}.Debug|iPhoneSimulator.ActiveCfg = Debug|Any CPU
		{00C9A3F1-28C2-4572-A0C2-A47AD1A0C7C1}.Debug|iPhoneSimulator.Build.0 = Debug|Any CPU
		{00C9A3F1-28C2-4572-A0C2-A47AD1A0C7C1}.Debug|x64.ActiveCfg = Debug|Any CPU
		{00C9A3F1-28C2-4572-A0C2-A47AD1A0C7C1}.Debug|x64.Build.0 = Debug|Any CPU
		{00C9A3F1-28C2-4572-A0C2-A47AD1A0C7C1}.Debug|x86.ActiveCfg = Debug|Any CPU
		{00C9A3F1-28C2-4572-A0C2-A47AD1A0C7C1}.Debug|x86.Build.0 = Debug|Any CPU
		{00C9A3F1-28C2-4572-A0C2-A47AD1A0C7C1}.Release|Any CPU.ActiveCfg = Release|Any CPU
		{00C9A3F1-28C2-4572-A0C2-A47AD1A0C7C1}.Release|Any CPU.Build.0 = Release|Any CPU
		{00C9A3F1-28C2-4572-A0C2-A47AD1A0C7C1}.Release|ARM.ActiveCfg = Release|Any CPU
		{00C9A3F1-28C2-4572-A0C2-A47AD1A0C7C1}.Release|ARM.Build.0 = Release|Any CPU
		{00C9A3F1-28C2-4572-A0C2-A47AD1A0C7C1}.Release|ARM64.ActiveCfg = Release|Any CPU
		{00C9A3F1-28C2-4572-A0C2-A47AD1A0C7C1}.Release|ARM64.Build.0 = Release|Any CPU
		{00C9A3F1-28C2-4572-A0C2-A47AD1A0C7C1}.Release|iPhone.ActiveCfg = Release|Any CPU
		{00C9A3F1-28C2-4572-A0C2-A47AD1A0C7C1}.Release|iPhone.Build.0 = Release|Any CPU
		{00C9A3F1-28C2-4572-A0C2-A47AD1A0C7C1}.Release|iPhoneSimulator.ActiveCfg = Release|Any CPU
		{00C9A3F1-28C2-4572-A0C2-A47AD1A0C7C1}.Release|iPhoneSimulator.Build.0 = Release|Any CPU
		{00C9A3F1-28C2-4572-A0C2-A47AD1A0C7C1}.Release|x64.ActiveCfg = Release|Any CPU
		{00C9A3F1-28C2-4572-A0C2-A47AD1A0C7C1}.Release|x64.Build.0 = Release|Any CPU
		{00C9A3F1-28C2-4572-A0C2-A47AD1A0C7C1}.Release|x86.ActiveCfg = Release|Any CPU
		{00C9A3F1-28C2-4572-A0C2-A47AD1A0C7C1}.Release|x86.Build.0 = Release|Any CPU
	EndGlobalSection
	GlobalSection(SolutionProperties) = preSolution
		HideSolutionNode = FALSE
	EndGlobalSection
	GlobalSection(NestedProjects) = preSolution
		{DFBE0862-4346-4D0C-AEC6-F215F3FA5F11} = {09D1C1E1-8994-4ADF-A188-C733B644B32F}
		{14C47441-480E-4616-AD36-9272AC10FC37} = {09D1C1E1-8994-4ADF-A188-C733B644B32F}
		{746587E0-B8E4-4A78-A7EA-DBC356367712} = {3D7ECDD0-9063-451D-BC68-011EDC6ADF16}
		{A4402D87-CC10-452B-80EC-978EC462F15D} = {3D7ECDD0-9063-451D-BC68-011EDC6ADF16}
		{92443913-1E34-4D4B-8286-D904992F7403} = {3D7ECDD0-9063-451D-BC68-011EDC6ADF16}
		{00C9A3F1-28C2-4572-A0C2-A47AD1A0C7C1} = {3D7ECDD0-9063-451D-BC68-011EDC6ADF16}
	EndGlobalSection
	GlobalSection(ExtensibilityGlobals) = postSolution
		SolutionGuid = {5166460A-9264-4ED6-8623-11F9D9D2412D}
	EndGlobalSection
	GlobalSection(SharedMSBuildProjectFiles) = preSolution
		Samples\Samples.Shared.Views\Samples.Shared.Views.projitems*{14c47441-480e-4616-ad36-9272ac10fc37}*SharedItemsImports = 5
		Samples\Samples.Shared.Views\Samples.Shared.Views.projitems*{746587e0-b8e4-4a78-a7ea-dbc356367712}*SharedItemsImports = 13
		Samples\Samples.Shared.Views\Samples.Shared.Views.projitems*{dfbe0862-4346-4d0c-aec6-f215f3fa5f11}*SharedItemsImports = 5
	EndGlobalSection
EndGlobal
